PODS:
  - moa (11.0.1)
  - RxBlocking (5.0.0):
    - RxSwift (~> 5)
  - RxCocoa (5.0.0):
    - RxRelay (~> 5)
    - RxSwift (~> 5)
  - RxFlow (2.3.0):
    - RxCocoa (>= 5.0.0)
    - RxSwift (>= 5.0.0)
  - RxRelay (5.0.0):
    - RxSwift (~> 5)
  - RxSwift (5.0.0)
  - RxTest (5.0.0):
    - RxSwift (~> 5)
  - SCLayoutKit (1.0.0)
  - SCServiceKit (1.0.1):
    - RxSwift (>= 4.5.0)
    - SwiftyBeaver (>= 1.7.0)
  - SCUIBuildKit (1.0.1)
  - Swifter (1.4.6)
  - SwiftyBeaver (1.7.0)
  - Swinject (2.6.0)

DEPENDENCIES:
  - moa
  - RxBlocking
  - RxCocoa
  - RxFlow
  - RxSwift
  - RxTest
  - SCLayoutKit
  - SCServiceKit
  - SCUIBuildKit
  - Swifter
  - Swinject

SPEC REPOS:
  https://github.com/cocoapods/specs.git:
    - moa
    - RxBlocking
    - RxCocoa
    - RxFlow
    - RxRelay
    - RxSwift
    - RxTest
    - SCLayoutKit
    - SCServiceKit
    - SCUIBuildKit
    - Swifter
    - SwiftyBeaver
    - Swinject

SPEC CHECKSUMS:
  moa: a26c4e97c7ac9345e87c4bb999e85116c8ec0310
  RxBlocking: c67185d26498ea3cbe3e121917c3c16739e43123
  RxCocoa: fcf32050ac00d801f34a7f71d5e8e7f23026dcd8
  RxFlow: ee6f1fdbacfa4ca8926122e466dfba32e3edf73f
  RxRelay: 4f7409406a51a55cd88483f21ed898c234d60f18
  RxSwift: 8b0671caa829a763bbce7271095859121cbd895f
  RxTest: 4349afe98f564e0a9bc19063368904622d17d49a
  SCLayoutKit: 866df3eec20b5f38bb4afb52efde16447f242e68
  SCServiceKit: dc1bca393d7f49495f3a03138d906fff7688e3d6
  SCUIBuildKit: eba68561be2eb70313934f0063518a017b9b6dac
  Swifter: 2ed278fbf7b16cbe97269eb56d8e8749b1ec4042
  SwiftyBeaver: 4cc0080d2e23f980652e28978db11a5c9da39165
  Swinject: 48a96cda93633cf2860697b4ce76ab5db9ebaca2

PODFILE CHECKSUM: 3a297343f5575f6b30bbb2be4a17c3b8269790aa

COCOAPODS: 1.6.1
