// !$*UTF8*$!
{
	archiveVersion = 1;
	classes = {
	};
	objectVersion = 50;
	objects = {

/* Begin PBXBuildFile section */
		224128154EC1FDDA232D8680 /* Pods_RemakeStoreTests.framework in Frameworks */ = {isa = PBXBuildFile; fileRef = 6EA642B7F65A96A55E74E669 /* Pods_RemakeStoreTests.framework */; };
		290D7EC5227978370099A3C0 /* Swifter.framework in Frameworks */ = {isa = PBXBuildFile; fileRef = 290D7EC4227978370099A3C0 /* Swifter.framework */; };
		2910AC342278B5E500EC7A77 /* AppDelegate.swift in Sources */ = {isa = PBXBuildFile; fileRef = 2910AC332278B5E500EC7A77 /* AppDelegate.swift */; };
		2910AC3B2278B5E600EC7A77 /* Assets.xcassets in Resources */ = {isa = PBXBuildFile; fileRef = 2910AC3A2278B5E600EC7A77 /* Assets.xcassets */; };
		2910AC3E2278B5E600EC7A77 /* LaunchScreen.storyboard in Resources */ = {isa = PBXBuildFile; fileRef = 2910AC3C2278B5E600EC7A77 /* LaunchScreen.storyboard */; };
		2910AC492278B5E600EC7A77 /* RemakeStoreTests.swift in Sources */ = {isa = PBXBuildFile; fileRef = 2910AC482278B5E600EC7A77 /* RemakeStoreTests.swift */; };
		29428FC2227D82AE00BD688D /* DashboardController.swift in Sources */ = {isa = PBXBuildFile; fileRef = 29428FC1227D82AE00BD688D /* DashboardController.swift */; };
		29428FC4227D833F00BD688D /* UINavigationControllerStyleSpec.swift in Sources */ = {isa = PBXBuildFile; fileRef = 29428FC3227D833F00BD688D /* UINavigationControllerStyleSpec.swift */; };
		29428FC8227D854B00BD688D /* BaseFlowSpec.swift in Sources */ = {isa = PBXBuildFile; fileRef = 29428FC7227D854B00BD688D /* BaseFlowSpec.swift */; };
		29428FCC227D85A100BD688D /* BaseFlowMock.swift in Sources */ = {isa = PBXBuildFile; fileRef = 29428FCA227D859D00BD688D /* BaseFlowMock.swift */; };
		29428FD0227D861900BD688D /* TestStepMock.swift in Sources */ = {isa = PBXBuildFile; fileRef = 29428FCE227D861600BD688D /* TestStepMock.swift */; };
		29428FD3227D86CC00BD688D /* TestControllerStepper.swift in Sources */ = {isa = PBXBuildFile; fileRef = 29428FD1227D86C800BD688D /* TestControllerStepper.swift */; };
		2958077B227CD2FA00C0CE4D /* ObserableTypeSpec.swift in Sources */ = {isa = PBXBuildFile; fileRef = 2958077A227CD2FA00C0CE4D /* ObserableTypeSpec.swift */; };
		2958077D227CD30B00C0CE4D /* UIViewControllerRxSpec.swift in Sources */ = {isa = PBXBuildFile; fileRef = 2958077C227CD30B00C0CE4D /* UIViewControllerRxSpec.swift */; };
		29602B752278D0EE00A3A4B8 /* SwiftyBeaver.framework in Frameworks */ = {isa = PBXBuildFile; fileRef = 29602B722278D0EE00A3A4B8 /* SwiftyBeaver.framework */; };
		29602B762278D0EE00A3A4B8 /* RxSwift.framework in Frameworks */ = {isa = PBXBuildFile; fileRef = 29602B732278D0EE00A3A4B8 /* RxSwift.framework */; };
		29602B772278D0EE00A3A4B8 /* RxFlow.framework in Frameworks */ = {isa = PBXBuildFile; fileRef = 29602B742278D0EE00A3A4B8 /* RxFlow.framework */; };
		29602B792278D12500A3A4B8 /* RxCocoa.framework in Frameworks */ = {isa = PBXBuildFile; fileRef = 29602B782278D12500A3A4B8 /* RxCocoa.framework */; };
		29602B7B2278D16300A3A4B8 /* Swinject.framework in Frameworks */ = {isa = PBXBuildFile; fileRef = 29602B7A2278D16300A3A4B8 /* Swinject.framework */; };
		29602B7C2278D1A200A3A4B8 /* RxCocoa.framework in Frameworks */ = {isa = PBXBuildFile; fileRef = 29602B782278D12500A3A4B8 /* RxCocoa.framework */; };
		29602B7D2278D1A200A3A4B8 /* RxSwift.framework in Frameworks */ = {isa = PBXBuildFile; fileRef = 29602B732278D0EE00A3A4B8 /* RxSwift.framework */; };
		29602B812278D1A200A3A4B8 /* RxTest.framework in Frameworks */ = {isa = PBXBuildFile; fileRef = 29602B802278D1A200A3A4B8 /* RxTest.framework */; };
		29602B852278D25100A3A4B8 /* RxFlow.framework in Frameworks */ = {isa = PBXBuildFile; fileRef = 29602B742278D0EE00A3A4B8 /* RxFlow.framework */; };
		2972BD58227CC335007AFB9C /* TestCollectionViewCellMock.swift in Sources */ = {isa = PBXBuildFile; fileRef = 2972BD56227CC32A007AFB9C /* TestCollectionViewCellMock.swift */; };
		2972BD5E227CC8CC007AFB9C /* CellContentClassIdentifiableUICViewSpec.swift in Sources */ = {isa = PBXBuildFile; fileRef = 2972BD5D227CC8CC007AFB9C /* CellContentClassIdentifiableUICViewSpec.swift */; };
		29738CDF227DA4A1001D58FB /* SearchController.swift in Sources */ = {isa = PBXBuildFile; fileRef = 29738CDD227DA4A1001D58FB /* SearchController.swift */; };
		29738CE0227DA4A1001D58FB /* SearchViewModel.swift in Sources */ = {isa = PBXBuildFile; fileRef = 29738CDE227DA4A1001D58FB /* SearchViewModel.swift */; };
		29738CE2227DA4C1001D58FB /* SearchFlow.swift in Sources */ = {isa = PBXBuildFile; fileRef = 29738CE1227DA4C1001D58FB /* SearchFlow.swift */; };
		29738CE4227DA4DA001D58FB /* SearchDIContainter.swift in Sources */ = {isa = PBXBuildFile; fileRef = 29738CE3227DA4DA001D58FB /* SearchDIContainter.swift */; };
		2989A918227CCA8B0088A221 /* CellContentClassIdentifiableUITViewSpec.swift in Sources */ = {isa = PBXBuildFile; fileRef = 2989A917227CCA8B0088A221 /* CellContentClassIdentifiableUITViewSpec.swift */; };
		2989A91A227CCAC30088A221 /* TestTableViewCellMock.swift in Sources */ = {isa = PBXBuildFile; fileRef = 2989A919227CCAC30088A221 /* TestTableViewCellMock.swift */; };
		2989A91C227CD0160088A221 /* OptionalTypeSpec.swift in Sources */ = {isa = PBXBuildFile; fileRef = 2989A91B227CD0160088A221 /* OptionalTypeSpec.swift */; };
		29CEA6F72283EAC800EE07E3 /* SearchRepository.swift in Sources */ = {isa = PBXBuildFile; fileRef = 29CEA6F62283EAC800EE07E3 /* SearchRepository.swift */; };
		29CEA6FE2284806C00EE07E3 /* AppDetailController.swift in Sources */ = {isa = PBXBuildFile; fileRef = 29CEA6FD2284806C00EE07E3 /* AppDetailController.swift */; };
		29CEA7002284807700EE07E3 /* AppDetailViewModel.swift in Sources */ = {isa = PBXBuildFile; fileRef = 29CEA6FF2284807700EE07E3 /* AppDetailViewModel.swift */; };
		29E00AB3227C07B3004A7A49 /* env.plist in Resources */ = {isa = PBXBuildFile; fileRef = 29E00AB2227C07B3004A7A49 /* env.plist */; };
		29E8A56D227C229600E7A894 /* EnvConfigModel.swift in Sources */ = {isa = PBXBuildFile; fileRef = 29E8A568227C229600E7A894 /* EnvConfigModel.swift */; };
		29E8A583227C2F8800E7A894 /* Service.swift in Sources */ = {isa = PBXBuildFile; fileRef = 29E8A57E227C2F8800E7A894 /* Service.swift */; };
		29E8A584227C2F8800E7A894 /* AppHTTPErrorHandler.swift in Sources */ = {isa = PBXBuildFile; fileRef = 29E8A580227C2F8800E7A894 /* AppHTTPErrorHandler.swift */; };
		29E8A586227C2F8800E7A894 /* AppService.swift in Sources */ = {isa = PBXBuildFile; fileRef = 29E8A582227C2F8800E7A894 /* AppService.swift */; };
		29E8A587227C328300E7A894 /* AppHTTPErrorHandlerSpec.swift in Sources */ = {isa = PBXBuildFile; fileRef = 29E8A581227C2F8800E7A894 /* AppHTTPErrorHandlerSpec.swift */; };
		29E8A58E227C35B500E7A894 /* ServiceDIContainer.swift in Sources */ = {isa = PBXBuildFile; fileRef = 29E8A58B227C35B500E7A894 /* ServiceDIContainer.swift */; };
		29E8A58F227C35B500E7A894 /* DIContainer.swift in Sources */ = {isa = PBXBuildFile; fileRef = 29E8A58C227C35B500E7A894 /* DIContainer.swift */; };
		7E39B4750707C25E8752C4EC /* Pods_RemakeStore.framework in Frameworks */ = {isa = PBXBuildFile; fileRef = 00F17B09FB33BFB70FF6346E /* Pods_RemakeStore.framework */; };
		F426E05E41424F7041613D9D /* MusicViewModel.swift in Sources */ = {isa = PBXBuildFile; fileRef = F426E28696FBD75101E119DC /* MusicViewModel.swift */; };
		F426E05FB71D3E681C84F1E8 /* CellContentClassIdentifiable.swift in Sources */ = {isa = PBXBuildFile; fileRef = F426E45D37734DAA3D653DDA /* CellContentClassIdentifiable.swift */; };
		F426E0829D5EDFE77106D866 /* ServiceViewModel.swift in Sources */ = {isa = PBXBuildFile; fileRef = F426E2E6995DF074FBDC65C8 /* ServiceViewModel.swift */; };
		F426E0C82F4C470D374CDA9F /* AppsViewModel.swift in Sources */ = {isa = PBXBuildFile; fileRef = F426EA8A86DC998F7DEF22D8 /* AppsViewModel.swift */; };
		F426E10BA0E91C1FA7A02198 /* SearchEndpoint.swift in Sources */ = {isa = PBXBuildFile; fileRef = F426E420F6EDDF7D725798DF /* SearchEndpoint.swift */; };
		F426E179835F2AD9CE6A1C59 /* AppDetailReadParameter.swift in Sources */ = {isa = PBXBuildFile; fileRef = F426E8D201E9D79D7DAE2744 /* AppDetailReadParameter.swift */; };
		F426E21FAC5399583A05D724 /* ViewModelBasedCollectionViewCellMock.swift in Sources */ = {isa = PBXBuildFile; fileRef = F426E0B330BE0A3CB95F0758 /* ViewModelBasedCollectionViewCellMock.swift */; };
		F426E2520BA6D57858561BB4 /* BaseControllerSpec.swift in Sources */ = {isa = PBXBuildFile; fileRef = F426E78FE228C55AAA47206B /* BaseControllerSpec.swift */; };
		F426E25CC11196E852B490FA /* BaseCollectionViewCell.swift in Sources */ = {isa = PBXBuildFile; fileRef = F426ECA4692F5FA9533E3C88 /* BaseCollectionViewCell.swift */; };
		F426E2CA1A882C63D3B1E165 /* Theme.swift in Sources */ = {isa = PBXBuildFile; fileRef = F426E440DCBF8BDB60A28573 /* Theme.swift */; };
		F426E30F296F0F3EED25C0AA /* LaunchStepper.swift in Sources */ = {isa = PBXBuildFile; fileRef = F426E57862B529221A8E6C09 /* LaunchStepper.swift */; };
		F426E32F98A2A6AC1B14BA2C /* LookupViewModel.swift in Sources */ = {isa = PBXBuildFile; fileRef = F426ECF4466C908866DEC93B /* LookupViewModel.swift */; };
		F426E3357E9504C38D8BE3CE /* ReviewCell.swift in Sources */ = {isa = PBXBuildFile; fileRef = F426EDB7E1C88C975DE994FD /* ReviewCell.swift */; };
		F426E36096F36BEAEFB79C53 /* SearchReadParameter.swift in Sources */ = {isa = PBXBuildFile; fileRef = F426EBE7E849A7EF1A7ABA86 /* SearchReadParameter.swift */; };
		F426E38CDE646CD2D3CE8DE2 /* DefaultTheme+Font.swift in Sources */ = {isa = PBXBuildFile; fileRef = F426E837FBFDC52CAF4E9017 /* DefaultTheme+Font.swift */; };
		F426E391267915EFDA28CD53 /* SearchResultView.swift in Sources */ = {isa = PBXBuildFile; fileRef = F426EEDD4FB709D5F719561F /* SearchResultView.swift */; };
		F426E464418FE9904729BFEC /* AppsController.swift in Sources */ = {isa = PBXBuildFile; fileRef = F426E20016AB7016900E4215 /* AppsController.swift */; };
		F426E485E6308350B4388387 /* OptionalType.swift in Sources */ = {isa = PBXBuildFile; fileRef = F426E51382E167C7A6658AD4 /* OptionalType.swift */; };
		F426E4D6A156FB59B54C5B5F /* AppDetailCell.swift in Sources */ = {isa = PBXBuildFile; fileRef = F426EEBB5398854754484078 /* AppDetailCell.swift */; };
		F426E4EF199346EEC7EBFB97 /* ScreenshotCell.swift in Sources */ = {isa = PBXBuildFile; fileRef = F426E8D70FA591EECC54ED90 /* ScreenshotCell.swift */; };
		F426E4FA707BDDFD7C821DAD /* TodayDIContainer.swift in Sources */ = {isa = PBXBuildFile; fileRef = F426EEED0DD47BD52266F147 /* TodayDIContainer.swift */; };
		F426E50D6DCF9031D1C6C4F8 /* PreviewScreenshotsView.swift in Sources */ = {isa = PBXBuildFile; fileRef = F426EA56C4D0791B6BBE2B7C /* PreviewScreenshotsView.swift */; };
		F426E519AB2C066645E5444B /* TodayController.swift in Sources */ = {isa = PBXBuildFile; fileRef = F426ED048BA6149140C83A59 /* TodayController.swift */; };
		F426E5BD3000DF98382F1770 /* AppDetailResultView.swift in Sources */ = {isa = PBXBuildFile; fileRef = F426E9E5E27FA3F985392C26 /* AppDetailResultView.swift */; };
		F426E5FAE2D41B21650EC751 /* ReviewListView.swift in Sources */ = {isa = PBXBuildFile; fileRef = F426E222E508A49332F48150 /* ReviewListView.swift */; };
		F426E651C955FA717E0F0BB6 /* DefaultTheme+Color.swift in Sources */ = {isa = PBXBuildFile; fileRef = F426E39D97D070862697231C /* DefaultTheme+Color.swift */; };
		F426E6865EDCB456BF005BA4 /* ViewModelBasedCRViewCellMock.swift in Sources */ = {isa = PBXBuildFile; fileRef = F426E59FE1D942DE95E5219F /* ViewModelBasedCRViewCellMock.swift */; };
		F426E6B2DFB79CBEB1CE2B74 /* RootFlow.swift in Sources */ = {isa = PBXBuildFile; fileRef = F426E98B13FD64316E62EC01 /* RootFlow.swift */; };
		F426E72FEECE484347EFF674 /* UIViewController+Rx.swift in Sources */ = {isa = PBXBuildFile; fileRef = F426EDE5921522C249C40EC2 /* UIViewController+Rx.swift */; };
		F426E75BE487CB5267798A4A /* AppDetailEndpoint.swift in Sources */ = {isa = PBXBuildFile; fileRef = F426E4D6D40932473B5DA93B /* AppDetailEndpoint.swift */; };
		F426E75C2F22160DE6CCBA6E /* MusicDIContainer.swift in Sources */ = {isa = PBXBuildFile; fileRef = F426E78BE2038658FC3AC421 /* MusicDIContainer.swift */; };
		F426E7EE21760A18F855A629 /* ViewModelBaseViewController.swift in Sources */ = {isa = PBXBuildFile; fileRef = F426EDF0748720C9EB77DCEA /* ViewModelBaseViewController.swift */; };
		F426E80AB55665828F6F6885 /* AppsDIContainer.swift in Sources */ = {isa = PBXBuildFile; fileRef = F426EF432FA9442E84078ADD /* AppsDIContainer.swift */; };
		F426E83CC9FB1E7089127B6D /* BaseCollectionView.swift in Sources */ = {isa = PBXBuildFile; fileRef = F426E6A28DDE15B97BA3212D /* BaseCollectionView.swift */; };
		F426E851D91130C4A75CA69B /* PropertyListDecoderDecodableSpec.swift in Sources */ = {isa = PBXBuildFile; fileRef = F426ECB82348F1DC9DF93155 /* PropertyListDecoderDecodableSpec.swift */; };
		F426E88646CBA7CBB74BF3CB /* BaseCollectionVIewMock.swift in Sources */ = {isa = PBXBuildFile; fileRef = F426E9C5F2E82A6689D7DFAD /* BaseCollectionVIewMock.swift */; };
		F426E8DBE735A9DA2AAEA3AE /* ObserableType.swift in Sources */ = {isa = PBXBuildFile; fileRef = F426EF485A10492571F67174 /* ObserableType.swift */; };
		F426E92CE77C334D41F54574 /* ViewModelBase.swift in Sources */ = {isa = PBXBuildFile; fileRef = F426E99BBBFA0B4DAE5A1E95 /* ViewModelBase.swift */; };
		F426E977F1F27E9BFDAB8492 /* FlowContributor+AppStep.swift in Sources */ = {isa = PBXBuildFile; fileRef = F426E96A2DFF80C49F38C592 /* FlowContributor+AppStep.swift */; };
		F426E98400CE2377738F6D39 /* AppStep.swift in Sources */ = {isa = PBXBuildFile; fileRef = F426E80E6DB9428149B9B55D /* AppStep.swift */; };
		F426E9F89E91B97976DC09CA /* HorizontalSnappingLayout.swift in Sources */ = {isa = PBXBuildFile; fileRef = F426E0591679BE3B229B0FCD /* HorizontalSnappingLayout.swift */; };
		F426EA47088D319BB0B235CA /* PropertyListDecoder+Decodable.swift in Sources */ = {isa = PBXBuildFile; fileRef = F426E5D5DAF942F15B29F8F0 /* PropertyListDecoder+Decodable.swift */; };
		F426EA706614B94DDDF231EB /* MusicFlow.swift in Sources */ = {isa = PBXBuildFile; fileRef = F426EE011039147A4A77BB8B /* MusicFlow.swift */; };
		F426EACBF3A582FB8A89D1F2 /* BaseCollectionViewSpec.swift in Sources */ = {isa = PBXBuildFile; fileRef = F426E938497457A4244A65FC /* BaseCollectionViewSpec.swift */; };
		F426EB00AA28C81A5EB819F9 /* AppsFlow.swift in Sources */ = {isa = PBXBuildFile; fileRef = F426EFE48D7B01D3301ECC8E /* AppsFlow.swift */; };
		F426EBBF38E95363ECFF8972 /* UINavigationController+Style.swift in Sources */ = {isa = PBXBuildFile; fileRef = F426E5A87F25EDE8C6E3E887 /* UINavigationController+Style.swift */; };
		F426EBD3C06776B83F176681 /* BaseFlow.swift in Sources */ = {isa = PBXBuildFile; fileRef = F426EE1D12DFDFC271D26642 /* BaseFlow.swift */; };
		F426EC05484DCF782B76EB4C /* LaunchFlow.swift in Sources */ = {isa = PBXBuildFile; fileRef = F426EC3E6DCB31BF85B980F7 /* LaunchFlow.swift */; };
		F426EC12CA58E8184CAE1D4C /* TodayFlow.swift in Sources */ = {isa = PBXBuildFile; fileRef = F426EA2334CBF801451A764E /* TodayFlow.swift */; };
		F426EC294912A790E834A808 /* ReviewRowCell.swift in Sources */ = {isa = PBXBuildFile; fileRef = F426E16A541D56003DA93915 /* ReviewRowCell.swift */; };
		F426EC76E75469218E9BA62A /* AppResult.swift in Sources */ = {isa = PBXBuildFile; fileRef = F426E0C589261181C405C3F4 /* AppResult.swift */; };
		F426ECC4553C54864A1E2BAC /* TestViewModelMock.swift in Sources */ = {isa = PBXBuildFile; fileRef = F426E41FDF99415E5008F5E7 /* TestViewModelMock.swift */; };
		F426ED085E1ECC4C35B57943 /* AppDetailDIContainer.swift in Sources */ = {isa = PBXBuildFile; fileRef = F426E8E3FD9EE2A483F64CF3 /* AppDetailDIContainer.swift */; };
		F426ED4149576EF7ADAA0C5A /* PreviewCell.swift in Sources */ = {isa = PBXBuildFile; fileRef = F426EC0764D5A86BE940A3E2 /* PreviewCell.swift */; };
		F426ED5822CA81793AB831D2 /* DashboardFlow.swift in Sources */ = {isa = PBXBuildFile; fileRef = F426E5F31CBE1FACB35E8BA1 /* DashboardFlow.swift */; };
		F426ED9C7394B1FBA81EDDB1 /* ServiceViewModelMock.swift in Sources */ = {isa = PBXBuildFile; fileRef = F426EACE9964CDC23285C0AA /* ServiceViewModelMock.swift */; };
		F426EDA5CFCD42FA71EF2CC2 /* ViewModelBasedTableViewCellMock.swift in Sources */ = {isa = PBXBuildFile; fileRef = F426E8F514E5DD15DB5B8D89 /* ViewModelBasedTableViewCellMock.swift */; };
		F426EDE56EC184AD7572DDFE /* DefaultTheme.swift in Sources */ = {isa = PBXBuildFile; fileRef = F426E4D038F940DA89285322 /* DefaultTheme.swift */; };
		F426EE4F8804868379A171BF /* CellContentClassIdentifiable+UICollectionView.swift in Sources */ = {isa = PBXBuildFile; fileRef = F426E378DF998F809450C613 /* CellContentClassIdentifiable+UICollectionView.swift */; };
		F426EE8ACEAFB0BB14F93513 /* UIButton+Rx.swift in Sources */ = {isa = PBXBuildFile; fileRef = F426EDA56EF2FD19773DAF01 /* UIButton+Rx.swift */; };
		F426EEBC30EFD509BBB1ADDD /* TodayViewModel.swift in Sources */ = {isa = PBXBuildFile; fileRef = F426EA07B7FE30016BECBBEB /* TodayViewModel.swift */; };
		F426EECC2FCF75C89A0350D5 /* CellContentClassIdentifiable+UITableView.swift in Sources */ = {isa = PBXBuildFile; fileRef = F426E7837EE8B7B1E88D452B /* CellContentClassIdentifiable+UITableView.swift */; };
		F426EF32B8148F412E37CB89 /* ViewModelBaseSpec.swift in Sources */ = {isa = PBXBuildFile; fileRef = F426EDEEF408AF355C375669 /* ViewModelBaseSpec.swift */; };
		F426EF3D8D2AAF11B18FB790 /* RxUIImageView+moa.swift in Sources */ = {isa = PBXBuildFile; fileRef = F426ECD783034BE29ED4C9BD /* RxUIImageView+moa.swift */; };
		F426EF51D46E77CDFD731E8D /* SearchResultCell.swift in Sources */ = {isa = PBXBuildFile; fileRef = F426E6DB7DEBCA49942079FD /* SearchResultCell.swift */; };
		F426EF6D95C5A44513D23686 /* BaseController.swift in Sources */ = {isa = PBXBuildFile; fileRef = F426EB5D6693C705F336268F /* BaseController.swift */; };
		F426EFD70569C0BBDE429237 /* MusicController.swift in Sources */ = {isa = PBXBuildFile; fileRef = F426EB50B112BD0CC06F0587 /* MusicController.swift */; };
		F426EFDA21A18A09F2996DFE /* AppDetailRepository.swift in Sources */ = {isa = PBXBuildFile; fileRef = F426E385DCBD87045FEE9EC3 /* AppDetailRepository.swift */; };
/* End PBXBuildFile section */

/* Begin PBXContainerItemProxy section */
		2910AC452278B5E600EC7A77 /* PBXContainerItemProxy */ = {
			isa = PBXContainerItemProxy;
			containerPortal = 2910AC282278B5E500EC7A77 /* Project object */;
			proxyType = 1;
			remoteGlobalIDString = 2910AC2F2278B5E500EC7A77;
			remoteInfo = RemakeStore;
		};
/* End PBXContainerItemProxy section */

/* Begin PBXCopyFilesBuildPhase section */
		29E00A20227BCE61004A7A49 /* Embed Frameworks */ = {
			isa = PBXCopyFilesBuildPhase;
			buildActionMask = 2147483647;
			dstPath = "";
			dstSubfolderSpec = 10;
			files = (
			);
			name = "Embed Frameworks";
			runOnlyForDeploymentPostprocessing = 0;
		};
/* End PBXCopyFilesBuildPhase section */

/* Begin PBXFileReference section */
		00F17B09FB33BFB70FF6346E /* Pods_RemakeStore.framework */ = {isa = PBXFileReference; explicitFileType = wrapper.framework; includeInIndex = 0; path = Pods_RemakeStore.framework; sourceTree = BUILT_PRODUCTS_DIR; };
		12B93A2258B0454197B400C7 /* Pods-RemakeStoreTests.debug.xcconfig */ = {isa = PBXFileReference; includeInIndex = 1; lastKnownFileType = text.xcconfig; name = "Pods-RemakeStoreTests.debug.xcconfig"; path = "Target Support Files/Pods-RemakeStoreTests/Pods-RemakeStoreTests.debug.xcconfig"; sourceTree = "<group>"; };
		290D7EC4227978370099A3C0 /* Swifter.framework */ = {isa = PBXFileReference; lastKnownFileType = wrapper.framework; name = Swifter.framework; path = Carthage/Build/iOS/Swifter.framework; sourceTree = "<group>"; };
		2910AC302278B5E500EC7A77 /* RemakeStore.app */ = {isa = PBXFileReference; explicitFileType = wrapper.application; includeInIndex = 0; path = RemakeStore.app; sourceTree = BUILT_PRODUCTS_DIR; };
		2910AC332278B5E500EC7A77 /* AppDelegate.swift */ = {isa = PBXFileReference; lastKnownFileType = sourcecode.swift; path = AppDelegate.swift; sourceTree = "<group>"; };
		2910AC3A2278B5E600EC7A77 /* Assets.xcassets */ = {isa = PBXFileReference; lastKnownFileType = folder.assetcatalog; path = Assets.xcassets; sourceTree = "<group>"; };
		2910AC3D2278B5E600EC7A77 /* Base */ = {isa = PBXFileReference; lastKnownFileType = file.storyboard; name = Base; path = Base.lproj/LaunchScreen.storyboard; sourceTree = "<group>"; };
		2910AC3F2278B5E600EC7A77 /* Info.plist */ = {isa = PBXFileReference; lastKnownFileType = text.plist.xml; path = Info.plist; sourceTree = "<group>"; };
		2910AC442278B5E600EC7A77 /* RemakeStoreTests.xctest */ = {isa = PBXFileReference; explicitFileType = wrapper.cfbundle; includeInIndex = 0; path = RemakeStoreTests.xctest; sourceTree = BUILT_PRODUCTS_DIR; };
		2910AC482278B5E600EC7A77 /* RemakeStoreTests.swift */ = {isa = PBXFileReference; lastKnownFileType = sourcecode.swift; path = RemakeStoreTests.swift; sourceTree = "<group>"; };
		2910AC4A2278B5E600EC7A77 /* Info.plist */ = {isa = PBXFileReference; lastKnownFileType = text.plist.xml; path = Info.plist; sourceTree = "<group>"; };
		29428FC1227D82AE00BD688D /* DashboardController.swift */ = {isa = PBXFileReference; fileEncoding = 4; lastKnownFileType = sourcecode.swift; path = DashboardController.swift; sourceTree = "<group>"; };
		29428FC3227D833F00BD688D /* UINavigationControllerStyleSpec.swift */ = {isa = PBXFileReference; lastKnownFileType = sourcecode.swift; path = UINavigationControllerStyleSpec.swift; sourceTree = "<group>"; };
		29428FC7227D854B00BD688D /* BaseFlowSpec.swift */ = {isa = PBXFileReference; lastKnownFileType = sourcecode.swift; path = BaseFlowSpec.swift; sourceTree = "<group>"; };
		29428FCA227D859D00BD688D /* BaseFlowMock.swift */ = {isa = PBXFileReference; lastKnownFileType = sourcecode.swift; path = BaseFlowMock.swift; sourceTree = "<group>"; };
		29428FCE227D861600BD688D /* TestStepMock.swift */ = {isa = PBXFileReference; lastKnownFileType = sourcecode.swift; path = TestStepMock.swift; sourceTree = "<group>"; };
		29428FD1227D86C800BD688D /* TestControllerStepper.swift */ = {isa = PBXFileReference; lastKnownFileType = sourcecode.swift; path = TestControllerStepper.swift; sourceTree = "<group>"; };
		2958077A227CD2FA00C0CE4D /* ObserableTypeSpec.swift */ = {isa = PBXFileReference; lastKnownFileType = sourcecode.swift; path = ObserableTypeSpec.swift; sourceTree = "<group>"; };
		2958077C227CD30B00C0CE4D /* UIViewControllerRxSpec.swift */ = {isa = PBXFileReference; lastKnownFileType = sourcecode.swift; path = UIViewControllerRxSpec.swift; sourceTree = "<group>"; };
		29602B722278D0EE00A3A4B8 /* SwiftyBeaver.framework */ = {isa = PBXFileReference; lastKnownFileType = wrapper.framework; name = SwiftyBeaver.framework; path = Carthage/Build/iOS/SwiftyBeaver.framework; sourceTree = "<group>"; };
		29602B732278D0EE00A3A4B8 /* RxSwift.framework */ = {isa = PBXFileReference; lastKnownFileType = wrapper.framework; name = RxSwift.framework; path = Carthage/Build/iOS/RxSwift.framework; sourceTree = "<group>"; };
		29602B742278D0EE00A3A4B8 /* RxFlow.framework */ = {isa = PBXFileReference; lastKnownFileType = wrapper.framework; name = RxFlow.framework; path = Carthage/Build/iOS/RxFlow.framework; sourceTree = "<group>"; };
		29602B782278D12500A3A4B8 /* RxCocoa.framework */ = {isa = PBXFileReference; lastKnownFileType = wrapper.framework; name = RxCocoa.framework; path = Carthage/Build/iOS/RxCocoa.framework; sourceTree = "<group>"; };
		29602B7A2278D16300A3A4B8 /* Swinject.framework */ = {isa = PBXFileReference; lastKnownFileType = wrapper.framework; name = Swinject.framework; path = Carthage/Build/iOS/Swinject.framework; sourceTree = "<group>"; };
		29602B802278D1A200A3A4B8 /* RxTest.framework */ = {isa = PBXFileReference; lastKnownFileType = wrapper.framework; name = RxTest.framework; path = Carthage/Build/iOS/RxTest.framework; sourceTree = "<group>"; };
		29602B822278D1C900A3A4B8 /* RxBlocking.framework */ = {isa = PBXFileReference; lastKnownFileType = wrapper.framework; name = RxBlocking.framework; path = Carthage/Build/iOS/RxBlocking.framework; sourceTree = "<group>"; };
		2972BD56227CC32A007AFB9C /* TestCollectionViewCellMock.swift */ = {isa = PBXFileReference; lastKnownFileType = sourcecode.swift; path = TestCollectionViewCellMock.swift; sourceTree = "<group>"; };
		2972BD5D227CC8CC007AFB9C /* CellContentClassIdentifiableUICViewSpec.swift */ = {isa = PBXFileReference; lastKnownFileType = sourcecode.swift; path = CellContentClassIdentifiableUICViewSpec.swift; sourceTree = "<group>"; };
		29738CDD227DA4A1001D58FB /* SearchController.swift */ = {isa = PBXFileReference; fileEncoding = 4; lastKnownFileType = sourcecode.swift; path = SearchController.swift; sourceTree = "<group>"; };
		29738CDE227DA4A1001D58FB /* SearchViewModel.swift */ = {isa = PBXFileReference; fileEncoding = 4; lastKnownFileType = sourcecode.swift; path = SearchViewModel.swift; sourceTree = "<group>"; };
		29738CE1227DA4C1001D58FB /* SearchFlow.swift */ = {isa = PBXFileReference; fileEncoding = 4; lastKnownFileType = sourcecode.swift; path = SearchFlow.swift; sourceTree = "<group>"; };
		29738CE3227DA4DA001D58FB /* SearchDIContainter.swift */ = {isa = PBXFileReference; fileEncoding = 4; lastKnownFileType = sourcecode.swift; path = SearchDIContainter.swift; sourceTree = "<group>"; };
		2989A917227CCA8B0088A221 /* CellContentClassIdentifiableUITViewSpec.swift */ = {isa = PBXFileReference; lastKnownFileType = sourcecode.swift; path = CellContentClassIdentifiableUITViewSpec.swift; sourceTree = "<group>"; };
		2989A919227CCAC30088A221 /* TestTableViewCellMock.swift */ = {isa = PBXFileReference; lastKnownFileType = sourcecode.swift; path = TestTableViewCellMock.swift; sourceTree = "<group>"; };
		2989A91B227CD0160088A221 /* OptionalTypeSpec.swift */ = {isa = PBXFileReference; lastKnownFileType = sourcecode.swift; path = OptionalTypeSpec.swift; sourceTree = "<group>"; };
		29CEA6F62283EAC800EE07E3 /* SearchRepository.swift */ = {isa = PBXFileReference; lastKnownFileType = sourcecode.swift; path = SearchRepository.swift; sourceTree = "<group>"; };
		29CEA6FD2284806C00EE07E3 /* AppDetailController.swift */ = {isa = PBXFileReference; lastKnownFileType = sourcecode.swift; path = AppDetailController.swift; sourceTree = "<group>"; };
		29CEA6FF2284807700EE07E3 /* AppDetailViewModel.swift */ = {isa = PBXFileReference; lastKnownFileType = sourcecode.swift; path = AppDetailViewModel.swift; sourceTree = "<group>"; };
		29E009F7227BCD04004A7A49 /* SCServiceKit.framework */ = {isa = PBXFileReference; explicitFileType = wrapper.framework; path = SCServiceKit.framework; sourceTree = BUILT_PRODUCTS_DIR; };
		29E00AB2227C07B3004A7A49 /* env.plist */ = {isa = PBXFileReference; lastKnownFileType = text.plist.xml; path = env.plist; sourceTree = "<group>"; };
		29E8A568227C229600E7A894 /* EnvConfigModel.swift */ = {isa = PBXFileReference; fileEncoding = 4; lastKnownFileType = sourcecode.swift; path = EnvConfigModel.swift; sourceTree = "<group>"; };
		29E8A57E227C2F8800E7A894 /* Service.swift */ = {isa = PBXFileReference; fileEncoding = 4; lastKnownFileType = sourcecode.swift; path = Service.swift; sourceTree = "<group>"; };
		29E8A580227C2F8800E7A894 /* AppHTTPErrorHandler.swift */ = {isa = PBXFileReference; fileEncoding = 4; lastKnownFileType = sourcecode.swift; path = AppHTTPErrorHandler.swift; sourceTree = "<group>"; };
		29E8A581227C2F8800E7A894 /* AppHTTPErrorHandlerSpec.swift */ = {isa = PBXFileReference; fileEncoding = 4; lastKnownFileType = sourcecode.swift; path = AppHTTPErrorHandlerSpec.swift; sourceTree = "<group>"; };
		29E8A582227C2F8800E7A894 /* AppService.swift */ = {isa = PBXFileReference; fileEncoding = 4; lastKnownFileType = sourcecode.swift; path = AppService.swift; sourceTree = "<group>"; };
		29E8A58B227C35B500E7A894 /* ServiceDIContainer.swift */ = {isa = PBXFileReference; fileEncoding = 4; lastKnownFileType = sourcecode.swift; path = ServiceDIContainer.swift; sourceTree = "<group>"; };
		29E8A58C227C35B500E7A894 /* DIContainer.swift */ = {isa = PBXFileReference; fileEncoding = 4; lastKnownFileType = sourcecode.swift; path = DIContainer.swift; sourceTree = "<group>"; };
		3AE607295A416CB3BDCA2517 /* Pods-SCLayoutKitTests.debug.xcconfig */ = {isa = PBXFileReference; includeInIndex = 1; lastKnownFileType = text.xcconfig; name = "Pods-SCLayoutKitTests.debug.xcconfig"; path = "Target Support Files/Pods-SCLayoutKitTests/Pods-SCLayoutKitTests.debug.xcconfig"; sourceTree = "<group>"; };
		4B9CDCD4CFBC3431449412BB /* Pods-SCLayoutKit.debug.xcconfig */ = {isa = PBXFileReference; includeInIndex = 1; lastKnownFileType = text.xcconfig; name = "Pods-SCLayoutKit.debug.xcconfig"; path = "Target Support Files/Pods-SCLayoutKit/Pods-SCLayoutKit.debug.xcconfig"; sourceTree = "<group>"; };
		63B0F0CE3F9AB1D91B913564 /* Pods-RemakeStore.release.xcconfig */ = {isa = PBXFileReference; includeInIndex = 1; lastKnownFileType = text.xcconfig; name = "Pods-RemakeStore.release.xcconfig"; path = "Target Support Files/Pods-RemakeStore/Pods-RemakeStore.release.xcconfig"; sourceTree = "<group>"; };
		6C0FD872D8D06941EEAFDA64 /* Pods-RemakeStoreTests.release.xcconfig */ = {isa = PBXFileReference; includeInIndex = 1; lastKnownFileType = text.xcconfig; name = "Pods-RemakeStoreTests.release.xcconfig"; path = "Target Support Files/Pods-RemakeStoreTests/Pods-RemakeStoreTests.release.xcconfig"; sourceTree = "<group>"; };
		6EA642B7F65A96A55E74E669 /* Pods_RemakeStoreTests.framework */ = {isa = PBXFileReference; explicitFileType = wrapper.framework; includeInIndex = 0; path = Pods_RemakeStoreTests.framework; sourceTree = BUILT_PRODUCTS_DIR; };
		80A4B86B249351959AAE339F /* Pods-RemakeStore.debug.xcconfig */ = {isa = PBXFileReference; includeInIndex = 1; lastKnownFileType = text.xcconfig; name = "Pods-RemakeStore.debug.xcconfig"; path = "Target Support Files/Pods-RemakeStore/Pods-RemakeStore.debug.xcconfig"; sourceTree = "<group>"; };
		9311E4A7C528512E19BA7FDD /* Pods-SCLayoutKitTests.release.xcconfig */ = {isa = PBXFileReference; includeInIndex = 1; lastKnownFileType = text.xcconfig; name = "Pods-SCLayoutKitTests.release.xcconfig"; path = "Target Support Files/Pods-SCLayoutKitTests/Pods-SCLayoutKitTests.release.xcconfig"; sourceTree = "<group>"; };
		98CD5987610F0C2F870A8F6B /* Pods_SCLayoutKitTests.framework */ = {isa = PBXFileReference; explicitFileType = wrapper.framework; includeInIndex = 0; path = Pods_SCLayoutKitTests.framework; sourceTree = BUILT_PRODUCTS_DIR; };
		CD03189BA0DC23ADEF339413 /* Pods_SCLayoutKit.framework */ = {isa = PBXFileReference; explicitFileType = wrapper.framework; includeInIndex = 0; path = Pods_SCLayoutKit.framework; sourceTree = BUILT_PRODUCTS_DIR; };
		D5CD1B364A7ED1EB199CCE0A /* Pods-SCLayoutKit.release.xcconfig */ = {isa = PBXFileReference; includeInIndex = 1; lastKnownFileType = text.xcconfig; name = "Pods-SCLayoutKit.release.xcconfig"; path = "Target Support Files/Pods-SCLayoutKit/Pods-SCLayoutKit.release.xcconfig"; sourceTree = "<group>"; };
		F426E0591679BE3B229B0FCD /* HorizontalSnappingLayout.swift */ = {isa = PBXFileReference; fileEncoding = 4; lastKnownFileType = sourcecode.swift; path = HorizontalSnappingLayout.swift; sourceTree = "<group>"; };
		F426E0B330BE0A3CB95F0758 /* ViewModelBasedCollectionViewCellMock.swift */ = {isa = PBXFileReference; fileEncoding = 4; lastKnownFileType = sourcecode.swift; path = ViewModelBasedCollectionViewCellMock.swift; sourceTree = "<group>"; };
		F426E0C589261181C405C3F4 /* AppResult.swift */ = {isa = PBXFileReference; fileEncoding = 4; lastKnownFileType = sourcecode.swift; path = AppResult.swift; sourceTree = "<group>"; };
		F426E16A541D56003DA93915 /* ReviewRowCell.swift */ = {isa = PBXFileReference; fileEncoding = 4; lastKnownFileType = sourcecode.swift; path = ReviewRowCell.swift; sourceTree = "<group>"; };
		F426E20016AB7016900E4215 /* AppsController.swift */ = {isa = PBXFileReference; fileEncoding = 4; lastKnownFileType = sourcecode.swift; path = AppsController.swift; sourceTree = "<group>"; };
		F426E222E508A49332F48150 /* ReviewListView.swift */ = {isa = PBXFileReference; fileEncoding = 4; lastKnownFileType = sourcecode.swift; path = ReviewListView.swift; sourceTree = "<group>"; };
		F426E28696FBD75101E119DC /* MusicViewModel.swift */ = {isa = PBXFileReference; fileEncoding = 4; lastKnownFileType = sourcecode.swift; path = MusicViewModel.swift; sourceTree = "<group>"; };
		F426E2E6995DF074FBDC65C8 /* ServiceViewModel.swift */ = {isa = PBXFileReference; fileEncoding = 4; lastKnownFileType = sourcecode.swift; path = ServiceViewModel.swift; sourceTree = "<group>"; };
		F426E378DF998F809450C613 /* CellContentClassIdentifiable+UICollectionView.swift */ = {isa = PBXFileReference; fileEncoding = 4; lastKnownFileType = sourcecode.swift; path = "CellContentClassIdentifiable+UICollectionView.swift"; sourceTree = "<group>"; };
		F426E385DCBD87045FEE9EC3 /* AppDetailRepository.swift */ = {isa = PBXFileReference; fileEncoding = 4; lastKnownFileType = sourcecode.swift; path = AppDetailRepository.swift; sourceTree = "<group>"; };
		F426E39D97D070862697231C /* DefaultTheme+Color.swift */ = {isa = PBXFileReference; fileEncoding = 4; lastKnownFileType = sourcecode.swift; path = "DefaultTheme+Color.swift"; sourceTree = "<group>"; };
		F426E41FDF99415E5008F5E7 /* TestViewModelMock.swift */ = {isa = PBXFileReference; fileEncoding = 4; lastKnownFileType = sourcecode.swift; path = TestViewModelMock.swift; sourceTree = "<group>"; };
		F426E420F6EDDF7D725798DF /* SearchEndpoint.swift */ = {isa = PBXFileReference; fileEncoding = 4; lastKnownFileType = sourcecode.swift; path = SearchEndpoint.swift; sourceTree = "<group>"; };
		F426E440DCBF8BDB60A28573 /* Theme.swift */ = {isa = PBXFileReference; fileEncoding = 4; lastKnownFileType = sourcecode.swift; path = Theme.swift; sourceTree = "<group>"; };
		F426E45D37734DAA3D653DDA /* CellContentClassIdentifiable.swift */ = {isa = PBXFileReference; fileEncoding = 4; lastKnownFileType = sourcecode.swift; path = CellContentClassIdentifiable.swift; sourceTree = "<group>"; };
		F426E4D038F940DA89285322 /* DefaultTheme.swift */ = {isa = PBXFileReference; fileEncoding = 4; lastKnownFileType = sourcecode.swift; path = DefaultTheme.swift; sourceTree = "<group>"; };
		F426E4D6D40932473B5DA93B /* AppDetailEndpoint.swift */ = {isa = PBXFileReference; fileEncoding = 4; lastKnownFileType = sourcecode.swift; path = AppDetailEndpoint.swift; sourceTree = "<group>"; };
		F426E51382E167C7A6658AD4 /* OptionalType.swift */ = {isa = PBXFileReference; fileEncoding = 4; lastKnownFileType = sourcecode.swift; path = OptionalType.swift; sourceTree = "<group>"; };
		F426E57862B529221A8E6C09 /* LaunchStepper.swift */ = {isa = PBXFileReference; fileEncoding = 4; lastKnownFileType = sourcecode.swift; path = LaunchStepper.swift; sourceTree = "<group>"; };
		F426E59FE1D942DE95E5219F /* ViewModelBasedCRViewCellMock.swift */ = {isa = PBXFileReference; fileEncoding = 4; lastKnownFileType = sourcecode.swift; path = ViewModelBasedCRViewCellMock.swift; sourceTree = "<group>"; };
		F426E5A87F25EDE8C6E3E887 /* UINavigationController+Style.swift */ = {isa = PBXFileReference; fileEncoding = 4; lastKnownFileType = sourcecode.swift; path = "UINavigationController+Style.swift"; sourceTree = "<group>"; };
		F426E5D5DAF942F15B29F8F0 /* PropertyListDecoder+Decodable.swift */ = {isa = PBXFileReference; fileEncoding = 4; lastKnownFileType = sourcecode.swift; path = "PropertyListDecoder+Decodable.swift"; sourceTree = "<group>"; };
		F426E5F31CBE1FACB35E8BA1 /* DashboardFlow.swift */ = {isa = PBXFileReference; fileEncoding = 4; lastKnownFileType = sourcecode.swift; path = DashboardFlow.swift; sourceTree = "<group>"; };
		F426E6A28DDE15B97BA3212D /* BaseCollectionView.swift */ = {isa = PBXFileReference; fileEncoding = 4; lastKnownFileType = sourcecode.swift; path = BaseCollectionView.swift; sourceTree = "<group>"; };
		F426E6DB7DEBCA49942079FD /* SearchResultCell.swift */ = {isa = PBXFileReference; fileEncoding = 4; lastKnownFileType = sourcecode.swift; path = SearchResultCell.swift; sourceTree = "<group>"; };
		F426E7837EE8B7B1E88D452B /* CellContentClassIdentifiable+UITableView.swift */ = {isa = PBXFileReference; fileEncoding = 4; lastKnownFileType = sourcecode.swift; path = "CellContentClassIdentifiable+UITableView.swift"; sourceTree = "<group>"; };
		F426E78BE2038658FC3AC421 /* MusicDIContainer.swift */ = {isa = PBXFileReference; fileEncoding = 4; lastKnownFileType = sourcecode.swift; path = MusicDIContainer.swift; sourceTree = "<group>"; };
		F426E78FE228C55AAA47206B /* BaseControllerSpec.swift */ = {isa = PBXFileReference; fileEncoding = 4; lastKnownFileType = sourcecode.swift; path = BaseControllerSpec.swift; sourceTree = "<group>"; };
		F426E80E6DB9428149B9B55D /* AppStep.swift */ = {isa = PBXFileReference; fileEncoding = 4; lastKnownFileType = sourcecode.swift; path = AppStep.swift; sourceTree = "<group>"; };
		F426E837FBFDC52CAF4E9017 /* DefaultTheme+Font.swift */ = {isa = PBXFileReference; fileEncoding = 4; lastKnownFileType = sourcecode.swift; path = "DefaultTheme+Font.swift"; sourceTree = "<group>"; };
		F426E8D201E9D79D7DAE2744 /* AppDetailReadParameter.swift */ = {isa = PBXFileReference; fileEncoding = 4; lastKnownFileType = sourcecode.swift; path = AppDetailReadParameter.swift; sourceTree = "<group>"; };
		F426E8D70FA591EECC54ED90 /* ScreenshotCell.swift */ = {isa = PBXFileReference; fileEncoding = 4; lastKnownFileType = sourcecode.swift; path = ScreenshotCell.swift; sourceTree = "<group>"; };
		F426E8E3FD9EE2A483F64CF3 /* AppDetailDIContainer.swift */ = {isa = PBXFileReference; fileEncoding = 4; lastKnownFileType = sourcecode.swift; path = AppDetailDIContainer.swift; sourceTree = "<group>"; };
		F426E8F514E5DD15DB5B8D89 /* ViewModelBasedTableViewCellMock.swift */ = {isa = PBXFileReference; fileEncoding = 4; lastKnownFileType = sourcecode.swift; path = ViewModelBasedTableViewCellMock.swift; sourceTree = "<group>"; };
		F426E938497457A4244A65FC /* BaseCollectionViewSpec.swift */ = {isa = PBXFileReference; fileEncoding = 4; lastKnownFileType = sourcecode.swift; path = BaseCollectionViewSpec.swift; sourceTree = "<group>"; };
		F426E96A2DFF80C49F38C592 /* FlowContributor+AppStep.swift */ = {isa = PBXFileReference; fileEncoding = 4; lastKnownFileType = sourcecode.swift; path = "FlowContributor+AppStep.swift"; sourceTree = "<group>"; };
		F426E98B13FD64316E62EC01 /* RootFlow.swift */ = {isa = PBXFileReference; fileEncoding = 4; lastKnownFileType = sourcecode.swift; path = RootFlow.swift; sourceTree = "<group>"; };
		F426E99BBBFA0B4DAE5A1E95 /* ViewModelBase.swift */ = {isa = PBXFileReference; fileEncoding = 4; lastKnownFileType = sourcecode.swift; path = ViewModelBase.swift; sourceTree = "<group>"; };
		F426E9C5F2E82A6689D7DFAD /* BaseCollectionVIewMock.swift */ = {isa = PBXFileReference; fileEncoding = 4; lastKnownFileType = sourcecode.swift; path = BaseCollectionVIewMock.swift; sourceTree = "<group>"; };
		F426E9E5E27FA3F985392C26 /* AppDetailResultView.swift */ = {isa = PBXFileReference; fileEncoding = 4; lastKnownFileType = sourcecode.swift; path = AppDetailResultView.swift; sourceTree = "<group>"; };
		F426EA07B7FE30016BECBBEB /* TodayViewModel.swift */ = {isa = PBXFileReference; fileEncoding = 4; lastKnownFileType = sourcecode.swift; path = TodayViewModel.swift; sourceTree = "<group>"; };
		F426EA2334CBF801451A764E /* TodayFlow.swift */ = {isa = PBXFileReference; fileEncoding = 4; lastKnownFileType = sourcecode.swift; path = TodayFlow.swift; sourceTree = "<group>"; };
		F426EA56C4D0791B6BBE2B7C /* PreviewScreenshotsView.swift */ = {isa = PBXFileReference; fileEncoding = 4; lastKnownFileType = sourcecode.swift; path = PreviewScreenshotsView.swift; sourceTree = "<group>"; };
		F426EA8A86DC998F7DEF22D8 /* AppsViewModel.swift */ = {isa = PBXFileReference; fileEncoding = 4; lastKnownFileType = sourcecode.swift; path = AppsViewModel.swift; sourceTree = "<group>"; };
		F426EACE9964CDC23285C0AA /* ServiceViewModelMock.swift */ = {isa = PBXFileReference; fileEncoding = 4; lastKnownFileType = sourcecode.swift; path = ServiceViewModelMock.swift; sourceTree = "<group>"; };
		F426EB50B112BD0CC06F0587 /* MusicController.swift */ = {isa = PBXFileReference; fileEncoding = 4; lastKnownFileType = sourcecode.swift; path = MusicController.swift; sourceTree = "<group>"; };
		F426EB5D6693C705F336268F /* BaseController.swift */ = {isa = PBXFileReference; fileEncoding = 4; lastKnownFileType = sourcecode.swift; path = BaseController.swift; sourceTree = "<group>"; };
		F426EBE7E849A7EF1A7ABA86 /* SearchReadParameter.swift */ = {isa = PBXFileReference; fileEncoding = 4; lastKnownFileType = sourcecode.swift; path = SearchReadParameter.swift; sourceTree = "<group>"; };
		F426EC0764D5A86BE940A3E2 /* PreviewCell.swift */ = {isa = PBXFileReference; fileEncoding = 4; lastKnownFileType = sourcecode.swift; path = PreviewCell.swift; sourceTree = "<group>"; };
		F426EC3E6DCB31BF85B980F7 /* LaunchFlow.swift */ = {isa = PBXFileReference; fileEncoding = 4; lastKnownFileType = sourcecode.swift; path = LaunchFlow.swift; sourceTree = "<group>"; };
		F426ECA4692F5FA9533E3C88 /* BaseCollectionViewCell.swift */ = {isa = PBXFileReference; fileEncoding = 4; lastKnownFileType = sourcecode.swift; path = BaseCollectionViewCell.swift; sourceTree = "<group>"; };
		F426ECB82348F1DC9DF93155 /* PropertyListDecoderDecodableSpec.swift */ = {isa = PBXFileReference; fileEncoding = 4; lastKnownFileType = sourcecode.swift; path = PropertyListDecoderDecodableSpec.swift; sourceTree = "<group>"; };
		F426ECD783034BE29ED4C9BD /* RxUIImageView+moa.swift */ = {isa = PBXFileReference; fileEncoding = 4; lastKnownFileType = sourcecode.swift; path = "RxUIImageView+moa.swift"; sourceTree = "<group>"; };
		F426ECF4466C908866DEC93B /* LookupViewModel.swift */ = {isa = PBXFileReference; fileEncoding = 4; lastKnownFileType = sourcecode.swift; path = LookupViewModel.swift; sourceTree = "<group>"; };
		F426ED048BA6149140C83A59 /* TodayController.swift */ = {isa = PBXFileReference; fileEncoding = 4; lastKnownFileType = sourcecode.swift; path = TodayController.swift; sourceTree = "<group>"; };
		F426EDA56EF2FD19773DAF01 /* UIButton+Rx.swift */ = {isa = PBXFileReference; fileEncoding = 4; lastKnownFileType = sourcecode.swift; path = "UIButton+Rx.swift"; sourceTree = "<group>"; };
		F426EDB7E1C88C975DE994FD /* ReviewCell.swift */ = {isa = PBXFileReference; fileEncoding = 4; lastKnownFileType = sourcecode.swift; path = ReviewCell.swift; sourceTree = "<group>"; };
		F426EDE5921522C249C40EC2 /* UIViewController+Rx.swift */ = {isa = PBXFileReference; fileEncoding = 4; lastKnownFileType = sourcecode.swift; path = "UIViewController+Rx.swift"; sourceTree = "<group>"; };
		F426EDEEF408AF355C375669 /* ViewModelBaseSpec.swift */ = {isa = PBXFileReference; fileEncoding = 4; lastKnownFileType = sourcecode.swift; path = ViewModelBaseSpec.swift; sourceTree = "<group>"; };
		F426EDF0748720C9EB77DCEA /* ViewModelBaseViewController.swift */ = {isa = PBXFileReference; fileEncoding = 4; lastKnownFileType = sourcecode.swift; path = ViewModelBaseViewController.swift; sourceTree = "<group>"; };
		F426EE011039147A4A77BB8B /* MusicFlow.swift */ = {isa = PBXFileReference; fileEncoding = 4; lastKnownFileType = sourcecode.swift; path = MusicFlow.swift; sourceTree = "<group>"; };
		F426EE1D12DFDFC271D26642 /* BaseFlow.swift */ = {isa = PBXFileReference; fileEncoding = 4; lastKnownFileType = sourcecode.swift; path = BaseFlow.swift; sourceTree = "<group>"; };
		F426EEBB5398854754484078 /* AppDetailCell.swift */ = {isa = PBXFileReference; fileEncoding = 4; lastKnownFileType = sourcecode.swift; path = AppDetailCell.swift; sourceTree = "<group>"; };
		F426EEDD4FB709D5F719561F /* SearchResultView.swift */ = {isa = PBXFileReference; fileEncoding = 4; lastKnownFileType = sourcecode.swift; path = SearchResultView.swift; sourceTree = "<group>"; };
		F426EEED0DD47BD52266F147 /* TodayDIContainer.swift */ = {isa = PBXFileReference; fileEncoding = 4; lastKnownFileType = sourcecode.swift; path = TodayDIContainer.swift; sourceTree = "<group>"; };
		F426EF432FA9442E84078ADD /* AppsDIContainer.swift */ = {isa = PBXFileReference; fileEncoding = 4; lastKnownFileType = sourcecode.swift; path = AppsDIContainer.swift; sourceTree = "<group>"; };
		F426EF485A10492571F67174 /* ObserableType.swift */ = {isa = PBXFileReference; fileEncoding = 4; lastKnownFileType = sourcecode.swift; path = ObserableType.swift; sourceTree = "<group>"; };
		F426EFE48D7B01D3301ECC8E /* AppsFlow.swift */ = {isa = PBXFileReference; fileEncoding = 4; lastKnownFileType = sourcecode.swift; path = AppsFlow.swift; sourceTree = "<group>"; };
/* End PBXFileReference section */

/* Begin PBXFrameworksBuildPhase section */
		2910AC2D2278B5E500EC7A77 /* Frameworks */ = {
			isa = PBXFrameworksBuildPhase;
			buildActionMask = 2147483647;
			files = (
				29602B7B2278D16300A3A4B8 /* Swinject.framework in Frameworks */,
				29602B792278D12500A3A4B8 /* RxCocoa.framework in Frameworks */,
				29602B752278D0EE00A3A4B8 /* SwiftyBeaver.framework in Frameworks */,
				29602B762278D0EE00A3A4B8 /* RxSwift.framework in Frameworks */,
				29602B772278D0EE00A3A4B8 /* RxFlow.framework in Frameworks */,
				7E39B4750707C25E8752C4EC /* Pods_RemakeStore.framework in Frameworks */,
			);
			runOnlyForDeploymentPostprocessing = 0;
		};
		2910AC412278B5E600EC7A77 /* Frameworks */ = {
			isa = PBXFrameworksBuildPhase;
			buildActionMask = 2147483647;
			files = (
				290D7EC5227978370099A3C0 /* Swifter.framework in Frameworks */,
				29602B852278D25100A3A4B8 /* RxFlow.framework in Frameworks */,
				29602B812278D1A200A3A4B8 /* RxTest.framework in Frameworks */,
				29602B7C2278D1A200A3A4B8 /* RxCocoa.framework in Frameworks */,
				29602B7D2278D1A200A3A4B8 /* RxSwift.framework in Frameworks */,
				224128154EC1FDDA232D8680 /* Pods_RemakeStoreTests.framework in Frameworks */,
			);
			runOnlyForDeploymentPostprocessing = 0;
		};
/* End PBXFrameworksBuildPhase section */

/* Begin PBXGroup section */
		2910AC272278B5E500EC7A77 = {
			isa = PBXGroup;
			children = (
				29602B712278D0EE00A3A4B8 /* Frameworks */,
				2910AC312278B5E500EC7A77 /* Products */,
				2910AC322278B5E500EC7A77 /* RemakeStore */,
				2910AC472278B5E600EC7A77 /* RemakeStoreTests */,
				74DA93D96DA30380D8FEF817 /* Pods */,
			);
			sourceTree = "<group>";
		};
		2910AC312278B5E500EC7A77 /* Products */ = {
			isa = PBXGroup;
			children = (
				2910AC302278B5E500EC7A77 /* RemakeStore.app */,
				2910AC442278B5E600EC7A77 /* RemakeStoreTests.xctest */,
			);
			name = Products;
			sourceTree = "<group>";
		};
		2910AC322278B5E500EC7A77 /* RemakeStore */ = {
			isa = PBXGroup;
			children = (
				2910AC332278B5E500EC7A77 /* AppDelegate.swift */,
				295933A1227CE82300B6D5CA /* Application */,
				29E8A565227C229600E7A894 /* Config */,
				F426EB3BE59931C3E8D7A992 /* Define */,
				29E8A588227C35B500E7A894 /* DIContainer */,
				29E8A576227C268600E7A894 /* Extensions */,
				295A82692278E4EE00F011C7 /* Flow */,
				29E8A57D227C2F8800E7A894 /* Service */,
				29602B862278D26900A3A4B8 /* zResource */,
				F426EF729C2C809759502963 /* Repository */,
				F426EF891333DE3C0516492C /* Entity */,
			);
			path = RemakeStore;
			sourceTree = "<group>";
		};
		2910AC472278B5E600EC7A77 /* RemakeStoreTests */ = {
			isa = PBXGroup;
			children = (
				2910AC482278B5E600EC7A77 /* RemakeStoreTests.swift */,
				2910AC4A2278B5E600EC7A77 /* Info.plist */,
			);
			path = RemakeStoreTests;
			sourceTree = "<group>";
		};
		29428FBF227D746C00BD688D /* UINavigationController */ = {
			isa = PBXGroup;
			children = (
				F426E5A87F25EDE8C6E3E887 /* UINavigationController+Style.swift */,
				29428FC3227D833F00BD688D /* UINavigationControllerStyleSpec.swift */,
			);
			path = UINavigationController;
			sourceTree = "<group>";
		};
		29428FC0227D82AE00BD688D /* Dashboard */ = {
			isa = PBXGroup;
			children = (
				29428FC1227D82AE00BD688D /* DashboardController.swift */,
			);
			path = Dashboard;
			sourceTree = "<group>";
		};
		29428FC9227D858D00BD688D /* Mock */ = {
			isa = PBXGroup;
			children = (
				29428FCA227D859D00BD688D /* BaseFlowMock.swift */,
			);
			path = Mock;
			sourceTree = "<group>";
		};
		29428FCD227D860A00BD688D /* Mock */ = {
			isa = PBXGroup;
			children = (
				29428FCE227D861600BD688D /* TestStepMock.swift */,
				29428FD1227D86C800BD688D /* TestControllerStepper.swift */,
			);
			path = Mock;
			sourceTree = "<group>";
		};
		295933A1227CE82300B6D5CA /* Application */ = {
			isa = PBXGroup;
			children = (
				295933A2227CE82300B6D5CA /* Scene */,
				F426E25660D04500FAFD59D4 /* view */,
				F426ED6C0EB800DD79697C69 /* zBase */,
				F426E071853C7A4626C07A0C /* Component */,
			);
			path = Application;
			sourceTree = "<group>";
		};
		295933A2227CE82300B6D5CA /* Scene */ = {
			isa = PBXGroup;
			children = (
				29CEA6FC2284804F00EE07E3 /* AppDetail */,
				29738CDC227DA4A1001D58FB /* Search */,
				29428FC0227D82AE00BD688D /* Dashboard */,
				F426E3689E91D381610F90B9 /* Today */,
				F426EAF00237A80AF48B04BB /* Music */,
				F426E79DBE315A2FB6D0A779 /* Apps */,
			);
			path = Scene;
			sourceTree = "<group>";
		};
		295A82692278E4EE00F011C7 /* Flow */ = {
			isa = PBXGroup;
			children = (
				F426E80E6DB9428149B9B55D /* AppStep.swift */,
				F426E98B13FD64316E62EC01 /* RootFlow.swift */,
				F426E093CF563732C7670957 /* Base */,
				295A826A2278E4EE00F011C7 /* Dashboard */,
				295A826B2278E4F600F011C7 /* Launch */,
				29428FCD227D860A00BD688D /* Mock */,
			);
			path = Flow;
			sourceTree = "<group>";
		};
		295A826A2278E4EE00F011C7 /* Dashboard */ = {
			isa = PBXGroup;
			children = (
				F426E5F31CBE1FACB35E8BA1 /* DashboardFlow.swift */,
				29738CE1227DA4C1001D58FB /* SearchFlow.swift */,
				F426EFE48D7B01D3301ECC8E /* AppsFlow.swift */,
				F426EA2334CBF801451A764E /* TodayFlow.swift */,
				F426EE011039147A4A77BB8B /* MusicFlow.swift */,
			);
			path = Dashboard;
			sourceTree = "<group>";
		};
		295A826B2278E4F600F011C7 /* Launch */ = {
			isa = PBXGroup;
			children = (
				F426EC3E6DCB31BF85B980F7 /* LaunchFlow.swift */,
				F426E57862B529221A8E6C09 /* LaunchStepper.swift */,
			);
			path = Launch;
			sourceTree = "<group>";
		};
		29602B712278D0EE00A3A4B8 /* Frameworks */ = {
			isa = PBXGroup;
			children = (
				29E009F7227BCD04004A7A49 /* SCServiceKit.framework */,
				290D7EC4227978370099A3C0 /* Swifter.framework */,
				29602B822278D1C900A3A4B8 /* RxBlocking.framework */,
				29602B802278D1A200A3A4B8 /* RxTest.framework */,
				29602B7A2278D16300A3A4B8 /* Swinject.framework */,
				29602B782278D12500A3A4B8 /* RxCocoa.framework */,
				29602B742278D0EE00A3A4B8 /* RxFlow.framework */,
				29602B732278D0EE00A3A4B8 /* RxSwift.framework */,
				29602B722278D0EE00A3A4B8 /* SwiftyBeaver.framework */,
				00F17B09FB33BFB70FF6346E /* Pods_RemakeStore.framework */,
				6EA642B7F65A96A55E74E669 /* Pods_RemakeStoreTests.framework */,
				CD03189BA0DC23ADEF339413 /* Pods_SCLayoutKit.framework */,
				98CD5987610F0C2F870A8F6B /* Pods_SCLayoutKitTests.framework */,
			);
			name = Frameworks;
			sourceTree = "<group>";
		};
		29602B862278D26900A3A4B8 /* zResource */ = {
			isa = PBXGroup;
			children = (
				2910AC3A2278B5E600EC7A77 /* Assets.xcassets */,
				2910AC3C2278B5E600EC7A77 /* LaunchScreen.storyboard */,
				2910AC3F2278B5E600EC7A77 /* Info.plist */,
				29E00AB2227C07B3004A7A49 /* env.plist */,
			);
			path = zResource;
			sourceTree = "<group>";
		};
		2972BD55227CC30E007AFB9C /* Mock */ = {
			isa = PBXGroup;
			children = (
				2972BD56227CC32A007AFB9C /* TestCollectionViewCellMock.swift */,
				2989A919227CCAC30088A221 /* TestTableViewCellMock.swift */,
			);
			path = Mock;
			sourceTree = "<group>";
		};
		29738CDC227DA4A1001D58FB /* Search */ = {
			isa = PBXGroup;
			children = (
				29738CDD227DA4A1001D58FB /* SearchController.swift */,
				29738CDE227DA4A1001D58FB /* SearchViewModel.swift */,
			);
			path = Search;
			sourceTree = "<group>";
		};
		29CEA6FC2284804F00EE07E3 /* AppDetail */ = {
			isa = PBXGroup;
			children = (
				29CEA6FD2284806C00EE07E3 /* AppDetailController.swift */,
				29CEA6FF2284807700EE07E3 /* AppDetailViewModel.swift */,
			);
			path = AppDetail;
			sourceTree = "<group>";
		};
		29E8A565227C229600E7A894 /* Config */ = {
			isa = PBXGroup;
			children = (
				29E8A567227C229600E7A894 /* Models */,
			);
			path = Config;
			sourceTree = "<group>";
		};
		29E8A567227C229600E7A894 /* Models */ = {
			isa = PBXGroup;
			children = (
				29E8A568227C229600E7A894 /* EnvConfigModel.swift */,
			);
			path = Models;
			sourceTree = "<group>";
		};
		29E8A576227C268600E7A894 /* Extensions */ = {
			isa = PBXGroup;
			children = (
				29428FBF227D746C00BD688D /* UINavigationController */,
				F426E4EF30057EF10F804DA5 /* PropertyListDecoder */,
				F426E8B91252ABDCC95CFDBE /* Reuseable */,
				F426E90CF8FB6E654C59EEE6 /* Rx */,
				F426E496352EA55EE9FF3BA6 /* RxFlow */,
			);
			path = Extensions;
			sourceTree = "<group>";
		};
		29E8A57D227C2F8800E7A894 /* Service */ = {
			isa = PBXGroup;
			children = (
				29E8A582227C2F8800E7A894 /* AppService.swift */,
				29E8A57E227C2F8800E7A894 /* Service.swift */,
				29E8A57F227C2F8800E7A894 /* Network */,
			);
			path = Service;
			sourceTree = "<group>";
		};
		29E8A57F227C2F8800E7A894 /* Network */ = {
			isa = PBXGroup;
			children = (
				29E8A580227C2F8800E7A894 /* AppHTTPErrorHandler.swift */,
				29E8A581227C2F8800E7A894 /* AppHTTPErrorHandlerSpec.swift */,
			);
			path = Network;
			sourceTree = "<group>";
		};
		29E8A588227C35B500E7A894 /* DIContainer */ = {
			isa = PBXGroup;
			children = (
				29E8A58A227C35B500E7A894 /* Implementation */,
				29E8A58C227C35B500E7A894 /* DIContainer.swift */,
			);
			path = DIContainer;
			sourceTree = "<group>";
		};
		29E8A58A227C35B500E7A894 /* Implementation */ = {
			isa = PBXGroup;
			children = (
				29738CE3227DA4DA001D58FB /* SearchDIContainter.swift */,
				29E8A58B227C35B500E7A894 /* ServiceDIContainer.swift */,
				F426EEED0DD47BD52266F147 /* TodayDIContainer.swift */,
				F426EF432FA9442E84078ADD /* AppsDIContainer.swift */,
				F426E78BE2038658FC3AC421 /* MusicDIContainer.swift */,
				F426E8E3FD9EE2A483F64CF3 /* AppDetailDIContainer.swift */,
			);
			path = Implementation;
			sourceTree = "<group>";
		};
		74DA93D96DA30380D8FEF817 /* Pods */ = {
			isa = PBXGroup;
			children = (
				80A4B86B249351959AAE339F /* Pods-RemakeStore.debug.xcconfig */,
				63B0F0CE3F9AB1D91B913564 /* Pods-RemakeStore.release.xcconfig */,
				12B93A2258B0454197B400C7 /* Pods-RemakeStoreTests.debug.xcconfig */,
				6C0FD872D8D06941EEAFDA64 /* Pods-RemakeStoreTests.release.xcconfig */,
				4B9CDCD4CFBC3431449412BB /* Pods-SCLayoutKit.debug.xcconfig */,
				D5CD1B364A7ED1EB199CCE0A /* Pods-SCLayoutKit.release.xcconfig */,
				3AE607295A416CB3BDCA2517 /* Pods-SCLayoutKitTests.debug.xcconfig */,
				9311E4A7C528512E19BA7FDD /* Pods-SCLayoutKitTests.release.xcconfig */,
			);
			path = Pods;
			sourceTree = "<group>";
		};
		F426E071853C7A4626C07A0C /* Component */ = {
			isa = PBXGroup;
			children = (
				F426E7FBE311669B47F748B2 /* Views */,
				F426E7592F7CC4D73D061E4E /* ViewModels */,
			);
			path = Component;
			sourceTree = "<group>";
		};
		F426E093CF563732C7670957 /* Base */ = {
			isa = PBXGroup;
			children = (
				29428FC9227D858D00BD688D /* Mock */,
				F426EE1D12DFDFC271D26642 /* BaseFlow.swift */,
				29428FC7227D854B00BD688D /* BaseFlowSpec.swift */,
			);
			path = Base;
			sourceTree = "<group>";
		};
		F426E25660D04500FAFD59D4 /* view */ = {
			isa = PBXGroup;
			children = (
				F426E0591679BE3B229B0FCD /* HorizontalSnappingLayout.swift */,
			);
			path = view;
			sourceTree = "<group>";
		};
		F426E3689E91D381610F90B9 /* Today */ = {
			isa = PBXGroup;
			children = (
				F426ED048BA6149140C83A59 /* TodayController.swift */,
				F426EA07B7FE30016BECBBEB /* TodayViewModel.swift */,
			);
			path = Today;
			sourceTree = "<group>";
		};
		F426E496352EA55EE9FF3BA6 /* RxFlow */ = {
			isa = PBXGroup;
			children = (
				F426E96A2DFF80C49F38C592 /* FlowContributor+AppStep.swift */,
			);
			path = RxFlow;
			sourceTree = "<group>";
		};
		F426E4EF30057EF10F804DA5 /* PropertyListDecoder */ = {
			isa = PBXGroup;
			children = (
				F426E5D5DAF942F15B29F8F0 /* PropertyListDecoder+Decodable.swift */,
				F426ECB82348F1DC9DF93155 /* PropertyListDecoderDecodableSpec.swift */,
			);
			path = PropertyListDecoder;
			sourceTree = "<group>";
		};
		F426E670FDC879E10DDF3B7F /* AppDetail */ = {
			isa = PBXGroup;
			children = (
				F426E4D6D40932473B5DA93B /* AppDetailEndpoint.swift */,
				F426E8D201E9D79D7DAE2744 /* AppDetailReadParameter.swift */,
				F426E385DCBD87045FEE9EC3 /* AppDetailRepository.swift */,
			);
			path = AppDetail;
			sourceTree = "<group>";
		};
		F426E70B7A79DA0D931285BE /* Implementation */ = {
			isa = PBXGroup;
			children = (
				F426E4D038F940DA89285322 /* DefaultTheme.swift */,
				F426E39D97D070862697231C /* DefaultTheme+Color.swift */,
				F426E837FBFDC52CAF4E9017 /* DefaultTheme+Font.swift */,
			);
			path = Implementation;
			sourceTree = "<group>";
		};
		F426E72EA4066B9E7BABA3C3 /* CollectionView */ = {
			isa = PBXGroup;
			children = (
				F426E9E5E27FA3F985392C26 /* AppDetailResultView.swift */,
				F426EA56C4D0791B6BBE2B7C /* PreviewScreenshotsView.swift */,
				F426E222E508A49332F48150 /* ReviewListView.swift */,
				F426EEDD4FB709D5F719561F /* SearchResultView.swift */,
			);
			path = CollectionView;
			sourceTree = "<group>";
		};
		F426E7592F7CC4D73D061E4E /* ViewModels */ = {
			isa = PBXGroup;
			children = (
				F426ECF4466C908866DEC93B /* LookupViewModel.swift */,
			);
			path = ViewModels;
			sourceTree = "<group>";
		};
		F426E79DBE315A2FB6D0A779 /* Apps */ = {
			isa = PBXGroup;
			children = (
				F426E20016AB7016900E4215 /* AppsController.swift */,
				F426EA8A86DC998F7DEF22D8 /* AppsViewModel.swift */,
			);
			path = Apps;
			sourceTree = "<group>";
		};
		F426E7FBE311669B47F748B2 /* Views */ = {
			isa = PBXGroup;
			children = (
				F426EDEB0B97CD3330F1157D /* Cell */,
				F426E72EA4066B9E7BABA3C3 /* CollectionView */,
			);
			path = Views;
			sourceTree = "<group>";
		};
		F426E8B91252ABDCC95CFDBE /* Reuseable */ = {
			isa = PBXGroup;
			children = (
				F426E9EA50A1E46472D98694 /* CellContentClassIdentifiable */,
			);
			path = Reuseable;
			sourceTree = "<group>";
		};
		F426E90CF8FB6E654C59EEE6 /* Rx */ = {
			isa = PBXGroup;
			children = (
				F426E51382E167C7A6658AD4 /* OptionalType.swift */,
				2989A91B227CD0160088A221 /* OptionalTypeSpec.swift */,
				F426EF485A10492571F67174 /* ObserableType.swift */,
				2958077A227CD2FA00C0CE4D /* ObserableTypeSpec.swift */,
				F426EDE5921522C249C40EC2 /* UIViewController+Rx.swift */,
				2958077C227CD30B00C0CE4D /* UIViewControllerRxSpec.swift */,
				F426ECD783034BE29ED4C9BD /* RxUIImageView+moa.swift */,
				F426EDA56EF2FD19773DAF01 /* UIButton+Rx.swift */,
			);
			path = Rx;
			sourceTree = "<group>";
		};
		F426E9EA50A1E46472D98694 /* CellContentClassIdentifiable */ = {
			isa = PBXGroup;
			children = (
				2972BD55227CC30E007AFB9C /* Mock */,
				F426E45D37734DAA3D653DDA /* CellContentClassIdentifiable.swift */,
				F426E378DF998F809450C613 /* CellContentClassIdentifiable+UICollectionView.swift */,
				F426E7837EE8B7B1E88D452B /* CellContentClassIdentifiable+UITableView.swift */,
				2972BD5D227CC8CC007AFB9C /* CellContentClassIdentifiableUICViewSpec.swift */,
				2989A917227CCA8B0088A221 /* CellContentClassIdentifiableUITViewSpec.swift */,
			);
			path = CellContentClassIdentifiable;
			sourceTree = "<group>";
		};
		F426EAF00237A80AF48B04BB /* Music */ = {
			isa = PBXGroup;
			children = (
				F426E28696FBD75101E119DC /* MusicViewModel.swift */,
				F426EB50B112BD0CC06F0587 /* MusicController.swift */,
			);
			path = Music;
			sourceTree = "<group>";
		};
		F426EB3BE59931C3E8D7A992 /* Define */ = {
			isa = PBXGroup;
			children = (
				F426E440DCBF8BDB60A28573 /* Theme.swift */,
				F426E70B7A79DA0D931285BE /* Implementation */,
			);
			path = Define;
			sourceTree = "<group>";
		};
		F426EC548928BBC77548A8E7 /* Mock */ = {
			isa = PBXGroup;
			children = (
				F426E8F514E5DD15DB5B8D89 /* ViewModelBasedTableViewCellMock.swift */,
				F426E41FDF99415E5008F5E7 /* TestViewModelMock.swift */,
				F426E59FE1D942DE95E5219F /* ViewModelBasedCRViewCellMock.swift */,
				F426E0B330BE0A3CB95F0758 /* ViewModelBasedCollectionViewCellMock.swift */,
				F426EDF0748720C9EB77DCEA /* ViewModelBaseViewController.swift */,
				F426EACE9964CDC23285C0AA /* ServiceViewModelMock.swift */,
				F426E9C5F2E82A6689D7DFAD /* BaseCollectionVIewMock.swift */,
			);
			path = Mock;
			sourceTree = "<group>";
		};
		F426ED6C0EB800DD79697C69 /* zBase */ = {
			isa = PBXGroup;
			children = (
				F426E2E6995DF074FBDC65C8 /* ServiceViewModel.swift */,
				F426E99BBBFA0B4DAE5A1E95 /* ViewModelBase.swift */,
				F426EDEEF408AF355C375669 /* ViewModelBaseSpec.swift */,
				F426EC548928BBC77548A8E7 /* Mock */,
				F426EB5D6693C705F336268F /* BaseController.swift */,
				F426E78FE228C55AAA47206B /* BaseControllerSpec.swift */,
				F426E6A28DDE15B97BA3212D /* BaseCollectionView.swift */,
				F426E938497457A4244A65FC /* BaseCollectionViewSpec.swift */,
				F426ECA4692F5FA9533E3C88 /* BaseCollectionViewCell.swift */,
			);
			path = zBase;
			sourceTree = "<group>";
		};
		F426EDEB0B97CD3330F1157D /* Cell */ = {
			isa = PBXGroup;
			children = (
				F426E6DB7DEBCA49942079FD /* SearchResultCell.swift */,
				F426EEBB5398854754484078 /* AppDetailCell.swift */,
				F426E16A541D56003DA93915 /* ReviewRowCell.swift */,
				F426EC0764D5A86BE940A3E2 /* PreviewCell.swift */,
				F426E8D70FA591EECC54ED90 /* ScreenshotCell.swift */,
				F426EDB7E1C88C975DE994FD /* ReviewCell.swift */,
			);
			path = Cell;
			sourceTree = "<group>";
		};
		F426EE5B0727AB6C9944A5B0 /* Search */ = {
			isa = PBXGroup;
			children = (
				F426EBE7E849A7EF1A7ABA86 /* SearchReadParameter.swift */,
				29CEA6F62283EAC800EE07E3 /* SearchRepository.swift */,
				F426E420F6EDDF7D725798DF /* SearchEndpoint.swift */,
			);
			path = Search;
			sourceTree = "<group>";
		};
		F426EF729C2C809759502963 /* Repository */ = {
			isa = PBXGroup;
			children = (
				F426EE5B0727AB6C9944A5B0 /* Search */,
				F426E670FDC879E10DDF3B7F /* AppDetail */,
			);
			path = Repository;
			sourceTree = "<group>";
		};
		F426EF891333DE3C0516492C /* Entity */ = {
			isa = PBXGroup;
			children = (
				F426E0C589261181C405C3F4 /* AppResult.swift */,
			);
			path = Entity;
			sourceTree = "<group>";
		};
/* End PBXGroup section */

/* Begin PBXNativeTarget section */
		2910AC2F2278B5E500EC7A77 /* RemakeStore */ = {
			isa = PBXNativeTarget;
			buildConfigurationList = 2910AC4D2278B5E600EC7A77 /* Build configuration list for PBXNativeTarget "RemakeStore" */;
			buildPhases = (
				6F12EE95480C35CEFB54745E /* [CP] Check Pods Manifest.lock */,
				2910AC2C2278B5E500EC7A77 /* Sources */,
				2910AC2D2278B5E500EC7A77 /* Frameworks */,
				2910AC2E2278B5E500EC7A77 /* Resources */,
				29602B6D2278D04700A3A4B8 /* SwiftLint Run Script */,
				29E00A20227BCE61004A7A49 /* Embed Frameworks */,
				8ED2C9A14D2004BDFD32F176 /* [CP] Embed Pods Frameworks */,
			);
			buildRules = (
			);
			dependencies = (
			);
			name = RemakeStore;
			productName = RemakeStore;
			productReference = 2910AC302278B5E500EC7A77 /* RemakeStore.app */;
			productType = "com.apple.product-type.application";
		};
		2910AC432278B5E600EC7A77 /* RemakeStoreTests */ = {
			isa = PBXNativeTarget;
			buildConfigurationList = 2910AC502278B5E600EC7A77 /* Build configuration list for PBXNativeTarget "RemakeStoreTests" */;
			buildPhases = (
				B983974463B17E7B7EF0C9A5 /* [CP] Check Pods Manifest.lock */,
				2910AC402278B5E600EC7A77 /* Sources */,
				2910AC412278B5E600EC7A77 /* Frameworks */,
				2910AC422278B5E600EC7A77 /* Resources */,
				290D7EC32279289D0099A3C0 /* SwiftLint Run Script */,
				67FBA41C9649BEB07D2D8A20 /* [CP] Embed Pods Frameworks */,
			);
			buildRules = (
			);
			dependencies = (
				2910AC462278B5E600EC7A77 /* PBXTargetDependency */,
			);
			name = RemakeStoreTests;
			productName = RemakeStoreTests;
			productReference = 2910AC442278B5E600EC7A77 /* RemakeStoreTests.xctest */;
			productType = "com.apple.product-type.bundle.unit-test";
		};
/* End PBXNativeTarget section */

/* Begin PBXProject section */
		2910AC282278B5E500EC7A77 /* Project object */ = {
			isa = PBXProject;
			attributes = {
				LastSwiftUpdateCheck = 1020;
				LastUpgradeCheck = 1020;
				ORGANIZATIONNAME = "Scott Moon";
				TargetAttributes = {
					2910AC2F2278B5E500EC7A77 = {
						CreatedOnToolsVersion = 10.2.1;
					};
					2910AC432278B5E600EC7A77 = {
						CreatedOnToolsVersion = 10.2.1;
						TestTargetID = 2910AC2F2278B5E500EC7A77;
					};
				};
			};
			buildConfigurationList = 2910AC2B2278B5E500EC7A77 /* Build configuration list for PBXProject "RemakeStore" */;
			compatibilityVersion = "Xcode 9.3";
			developmentRegion = en;
			hasScannedForEncodings = 0;
			knownRegions = (
				en,
				Base,
			);
			mainGroup = 2910AC272278B5E500EC7A77;
			productRefGroup = 2910AC312278B5E500EC7A77 /* Products */;
			projectDirPath = "";
			projectRoot = "";
			targets = (
				2910AC2F2278B5E500EC7A77 /* RemakeStore */,
				2910AC432278B5E600EC7A77 /* RemakeStoreTests */,
			);
		};
/* End PBXProject section */

/* Begin PBXResourcesBuildPhase section */
		2910AC2E2278B5E500EC7A77 /* Resources */ = {
			isa = PBXResourcesBuildPhase;
			buildActionMask = 2147483647;
			files = (
				2910AC3E2278B5E600EC7A77 /* LaunchScreen.storyboard in Resources */,
				2910AC3B2278B5E600EC7A77 /* Assets.xcassets in Resources */,
				29E00AB3227C07B3004A7A49 /* env.plist in Resources */,
			);
			runOnlyForDeploymentPostprocessing = 0;
		};
		2910AC422278B5E600EC7A77 /* Resources */ = {
			isa = PBXResourcesBuildPhase;
			buildActionMask = 2147483647;
			files = (
			);
			runOnlyForDeploymentPostprocessing = 0;
		};
/* End PBXResourcesBuildPhase section */

/* Begin PBXShellScriptBuildPhase section */
		290D7EC32279289D0099A3C0 /* SwiftLint Run Script */ = {
			isa = PBXShellScriptBuildPhase;
			buildActionMask = 2147483647;
			files = (
			);
			inputFileListPaths = (
			);
			inputPaths = (
			);
			name = "SwiftLint Run Script";
			outputFileListPaths = (
			);
			outputPaths = (
			);
			runOnlyForDeploymentPostprocessing = 0;
			shellPath = /bin/sh;
			shellScript = "if which swiftlint >/dev/null; then\n  swiftlint\nelse\n  echo \"warning: SwiftLint not installed, download from https://github.com/realm/SwiftLint\"\nfi\n";
		};
		29602B6D2278D04700A3A4B8 /* SwiftLint Run Script */ = {
			isa = PBXShellScriptBuildPhase;
			buildActionMask = 2147483647;
			files = (
			);
			inputFileListPaths = (
			);
			inputPaths = (
			);
			name = "SwiftLint Run Script";
			outputFileListPaths = (
			);
			outputPaths = (
			);
			runOnlyForDeploymentPostprocessing = 0;
			shellPath = /bin/sh;
			shellScript = "if which swiftlint >/dev/null; then\n  swiftlint\nelse\n  echo \"warning: SwiftLint not installed, download from https://github.com/realm/SwiftLint\"\nfi\n";
		};
		67FBA41C9649BEB07D2D8A20 /* [CP] Embed Pods Frameworks */ = {
			isa = PBXShellScriptBuildPhase;
			buildActionMask = 2147483647;
			files = (
			);
			inputFileListPaths = (
			);
			inputPaths = (
				"${PODS_ROOT}/Target Support Files/Pods-RemakeStoreTests/Pods-RemakeStoreTests-frameworks.sh",
				"${BUILT_PRODUCTS_DIR}/RxCocoa/RxCocoa.framework",
				"${BUILT_PRODUCTS_DIR}/RxFlow/RxFlow.framework",
				"${BUILT_PRODUCTS_DIR}/RxRelay/RxRelay.framework",
				"${BUILT_PRODUCTS_DIR}/RxSwift/RxSwift.framework",
				"${BUILT_PRODUCTS_DIR}/SCServiceKit/SCServiceKit.framework",
				"${BUILT_PRODUCTS_DIR}/SCUIBuildKit/SCUIBuildKit.framework",
				"${BUILT_PRODUCTS_DIR}/SwiftyBeaver/SwiftyBeaver.framework",
				"${BUILT_PRODUCTS_DIR}/RxBlocking/RxBlocking.framework",
				"${BUILT_PRODUCTS_DIR}/RxTest/RxTest.framework",
				"${BUILT_PRODUCTS_DIR}/Swifter/Swifter.framework",
			);
			name = "[CP] Embed Pods Frameworks";
			outputFileListPaths = (
			);
			outputPaths = (
				"${TARGET_BUILD_DIR}/${FRAMEWORKS_FOLDER_PATH}/RxCocoa.framework",
				"${TARGET_BUILD_DIR}/${FRAMEWORKS_FOLDER_PATH}/RxFlow.framework",
				"${TARGET_BUILD_DIR}/${FRAMEWORKS_FOLDER_PATH}/RxRelay.framework",
				"${TARGET_BUILD_DIR}/${FRAMEWORKS_FOLDER_PATH}/RxSwift.framework",
				"${TARGET_BUILD_DIR}/${FRAMEWORKS_FOLDER_PATH}/SCServiceKit.framework",
				"${TARGET_BUILD_DIR}/${FRAMEWORKS_FOLDER_PATH}/SCUIBuildKit.framework",
				"${TARGET_BUILD_DIR}/${FRAMEWORKS_FOLDER_PATH}/SwiftyBeaver.framework",
				"${TARGET_BUILD_DIR}/${FRAMEWORKS_FOLDER_PATH}/RxBlocking.framework",
				"${TARGET_BUILD_DIR}/${FRAMEWORKS_FOLDER_PATH}/RxTest.framework",
				"${TARGET_BUILD_DIR}/${FRAMEWORKS_FOLDER_PATH}/Swifter.framework",
			);
			runOnlyForDeploymentPostprocessing = 0;
			shellPath = /bin/sh;
			shellScript = "\"${PODS_ROOT}/Target Support Files/Pods-RemakeStoreTests/Pods-RemakeStoreTests-frameworks.sh\"\n";
			showEnvVarsInLog = 0;
		};
		6F12EE95480C35CEFB54745E /* [CP] Check Pods Manifest.lock */ = {
			isa = PBXShellScriptBuildPhase;
			buildActionMask = 2147483647;
			files = (
			);
			inputFileListPaths = (
			);
			inputPaths = (
				"${PODS_PODFILE_DIR_PATH}/Podfile.lock",
				"${PODS_ROOT}/Manifest.lock",
			);
			name = "[CP] Check Pods Manifest.lock";
			outputFileListPaths = (
			);
			outputPaths = (
				"$(DERIVED_FILE_DIR)/Pods-RemakeStore-checkManifestLockResult.txt",
			);
			runOnlyForDeploymentPostprocessing = 0;
			shellPath = /bin/sh;
			shellScript = "diff \"${PODS_PODFILE_DIR_PATH}/Podfile.lock\" \"${PODS_ROOT}/Manifest.lock\" > /dev/null\nif [ $? != 0 ] ; then\n    # print error to STDERR\n    echo \"error: The sandbox is not in sync with the Podfile.lock. Run 'pod install' or update your CocoaPods installation.\" >&2\n    exit 1\nfi\n# This output is used by Xcode 'outputs' to avoid re-running this script phase.\necho \"SUCCESS\" > \"${SCRIPT_OUTPUT_FILE_0}\"\n";
			showEnvVarsInLog = 0;
		};
		8ED2C9A14D2004BDFD32F176 /* [CP] Embed Pods Frameworks */ = {
			isa = PBXShellScriptBuildPhase;
			buildActionMask = 2147483647;
			files = (
			);
			inputFileListPaths = (
			);
			inputPaths = (
				"${PODS_ROOT}/Target Support Files/Pods-RemakeStore/Pods-RemakeStore-frameworks.sh",
				"${BUILT_PRODUCTS_DIR}/RxCocoa/RxCocoa.framework",
				"${BUILT_PRODUCTS_DIR}/RxFlow/RxFlow.framework",
				"${BUILT_PRODUCTS_DIR}/RxRelay/RxRelay.framework",
				"${BUILT_PRODUCTS_DIR}/RxSwift/RxSwift.framework",
				"${BUILT_PRODUCTS_DIR}/SCLayoutKit/SCLayoutKit.framework",
				"${BUILT_PRODUCTS_DIR}/SCServiceKit/SCServiceKit.framework",
				"${BUILT_PRODUCTS_DIR}/SCUIBuildKit/SCUIBuildKit.framework",
				"${BUILT_PRODUCTS_DIR}/SwiftyBeaver/SwiftyBeaver.framework",
				"${BUILT_PRODUCTS_DIR}/Swinject/Swinject.framework",
				"${BUILT_PRODUCTS_DIR}/moa/moa.framework",
			);
			name = "[CP] Embed Pods Frameworks";
			outputFileListPaths = (
			);
			outputPaths = (
				"${TARGET_BUILD_DIR}/${FRAMEWORKS_FOLDER_PATH}/RxCocoa.framework",
				"${TARGET_BUILD_DIR}/${FRAMEWORKS_FOLDER_PATH}/RxFlow.framework",
				"${TARGET_BUILD_DIR}/${FRAMEWORKS_FOLDER_PATH}/RxRelay.framework",
				"${TARGET_BUILD_DIR}/${FRAMEWORKS_FOLDER_PATH}/RxSwift.framework",
				"${TARGET_BUILD_DIR}/${FRAMEWORKS_FOLDER_PATH}/SCLayoutKit.framework",
				"${TARGET_BUILD_DIR}/${FRAMEWORKS_FOLDER_PATH}/SCServiceKit.framework",
				"${TARGET_BUILD_DIR}/${FRAMEWORKS_FOLDER_PATH}/SCUIBuildKit.framework",
				"${TARGET_BUILD_DIR}/${FRAMEWORKS_FOLDER_PATH}/SwiftyBeaver.framework",
				"${TARGET_BUILD_DIR}/${FRAMEWORKS_FOLDER_PATH}/Swinject.framework",
				"${TARGET_BUILD_DIR}/${FRAMEWORKS_FOLDER_PATH}/moa.framework",
			);
			runOnlyForDeploymentPostprocessing = 0;
			shellPath = /bin/sh;
			shellScript = "\"${PODS_ROOT}/Target Support Files/Pods-RemakeStore/Pods-RemakeStore-frameworks.sh\"\n";
			showEnvVarsInLog = 0;
		};
		B983974463B17E7B7EF0C9A5 /* [CP] Check Pods Manifest.lock */ = {
			isa = PBXShellScriptBuildPhase;
			buildActionMask = 2147483647;
			files = (
			);
			inputFileListPaths = (
			);
			inputPaths = (
				"${PODS_PODFILE_DIR_PATH}/Podfile.lock",
				"${PODS_ROOT}/Manifest.lock",
			);
			name = "[CP] Check Pods Manifest.lock";
			outputFileListPaths = (
			);
			outputPaths = (
				"$(DERIVED_FILE_DIR)/Pods-RemakeStoreTests-checkManifestLockResult.txt",
			);
			runOnlyForDeploymentPostprocessing = 0;
			shellPath = /bin/sh;
			shellScript = "diff \"${PODS_PODFILE_DIR_PATH}/Podfile.lock\" \"${PODS_ROOT}/Manifest.lock\" > /dev/null\nif [ $? != 0 ] ; then\n    # print error to STDERR\n    echo \"error: The sandbox is not in sync with the Podfile.lock. Run 'pod install' or update your CocoaPods installation.\" >&2\n    exit 1\nfi\n# This output is used by Xcode 'outputs' to avoid re-running this script phase.\necho \"SUCCESS\" > \"${SCRIPT_OUTPUT_FILE_0}\"\n";
			showEnvVarsInLog = 0;
		};
/* End PBXShellScriptBuildPhase section */

/* Begin PBXSourcesBuildPhase section */
		2910AC2C2278B5E500EC7A77 /* Sources */ = {
			isa = PBXSourcesBuildPhase;
			buildActionMask = 2147483647;
			files = (
				29E8A58F227C35B500E7A894 /* DIContainer.swift in Sources */,
				2910AC342278B5E500EC7A77 /* AppDelegate.swift in Sources */,
				29E8A586227C2F8800E7A894 /* AppService.swift in Sources */,
				29738CDF227DA4A1001D58FB /* SearchController.swift in Sources */,
				F426E6B2DFB79CBEB1CE2B74 /* RootFlow.swift in Sources */,
				29428FC2227D82AE00BD688D /* DashboardController.swift in Sources */,
				29CEA6F72283EAC800EE07E3 /* SearchRepository.swift in Sources */,
				F426E98400CE2377738F6D39 /* AppStep.swift in Sources */,
				29E8A584227C2F8800E7A894 /* AppHTTPErrorHandler.swift in Sources */,
				F426EC05484DCF782B76EB4C /* LaunchFlow.swift in Sources */,
				F426E30F296F0F3EED25C0AA /* LaunchStepper.swift in Sources */,
				29E8A583227C2F8800E7A894 /* Service.swift in Sources */,
				F426ED5822CA81793AB831D2 /* DashboardFlow.swift in Sources */,
				29E8A56D227C229600E7A894 /* EnvConfigModel.swift in Sources */,
				29E8A58E227C35B500E7A894 /* ServiceDIContainer.swift in Sources */,
				F426EA47088D319BB0B235CA /* PropertyListDecoder+Decodable.swift in Sources */,
				F426E05FB71D3E681C84F1E8 /* CellContentClassIdentifiable.swift in Sources */,
				F426EE4F8804868379A171BF /* CellContentClassIdentifiable+UICollectionView.swift in Sources */,
				F426EECC2FCF75C89A0350D5 /* CellContentClassIdentifiable+UITableView.swift in Sources */,
				F426E485E6308350B4388387 /* OptionalType.swift in Sources */,
				F426E8DBE735A9DA2AAEA3AE /* ObserableType.swift in Sources */,
				29738CE2227DA4C1001D58FB /* SearchFlow.swift in Sources */,
				29738CE4227DA4DA001D58FB /* SearchDIContainter.swift in Sources */,
				F426E72FEECE484347EFF674 /* UIViewController+Rx.swift in Sources */,
				F426EBBF38E95363ECFF8972 /* UINavigationController+Style.swift in Sources */,
				29738CE0227DA4A1001D58FB /* SearchViewModel.swift in Sources */,
				F426EBD3C06776B83F176681 /* BaseFlow.swift in Sources */,
				F426E519AB2C066645E5444B /* TodayController.swift in Sources */,
				F426EEBC30EFD509BBB1ADDD /* TodayViewModel.swift in Sources */,
				F426E05E41424F7041613D9D /* MusicViewModel.swift in Sources */,
				F426EFD70569C0BBDE429237 /* MusicController.swift in Sources */,
				F426E464418FE9904729BFEC /* AppsController.swift in Sources */,
				F426E0C82F4C470D374CDA9F /* AppsViewModel.swift in Sources */,
				29CEA7002284807700EE07E3 /* AppDetailViewModel.swift in Sources */,
				F426E4FA707BDDFD7C821DAD /* TodayDIContainer.swift in Sources */,
				F426E80AB55665828F6F6885 /* AppsDIContainer.swift in Sources */,
				F426E75C2F22160DE6CCBA6E /* MusicDIContainer.swift in Sources */,
				F426EB00AA28C81A5EB819F9 /* AppsFlow.swift in Sources */,
				F426EC12CA58E8184CAE1D4C /* TodayFlow.swift in Sources */,
				F426EA706614B94DDDF231EB /* MusicFlow.swift in Sources */,
				29CEA6FE2284806C00EE07E3 /* AppDetailController.swift in Sources */,
				F426E977F1F27E9BFDAB8492 /* FlowContributor+AppStep.swift in Sources */,
				F426E2CA1A882C63D3B1E165 /* Theme.swift in Sources */,
				F426EDE56EC184AD7572DDFE /* DefaultTheme.swift in Sources */,
				F426E651C955FA717E0F0BB6 /* DefaultTheme+Color.swift in Sources */,
				F426E38CDE646CD2D3CE8DE2 /* DefaultTheme+Font.swift in Sources */,
				F426E36096F36BEAEFB79C53 /* SearchReadParameter.swift in Sources */,
				F426E10BA0E91C1FA7A02198 /* SearchEndpoint.swift in Sources */,
				F426ED085E1ECC4C35B57943 /* AppDetailDIContainer.swift in Sources */,
				F426EC76E75469218E9BA62A /* AppResult.swift in Sources */,
				F426E9F89E91B97976DC09CA /* HorizontalSnappingLayout.swift in Sources */,
				F426E0829D5EDFE77106D866 /* ServiceViewModel.swift in Sources */,
				F426E92CE77C334D41F54574 /* ViewModelBase.swift in Sources */,
				F426EF6D95C5A44513D23686 /* BaseController.swift in Sources */,
				F426E83CC9FB1E7089127B6D /* BaseCollectionView.swift in Sources */,
				F426E25CC11196E852B490FA /* BaseCollectionViewCell.swift in Sources */,
				F426E75BE487CB5267798A4A /* AppDetailEndpoint.swift in Sources */,
				F426E179835F2AD9CE6A1C59 /* AppDetailReadParameter.swift in Sources */,
				F426EFDA21A18A09F2996DFE /* AppDetailRepository.swift in Sources */,
				F426EF3D8D2AAF11B18FB790 /* RxUIImageView+moa.swift in Sources */,
				F426EE8ACEAFB0BB14F93513 /* UIButton+Rx.swift in Sources */,
				F426EF51D46E77CDFD731E8D /* SearchResultCell.swift in Sources */,
				F426E4D6A156FB59B54C5B5F /* AppDetailCell.swift in Sources */,
				F426E32F98A2A6AC1B14BA2C /* LookupViewModel.swift in Sources */,
				F426E5BD3000DF98382F1770 /* AppDetailResultView.swift in Sources */,
				F426E50D6DCF9031D1C6C4F8 /* PreviewScreenshotsView.swift in Sources */,
				F426E5FAE2D41B21650EC751 /* ReviewListView.swift in Sources */,
				F426EC294912A790E834A808 /* ReviewRowCell.swift in Sources */,
				F426ED4149576EF7ADAA0C5A /* PreviewCell.swift in Sources */,
				F426E4EF199346EEC7EBFB97 /* ScreenshotCell.swift in Sources */,
				F426E3357E9504C38D8BE3CE /* ReviewCell.swift in Sources */,
				F426E391267915EFDA28CD53 /* SearchResultView.swift in Sources */,
			);
			runOnlyForDeploymentPostprocessing = 0;
		};
		2910AC402278B5E600EC7A77 /* Sources */ = {
			isa = PBXSourcesBuildPhase;
			buildActionMask = 2147483647;
			files = (
				2910AC492278B5E600EC7A77 /* RemakeStoreTests.swift in Sources */,
				2972BD5E227CC8CC007AFB9C /* CellContentClassIdentifiableUICViewSpec.swift in Sources */,
				29428FC8227D854B00BD688D /* BaseFlowSpec.swift in Sources */,
				29428FD0227D861900BD688D /* TestStepMock.swift in Sources */,
				29428FD3227D86CC00BD688D /* TestControllerStepper.swift in Sources */,
				29428FCC227D85A100BD688D /* BaseFlowMock.swift in Sources */,
				2989A91A227CCAC30088A221 /* TestTableViewCellMock.swift in Sources */,
				2972BD58227CC335007AFB9C /* TestCollectionViewCellMock.swift in Sources */,
				2989A91C227CD0160088A221 /* OptionalTypeSpec.swift in Sources */,
				2958077B227CD2FA00C0CE4D /* ObserableTypeSpec.swift in Sources */,
				29E8A587227C328300E7A894 /* AppHTTPErrorHandlerSpec.swift in Sources */,
				2989A918227CCA8B0088A221 /* CellContentClassIdentifiableUITViewSpec.swift in Sources */,
				F426E851D91130C4A75CA69B /* PropertyListDecoderDecodableSpec.swift in Sources */,
				29428FC4227D833F00BD688D /* UINavigationControllerStyleSpec.swift in Sources */,
				2958077D227CD30B00C0CE4D /* UIViewControllerRxSpec.swift in Sources */,
				F426EF32B8148F412E37CB89 /* ViewModelBaseSpec.swift in Sources */,
				F426EDA5CFCD42FA71EF2CC2 /* ViewModelBasedTableViewCellMock.swift in Sources */,
				F426ECC4553C54864A1E2BAC /* TestViewModelMock.swift in Sources */,
				F426E6865EDCB456BF005BA4 /* ViewModelBasedCRViewCellMock.swift in Sources */,
				F426E21FAC5399583A05D724 /* ViewModelBasedCollectionViewCellMock.swift in Sources */,
				F426E7EE21760A18F855A629 /* ViewModelBaseViewController.swift in Sources */,
				F426ED9C7394B1FBA81EDDB1 /* ServiceViewModelMock.swift in Sources */,
				F426E88646CBA7CBB74BF3CB /* BaseCollectionVIewMock.swift in Sources */,
				F426E2520BA6D57858561BB4 /* BaseControllerSpec.swift in Sources */,
				F426EACBF3A582FB8A89D1F2 /* BaseCollectionViewSpec.swift in Sources */,
			);
			runOnlyForDeploymentPostprocessing = 0;
		};
/* End PBXSourcesBuildPhase section */

/* Begin PBXTargetDependency section */
		2910AC462278B5E600EC7A77 /* PBXTargetDependency */ = {
			isa = PBXTargetDependency;
			target = 2910AC2F2278B5E500EC7A77 /* RemakeStore */;
			targetProxy = 2910AC452278B5E600EC7A77 /* PBXContainerItemProxy */;
		};
/* End PBXTargetDependency section */

/* Begin PBXVariantGroup section */
		2910AC3C2278B5E600EC7A77 /* LaunchScreen.storyboard */ = {
			isa = PBXVariantGroup;
			children = (
				2910AC3D2278B5E600EC7A77 /* Base */,
			);
			name = LaunchScreen.storyboard;
			sourceTree = "<group>";
		};
/* End PBXVariantGroup section */

/* Begin XCBuildConfiguration section */
		2910AC4B2278B5E600EC7A77 /* Debug */ = {
			isa = XCBuildConfiguration;
			buildSettings = {
				ALWAYS_SEARCH_USER_PATHS = NO;
				CLANG_ANALYZER_NONNULL = YES;
				CLANG_ANALYZER_NUMBER_OBJECT_CONVERSION = YES_AGGRESSIVE;
				CLANG_CXX_LANGUAGE_STANDARD = "gnu++14";
				CLANG_CXX_LIBRARY = "libc++";
				CLANG_ENABLE_MODULES = YES;
				CLANG_ENABLE_OBJC_ARC = YES;
				CLANG_ENABLE_OBJC_WEAK = YES;
				CLANG_WARN_BLOCK_CAPTURE_AUTORELEASING = YES;
				CLANG_WARN_BOOL_CONVERSION = YES;
				CLANG_WARN_COMMA = YES;
				CLANG_WARN_CONSTANT_CONVERSION = YES;
				CLANG_WARN_DEPRECATED_OBJC_IMPLEMENTATIONS = YES;
				CLANG_WARN_DIRECT_OBJC_ISA_USAGE = YES_ERROR;
				CLANG_WARN_DOCUMENTATION_COMMENTS = YES;
				CLANG_WARN_EMPTY_BODY = YES;
				CLANG_WARN_ENUM_CONVERSION = YES;
				CLANG_WARN_INFINITE_RECURSION = YES;
				CLANG_WARN_INT_CONVERSION = YES;
				CLANG_WARN_NON_LITERAL_NULL_CONVERSION = YES;
				CLANG_WARN_OBJC_IMPLICIT_RETAIN_SELF = YES;
				CLANG_WARN_OBJC_LITERAL_CONVERSION = YES;
				CLANG_WARN_OBJC_ROOT_CLASS = YES_ERROR;
				CLANG_WARN_RANGE_LOOP_ANALYSIS = YES;
				CLANG_WARN_STRICT_PROTOTYPES = YES;
				CLANG_WARN_SUSPICIOUS_MOVE = YES;
				CLANG_WARN_UNGUARDED_AVAILABILITY = YES_AGGRESSIVE;
				CLANG_WARN_UNREACHABLE_CODE = YES;
				CLANG_WARN__DUPLICATE_METHOD_MATCH = YES;
				CODE_SIGN_IDENTITY = "iPhone Developer";
				COPY_PHASE_STRIP = NO;
				DEBUG_INFORMATION_FORMAT = dwarf;
				ENABLE_STRICT_OBJC_MSGSEND = YES;
				ENABLE_TESTABILITY = YES;
				GCC_C_LANGUAGE_STANDARD = gnu11;
				GCC_DYNAMIC_NO_PIC = NO;
				GCC_NO_COMMON_BLOCKS = YES;
				GCC_OPTIMIZATION_LEVEL = 0;
				GCC_PREPROCESSOR_DEFINITIONS = (
					"DEBUG=1",
					"$(inherited)",
				);
				GCC_WARN_64_TO_32_BIT_CONVERSION = YES;
				GCC_WARN_ABOUT_RETURN_TYPE = YES_ERROR;
				GCC_WARN_UNDECLARED_SELECTOR = YES;
				GCC_WARN_UNINITIALIZED_AUTOS = YES_AGGRESSIVE;
				GCC_WARN_UNUSED_FUNCTION = YES;
				GCC_WARN_UNUSED_VARIABLE = YES;
				IPHONEOS_DEPLOYMENT_TARGET = 12.2;
				MTL_ENABLE_DEBUG_INFO = INCLUDE_SOURCE;
				MTL_FAST_MATH = YES;
				ONLY_ACTIVE_ARCH = YES;
				SDKROOT = iphoneos;
				SWIFT_ACTIVE_COMPILATION_CONDITIONS = DEBUG;
				SWIFT_OPTIMIZATION_LEVEL = "-Onone";
			};
			name = Debug;
		};
		2910AC4C2278B5E600EC7A77 /* Release */ = {
			isa = XCBuildConfiguration;
			buildSettings = {
				ALWAYS_SEARCH_USER_PATHS = NO;
				CLANG_ANALYZER_NONNULL = YES;
				CLANG_ANALYZER_NUMBER_OBJECT_CONVERSION = YES_AGGRESSIVE;
				CLANG_CXX_LANGUAGE_STANDARD = "gnu++14";
				CLANG_CXX_LIBRARY = "libc++";
				CLANG_ENABLE_MODULES = YES;
				CLANG_ENABLE_OBJC_ARC = YES;
				CLANG_ENABLE_OBJC_WEAK = YES;
				CLANG_WARN_BLOCK_CAPTURE_AUTORELEASING = YES;
				CLANG_WARN_BOOL_CONVERSION = YES;
				CLANG_WARN_COMMA = YES;
				CLANG_WARN_CONSTANT_CONVERSION = YES;
				CLANG_WARN_DEPRECATED_OBJC_IMPLEMENTATIONS = YES;
				CLANG_WARN_DIRECT_OBJC_ISA_USAGE = YES_ERROR;
				CLANG_WARN_DOCUMENTATION_COMMENTS = YES;
				CLANG_WARN_EMPTY_BODY = YES;
				CLANG_WARN_ENUM_CONVERSION = YES;
				CLANG_WARN_INFINITE_RECURSION = YES;
				CLANG_WARN_INT_CONVERSION = YES;
				CLANG_WARN_NON_LITERAL_NULL_CONVERSION = YES;
				CLANG_WARN_OBJC_IMPLICIT_RETAIN_SELF = YES;
				CLANG_WARN_OBJC_LITERAL_CONVERSION = YES;
				CLANG_WARN_OBJC_ROOT_CLASS = YES_ERROR;
				CLANG_WARN_RANGE_LOOP_ANALYSIS = YES;
				CLANG_WARN_STRICT_PROTOTYPES = YES;
				CLANG_WARN_SUSPICIOUS_MOVE = YES;
				CLANG_WARN_UNGUARDED_AVAILABILITY = YES_AGGRESSIVE;
				CLANG_WARN_UNREACHABLE_CODE = YES;
				CLANG_WARN__DUPLICATE_METHOD_MATCH = YES;
				CODE_SIGN_IDENTITY = "iPhone Developer";
				COPY_PHASE_STRIP = NO;
				DEBUG_INFORMATION_FORMAT = "dwarf-with-dsym";
				ENABLE_NS_ASSERTIONS = NO;
				ENABLE_STRICT_OBJC_MSGSEND = YES;
				GCC_C_LANGUAGE_STANDARD = gnu11;
				GCC_NO_COMMON_BLOCKS = YES;
				GCC_WARN_64_TO_32_BIT_CONVERSION = YES;
				GCC_WARN_ABOUT_RETURN_TYPE = YES_ERROR;
				GCC_WARN_UNDECLARED_SELECTOR = YES;
				GCC_WARN_UNINITIALIZED_AUTOS = YES_AGGRESSIVE;
				GCC_WARN_UNUSED_FUNCTION = YES;
				GCC_WARN_UNUSED_VARIABLE = YES;
				IPHONEOS_DEPLOYMENT_TARGET = 12.2;
				MTL_ENABLE_DEBUG_INFO = NO;
				MTL_FAST_MATH = YES;
				SDKROOT = iphoneos;
				SWIFT_COMPILATION_MODE = wholemodule;
				SWIFT_OPTIMIZATION_LEVEL = "-O";
				VALIDATE_PRODUCT = YES;
			};
			name = Release;
		};
		2910AC4E2278B5E600EC7A77 /* Debug */ = {
			isa = XCBuildConfiguration;
			baseConfigurationReference = 80A4B86B249351959AAE339F /* Pods-RemakeStore.debug.xcconfig */;
			buildSettings = {
				ALWAYS_EMBED_SWIFT_STANDARD_LIBRARIES = "$(inherited)";
				ASSETCATALOG_COMPILER_APPICON_NAME = AppIcon;
				CODE_SIGN_STYLE = Manual;
				DEVELOPMENT_TEAM = "";
				FRAMEWORK_SEARCH_PATHS = "$(inherited)";
				INFOPLIST_FILE = "$(SRCROOT)/RemakeStore/zResource/Info.plist";
				LD_RUNPATH_SEARCH_PATHS = (
					"$(inherited)",
					"@executable_path/Frameworks",
				);
				PRODUCT_BUNDLE_IDENTIFIER = com.github.RemakeStore;
				PRODUCT_NAME = "$(TARGET_NAME)";
				PROVISIONING_PROFILE_SPECIFIER = "";
				SWIFT_VERSION = 5.0;
				TARGETED_DEVICE_FAMILY = 1;
			};
			name = Debug;
		};
		2910AC4F2278B5E600EC7A77 /* Release */ = {
			isa = XCBuildConfiguration;
			baseConfigurationReference = 63B0F0CE3F9AB1D91B913564 /* Pods-RemakeStore.release.xcconfig */;
			buildSettings = {
				ALWAYS_EMBED_SWIFT_STANDARD_LIBRARIES = "$(inherited)";
				ASSETCATALOG_COMPILER_APPICON_NAME = AppIcon;
				CODE_SIGN_STYLE = Manual;
				DEVELOPMENT_TEAM = "";
				FRAMEWORK_SEARCH_PATHS = "$(inherited)";
				INFOPLIST_FILE = "$(SRCROOT)/RemakeStore/zResource/Info.plist";
				LD_RUNPATH_SEARCH_PATHS = (
					"$(inherited)",
					"@executable_path/Frameworks",
				);
				PRODUCT_BUNDLE_IDENTIFIER = com.github.RemakeStore;
				PRODUCT_NAME = "$(TARGET_NAME)";
				PROVISIONING_PROFILE_SPECIFIER = "";
				SWIFT_VERSION = 5.0;
				TARGETED_DEVICE_FAMILY = 1;
			};
			name = Release;
		};
		2910AC512278B5E600EC7A77 /* Debug */ = {
			isa = XCBuildConfiguration;
			baseConfigurationReference = 12B93A2258B0454197B400C7 /* Pods-RemakeStoreTests.debug.xcconfig */;
			buildSettings = {
				ALWAYS_EMBED_SWIFT_STANDARD_LIBRARIES = "$(inherited)";
				BUNDLE_LOADER = "$(TEST_HOST)";
				CODE_SIGN_STYLE = Manual;
				DEVELOPMENT_TEAM = "";
				FRAMEWORK_SEARCH_PATHS = "$(inherited)";
				INFOPLIST_FILE = RemakeStoreTests/Info.plist;
				LD_RUNPATH_SEARCH_PATHS = (
					"$(inherited)",
					"@executable_path/Frameworks",
					"@loader_path/Frameworks",
				);
				PRODUCT_BUNDLE_IDENTIFIER = com.github.RemakeStoreTests;
				PRODUCT_NAME = "$(TARGET_NAME)";
				PROVISIONING_PROFILE_SPECIFIER = "";
				SWIFT_VERSION = 5.0;
				TARGETED_DEVICE_FAMILY = "1,2";
				TEST_HOST = "$(BUILT_PRODUCTS_DIR)/RemakeStore.app/RemakeStore";
			};
			name = Debug;
		};
		2910AC522278B5E600EC7A77 /* Release */ = {
			isa = XCBuildConfiguration;
			baseConfigurationReference = 6C0FD872D8D06941EEAFDA64 /* Pods-RemakeStoreTests.release.xcconfig */;
			buildSettings = {
				ALWAYS_EMBED_SWIFT_STANDARD_LIBRARIES = "$(inherited)";
				BUNDLE_LOADER = "$(TEST_HOST)";
				CODE_SIGN_STYLE = Manual;
				DEVELOPMENT_TEAM = "";
				FRAMEWORK_SEARCH_PATHS = "$(inherited)";
				INFOPLIST_FILE = RemakeStoreTests/Info.plist;
				LD_RUNPATH_SEARCH_PATHS = (
					"$(inherited)",
					"@executable_path/Frameworks",
					"@loader_path/Frameworks",
				);
				PRODUCT_BUNDLE_IDENTIFIER = com.github.RemakeStoreTests;
				PRODUCT_NAME = "$(TARGET_NAME)";
				PROVISIONING_PROFILE_SPECIFIER = "";
				SWIFT_VERSION = 5.0;
				TARGETED_DEVICE_FAMILY = "1,2";
				TEST_HOST = "$(BUILT_PRODUCTS_DIR)/RemakeStore.app/RemakeStore";
			};
			name = Release;
		};
/* End XCBuildConfiguration section */

/* Begin XCConfigurationList section */
		2910AC2B2278B5E500EC7A77 /* Build configuration list for PBXProject "RemakeStore" */ = {
			isa = XCConfigurationList;
			buildConfigurations = (
				2910AC4B2278B5E600EC7A77 /* Debug */,
				2910AC4C2278B5E600EC7A77 /* Release */,
			);
			defaultConfigurationIsVisible = 0;
			defaultConfigurationName = Release;
		};
		2910AC4D2278B5E600EC7A77 /* Build configuration list for PBXNativeTarget "RemakeStore" */ = {
			isa = XCConfigurationList;
			buildConfigurations = (
				2910AC4E2278B5E600EC7A77 /* Debug */,
				2910AC4F2278B5E600EC7A77 /* Release */,
			);
			defaultConfigurationIsVisible = 0;
			defaultConfigurationName = Release;
		};
		2910AC502278B5E600EC7A77 /* Build configuration list for PBXNativeTarget "RemakeStoreTests" */ = {
			isa = XCConfigurationList;
			buildConfigurations = (
				2910AC512278B5E600EC7A77 /* Debug */,
				2910AC522278B5E600EC7A77 /* Release */,
			);
			defaultConfigurationIsVisible = 0;
			defaultConfigurationName = Release;
		};
/* End XCConfigurationList section */
	};
	rootObject = 2910AC282278B5E500EC7A77 /* Project object */;
}
