// !$*UTF8*$!
{
	archiveVersion = 1;
	classes = {
	};
	objectVersion = 50;
	objects = {

/* Begin PBXBuildFile section */
		2910AC342278B5E500EC7A77 /* AppDelegate.swift in Sources */ = {isa = PBXBuildFile; fileRef = 2910AC332278B5E500EC7A77 /* AppDelegate.swift */; };
		2910AC3B2278B5E600EC7A77 /* Assets.xcassets in Resources */ = {isa = PBXBuildFile; fileRef = 2910AC3A2278B5E600EC7A77 /* Assets.xcassets */; };
		2910AC3E2278B5E600EC7A77 /* LaunchScreen.storyboard in Resources */ = {isa = PBXBuildFile; fileRef = 2910AC3C2278B5E600EC7A77 /* LaunchScreen.storyboard */; };
		2910AC492278B5E600EC7A77 /* RemakeStoreTests.swift in Sources */ = {isa = PBXBuildFile; fileRef = 2910AC482278B5E600EC7A77 /* RemakeStoreTests.swift */; };
		29602B752278D0EE00A3A4B8 /* SwiftyBeaver.framework in Frameworks */ = {isa = PBXBuildFile; fileRef = 29602B722278D0EE00A3A4B8 /* SwiftyBeaver.framework */; };
		29602B762278D0EE00A3A4B8 /* RxSwift.framework in Frameworks */ = {isa = PBXBuildFile; fileRef = 29602B732278D0EE00A3A4B8 /* RxSwift.framework */; };
		29602B772278D0EE00A3A4B8 /* RxFlow.framework in Frameworks */ = {isa = PBXBuildFile; fileRef = 29602B742278D0EE00A3A4B8 /* RxFlow.framework */; };
		29602B792278D12500A3A4B8 /* RxCocoa.framework in Frameworks */ = {isa = PBXBuildFile; fileRef = 29602B782278D12500A3A4B8 /* RxCocoa.framework */; };
		29602B7B2278D16300A3A4B8 /* Swinject.framework in Frameworks */ = {isa = PBXBuildFile; fileRef = 29602B7A2278D16300A3A4B8 /* Swinject.framework */; };
		29602B7C2278D1A200A3A4B8 /* RxCocoa.framework in Frameworks */ = {isa = PBXBuildFile; fileRef = 29602B782278D12500A3A4B8 /* RxCocoa.framework */; };
		29602B7D2278D1A200A3A4B8 /* RxSwift.framework in Frameworks */ = {isa = PBXBuildFile; fileRef = 29602B732278D0EE00A3A4B8 /* RxSwift.framework */; };
		29602B812278D1A200A3A4B8 /* RxTest.framework in Frameworks */ = {isa = PBXBuildFile; fileRef = 29602B802278D1A200A3A4B8 /* RxTest.framework */; };
		29602B832278D1CA00A3A4B8 /* RxBlocking.framework in Frameworks */ = {isa = PBXBuildFile; fileRef = 29602B822278D1C900A3A4B8 /* RxBlocking.framework */; };
		29602B852278D25100A3A4B8 /* RxFlow.framework in Frameworks */ = {isa = PBXBuildFile; fileRef = 29602B742278D0EE00A3A4B8 /* RxFlow.framework */; };
		29D72D172278FD6C00909EFD /* Logger.swift in Sources */ = {isa = PBXBuildFile; fileRef = 29D72D162278FD6C00909EFD /* Logger.swift */; };
		29D72D192278FD9900909EFD /* LoggerLevel.swift in Sources */ = {isa = PBXBuildFile; fileRef = 29D72D182278FD9900909EFD /* LoggerLevel.swift */; };
		29D72D202278FF2900909EFD /* AppLogger.swift in Sources */ = {isa = PBXBuildFile; fileRef = 29D72D1F2278FF2900909EFD /* AppLogger.swift */; };
		F426E30F296F0F3EED25C0AA /* LaunchStepper.swift in Sources */ = {isa = PBXBuildFile; fileRef = F426E57862B529221A8E6C09 /* LaunchStepper.swift */; };
		F426E4B9C3A72B0440282238 /* AppLoggerConfig.swift in Sources */ = {isa = PBXBuildFile; fileRef = F426E98DEB04C703D0912875 /* AppLoggerConfig.swift */; };
		F426E5A6C1A0B97E077F6249 /* AppLoggerSpec.swift in Sources */ = {isa = PBXBuildFile; fileRef = F426EA9EEFD73EFA3145FEA1 /* AppLoggerSpec.swift */; };
		F426E6B2DFB79CBEB1CE2B74 /* RootFlow.swift in Sources */ = {isa = PBXBuildFile; fileRef = F426E98B13FD64316E62EC01 /* RootFlow.swift */; };
		F426E98400CE2377738F6D39 /* AppStep.swift in Sources */ = {isa = PBXBuildFile; fileRef = F426E80E6DB9428149B9B55D /* AppStep.swift */; };
		F426EC05484DCF782B76EB4C /* LaunchFlow.swift in Sources */ = {isa = PBXBuildFile; fileRef = F426EC3E6DCB31BF85B980F7 /* LaunchFlow.swift */; };
		F426ED5822CA81793AB831D2 /* DashboardFlow.swift in Sources */ = {isa = PBXBuildFile; fileRef = F426E5F31CBE1FACB35E8BA1 /* DashboardFlow.swift */; };
/* End PBXBuildFile section */

/* Begin PBXContainerItemProxy section */
		2910AC452278B5E600EC7A77 /* PBXContainerItemProxy */ = {
			isa = PBXContainerItemProxy;
			containerPortal = 2910AC282278B5E500EC7A77 /* Project object */;
			proxyType = 1;
			remoteGlobalIDString = 2910AC2F2278B5E500EC7A77;
			remoteInfo = RemakeStore;
		};
/* End PBXContainerItemProxy section */

/* Begin PBXFileReference section */
		2910AC302278B5E500EC7A77 /* RemakeStore.app */ = {isa = PBXFileReference; explicitFileType = wrapper.application; includeInIndex = 0; path = RemakeStore.app; sourceTree = BUILT_PRODUCTS_DIR; };
		2910AC332278B5E500EC7A77 /* AppDelegate.swift */ = {isa = PBXFileReference; lastKnownFileType = sourcecode.swift; path = AppDelegate.swift; sourceTree = "<group>"; };
		2910AC3A2278B5E600EC7A77 /* Assets.xcassets */ = {isa = PBXFileReference; lastKnownFileType = folder.assetcatalog; path = Assets.xcassets; sourceTree = "<group>"; };
		2910AC3D2278B5E600EC7A77 /* Base */ = {isa = PBXFileReference; lastKnownFileType = file.storyboard; name = Base; path = Base.lproj/LaunchScreen.storyboard; sourceTree = "<group>"; };
		2910AC3F2278B5E600EC7A77 /* Info.plist */ = {isa = PBXFileReference; lastKnownFileType = text.plist.xml; path = Info.plist; sourceTree = "<group>"; };
		2910AC442278B5E600EC7A77 /* RemakeStoreTests.xctest */ = {isa = PBXFileReference; explicitFileType = wrapper.cfbundle; includeInIndex = 0; path = RemakeStoreTests.xctest; sourceTree = BUILT_PRODUCTS_DIR; };
		2910AC482278B5E600EC7A77 /* RemakeStoreTests.swift */ = {isa = PBXFileReference; lastKnownFileType = sourcecode.swift; path = RemakeStoreTests.swift; sourceTree = "<group>"; };
		2910AC4A2278B5E600EC7A77 /* Info.plist */ = {isa = PBXFileReference; lastKnownFileType = text.plist.xml; path = Info.plist; sourceTree = "<group>"; };
		29602B722278D0EE00A3A4B8 /* SwiftyBeaver.framework */ = {isa = PBXFileReference; lastKnownFileType = wrapper.framework; name = SwiftyBeaver.framework; path = Carthage/Build/iOS/SwiftyBeaver.framework; sourceTree = "<group>"; };
		29602B732278D0EE00A3A4B8 /* RxSwift.framework */ = {isa = PBXFileReference; lastKnownFileType = wrapper.framework; name = RxSwift.framework; path = Carthage/Build/iOS/RxSwift.framework; sourceTree = "<group>"; };
		29602B742278D0EE00A3A4B8 /* RxFlow.framework */ = {isa = PBXFileReference; lastKnownFileType = wrapper.framework; name = RxFlow.framework; path = Carthage/Build/iOS/RxFlow.framework; sourceTree = "<group>"; };
		29602B782278D12500A3A4B8 /* RxCocoa.framework */ = {isa = PBXFileReference; lastKnownFileType = wrapper.framework; name = RxCocoa.framework; path = Carthage/Build/iOS/RxCocoa.framework; sourceTree = "<group>"; };
		29602B7A2278D16300A3A4B8 /* Swinject.framework */ = {isa = PBXFileReference; lastKnownFileType = wrapper.framework; name = Swinject.framework; path = Carthage/Build/iOS/Swinject.framework; sourceTree = "<group>"; };
		29602B802278D1A200A3A4B8 /* RxTest.framework */ = {isa = PBXFileReference; lastKnownFileType = wrapper.framework; name = RxTest.framework; path = Carthage/Build/iOS/RxTest.framework; sourceTree = "<group>"; };
		29602B822278D1C900A3A4B8 /* RxBlocking.framework */ = {isa = PBXFileReference; lastKnownFileType = wrapper.framework; name = RxBlocking.framework; path = Carthage/Build/iOS/RxBlocking.framework; sourceTree = "<group>"; };
		29D72D162278FD6C00909EFD /* Logger.swift */ = {isa = PBXFileReference; lastKnownFileType = sourcecode.swift; path = Logger.swift; sourceTree = "<group>"; };
		29D72D182278FD9900909EFD /* LoggerLevel.swift */ = {isa = PBXFileReference; lastKnownFileType = sourcecode.swift; path = LoggerLevel.swift; sourceTree = "<group>"; };
		29D72D1F2278FF2900909EFD /* AppLogger.swift */ = {isa = PBXFileReference; lastKnownFileType = sourcecode.swift; path = AppLogger.swift; sourceTree = "<group>"; };
		F426E57862B529221A8E6C09 /* LaunchStepper.swift */ = {isa = PBXFileReference; fileEncoding = 4; lastKnownFileType = sourcecode.swift; path = LaunchStepper.swift; sourceTree = "<group>"; };
		F426E5F31CBE1FACB35E8BA1 /* DashboardFlow.swift */ = {isa = PBXFileReference; fileEncoding = 4; lastKnownFileType = sourcecode.swift; path = DashboardFlow.swift; sourceTree = "<group>"; };
		F426E80E6DB9428149B9B55D /* AppStep.swift */ = {isa = PBXFileReference; fileEncoding = 4; lastKnownFileType = sourcecode.swift; path = AppStep.swift; sourceTree = "<group>"; };
		F426E98B13FD64316E62EC01 /* RootFlow.swift */ = {isa = PBXFileReference; fileEncoding = 4; lastKnownFileType = sourcecode.swift; path = RootFlow.swift; sourceTree = "<group>"; };
		F426E98DEB04C703D0912875 /* AppLoggerConfig.swift */ = {isa = PBXFileReference; fileEncoding = 4; lastKnownFileType = sourcecode.swift; path = AppLoggerConfig.swift; sourceTree = "<group>"; };
		F426EA9EEFD73EFA3145FEA1 /* AppLoggerSpec.swift */ = {isa = PBXFileReference; fileEncoding = 4; lastKnownFileType = sourcecode.swift; path = AppLoggerSpec.swift; sourceTree = "<group>"; };
		F426EC3E6DCB31BF85B980F7 /* LaunchFlow.swift */ = {isa = PBXFileReference; fileEncoding = 4; lastKnownFileType = sourcecode.swift; path = LaunchFlow.swift; sourceTree = "<group>"; };
/* End PBXFileReference section */

/* Begin PBXFrameworksBuildPhase section */
		2910AC2D2278B5E500EC7A77 /* Frameworks */ = {
			isa = PBXFrameworksBuildPhase;
			buildActionMask = 2147483647;
			files = (
				29602B7B2278D16300A3A4B8 /* Swinject.framework in Frameworks */,
				29602B792278D12500A3A4B8 /* RxCocoa.framework in Frameworks */,
				29602B752278D0EE00A3A4B8 /* SwiftyBeaver.framework in Frameworks */,
				29602B762278D0EE00A3A4B8 /* RxSwift.framework in Frameworks */,
				29602B772278D0EE00A3A4B8 /* RxFlow.framework in Frameworks */,
			);
			runOnlyForDeploymentPostprocessing = 0;
		};
		2910AC412278B5E600EC7A77 /* Frameworks */ = {
			isa = PBXFrameworksBuildPhase;
			buildActionMask = 2147483647;
			files = (
				29602B852278D25100A3A4B8 /* RxFlow.framework in Frameworks */,
				29602B832278D1CA00A3A4B8 /* RxBlocking.framework in Frameworks */,
				29602B812278D1A200A3A4B8 /* RxTest.framework in Frameworks */,
				29602B7C2278D1A200A3A4B8 /* RxCocoa.framework in Frameworks */,
				29602B7D2278D1A200A3A4B8 /* RxSwift.framework in Frameworks */,
			);
			runOnlyForDeploymentPostprocessing = 0;
		};
/* End PBXFrameworksBuildPhase section */

/* Begin PBXGroup section */
		2910AC272278B5E500EC7A77 = {
			isa = PBXGroup;
			children = (
				2910AC322278B5E500EC7A77 /* RemakeStore */,
				2910AC472278B5E600EC7A77 /* RemakeStoreTests */,
				2910AC312278B5E500EC7A77 /* Products */,
				29602B712278D0EE00A3A4B8 /* Frameworks */,
			);
			sourceTree = "<group>";
		};
		2910AC312278B5E500EC7A77 /* Products */ = {
			isa = PBXGroup;
			children = (
				2910AC302278B5E500EC7A77 /* RemakeStore.app */,
				2910AC442278B5E600EC7A77 /* RemakeStoreTests.xctest */,
			);
			name = Products;
			sourceTree = "<group>";
		};
		2910AC322278B5E500EC7A77 /* RemakeStore */ = {
			isa = PBXGroup;
			children = (
				29D72D142278FD5500909EFD /* Services */,
				295A82692278E4EE00F011C7 /* Flow */,
				29602B862278D26900A3A4B8 /* zResource */,
				2910AC332278B5E500EC7A77 /* AppDelegate.swift */,
			);
			path = RemakeStore;
			sourceTree = "<group>";
		};
		2910AC472278B5E600EC7A77 /* RemakeStoreTests */ = {
			isa = PBXGroup;
			children = (
				2910AC482278B5E600EC7A77 /* RemakeStoreTests.swift */,
				2910AC4A2278B5E600EC7A77 /* Info.plist */,
			);
			path = RemakeStoreTests;
			sourceTree = "<group>";
		};
		295A82692278E4EE00F011C7 /* Flow */ = {
			isa = PBXGroup;
			children = (
				295A826B2278E4F600F011C7 /* Launch */,
				295A826A2278E4EE00F011C7 /* Dashboard */,
				F426E98B13FD64316E62EC01 /* RootFlow.swift */,
				F426E80E6DB9428149B9B55D /* AppStep.swift */,
			);
			path = Flow;
			sourceTree = "<group>";
		};
		295A826A2278E4EE00F011C7 /* Dashboard */ = {
			isa = PBXGroup;
			children = (
				F426E5F31CBE1FACB35E8BA1 /* DashboardFlow.swift */,
			);
			path = Dashboard;
			sourceTree = "<group>";
		};
		295A826B2278E4F600F011C7 /* Launch */ = {
			isa = PBXGroup;
			children = (
				F426EC3E6DCB31BF85B980F7 /* LaunchFlow.swift */,
				F426E57862B529221A8E6C09 /* LaunchStepper.swift */,
			);
			path = Launch;
			sourceTree = "<group>";
		};
		29602B712278D0EE00A3A4B8 /* Frameworks */ = {
			isa = PBXGroup;
			children = (
				29602B822278D1C900A3A4B8 /* RxBlocking.framework */,
				29602B802278D1A200A3A4B8 /* RxTest.framework */,
				29602B7A2278D16300A3A4B8 /* Swinject.framework */,
				29602B782278D12500A3A4B8 /* RxCocoa.framework */,
				29602B742278D0EE00A3A4B8 /* RxFlow.framework */,
				29602B732278D0EE00A3A4B8 /* RxSwift.framework */,
				29602B722278D0EE00A3A4B8 /* SwiftyBeaver.framework */,
			);
			name = Frameworks;
			sourceTree = "<group>";
		};
		29602B862278D26900A3A4B8 /* zResource */ = {
			isa = PBXGroup;
			children = (
				2910AC3A2278B5E600EC7A77 /* Assets.xcassets */,
				2910AC3C2278B5E600EC7A77 /* LaunchScreen.storyboard */,
				2910AC3F2278B5E600EC7A77 /* Info.plist */,
			);
			path = zResource;
			sourceTree = "<group>";
		};
		29D72D142278FD5500909EFD /* Services */ = {
			isa = PBXGroup;
			children = (
				29D72D1D2278FF1200909EFD /* Plaform */,
				29D72D1C2278FE8E00909EFD /* Provider */,
			);
			path = Services;
			sourceTree = "<group>";
		};
		29D72D152278FD6000909EFD /* Logger */ = {
			isa = PBXGroup;
			children = (
				29D72D162278FD6C00909EFD /* Logger.swift */,
				29D72D182278FD9900909EFD /* LoggerLevel.swift */,
			);
			path = Logger;
			sourceTree = "<group>";
		};
		29D72D1C2278FE8E00909EFD /* Provider */ = {
			isa = PBXGroup;
			children = (
				29D72D152278FD6000909EFD /* Logger */,
			);
			path = Provider;
			sourceTree = "<group>";
		};
		29D72D1D2278FF1200909EFD /* Plaform */ = {
			isa = PBXGroup;
			children = (
				29D72D1E2278FF2100909EFD /* Logger */,
			);
			path = Plaform;
			sourceTree = "<group>";
		};
		29D72D1E2278FF2100909EFD /* Logger */ = {
			isa = PBXGroup;
			children = (
				29D72D1F2278FF2900909EFD /* AppLogger.swift */,
				F426E98DEB04C703D0912875 /* AppLoggerConfig.swift */,
				F426EA9EEFD73EFA3145FEA1 /* AppLoggerSpec.swift */,
			);
			path = Logger;
			sourceTree = "<group>";
		};
/* End PBXGroup section */

/* Begin PBXNativeTarget section */
		2910AC2F2278B5E500EC7A77 /* RemakeStore */ = {
			isa = PBXNativeTarget;
			buildConfigurationList = 2910AC4D2278B5E600EC7A77 /* Build configuration list for PBXNativeTarget "RemakeStore" */;
			buildPhases = (
				2910AC2C2278B5E500EC7A77 /* Sources */,
				2910AC2D2278B5E500EC7A77 /* Frameworks */,
				2910AC2E2278B5E500EC7A77 /* Resources */,
				29602B6D2278D04700A3A4B8 /* SwiftLint Run Script */,
				29602B6E2278D05700A3A4B8 /* Cartage Run Script */,
			);
			buildRules = (
			);
			dependencies = (
			);
			name = RemakeStore;
			productName = RemakeStore;
			productReference = 2910AC302278B5E500EC7A77 /* RemakeStore.app */;
			productType = "com.apple.product-type.application";
		};
		2910AC432278B5E600EC7A77 /* RemakeStoreTests */ = {
			isa = PBXNativeTarget;
			buildConfigurationList = 2910AC502278B5E600EC7A77 /* Build configuration list for PBXNativeTarget "RemakeStoreTests" */;
			buildPhases = (
				2910AC402278B5E600EC7A77 /* Sources */,
				2910AC412278B5E600EC7A77 /* Frameworks */,
				2910AC422278B5E600EC7A77 /* Resources */,
				29602B6F2278D09B00A3A4B8 /* SwiftLint Run Script */,
				29602B702278D0B200A3A4B8 /* Carthage Run Script */,
			);
			buildRules = (
			);
			dependencies = (
				2910AC462278B5E600EC7A77 /* PBXTargetDependency */,
			);
			name = RemakeStoreTests;
			productName = RemakeStoreTests;
			productReference = 2910AC442278B5E600EC7A77 /* RemakeStoreTests.xctest */;
			productType = "com.apple.product-type.bundle.unit-test";
		};
/* End PBXNativeTarget section */

/* Begin PBXProject section */
		2910AC282278B5E500EC7A77 /* Project object */ = {
			isa = PBXProject;
			attributes = {
				LastSwiftUpdateCheck = 1020;
				LastUpgradeCheck = 1020;
				ORGANIZATIONNAME = "Scott Moon";
				TargetAttributes = {
					2910AC2F2278B5E500EC7A77 = {
						CreatedOnToolsVersion = 10.2.1;
					};
					2910AC432278B5E600EC7A77 = {
						CreatedOnToolsVersion = 10.2.1;
						TestTargetID = 2910AC2F2278B5E500EC7A77;
					};
				};
			};
			buildConfigurationList = 2910AC2B2278B5E500EC7A77 /* Build configuration list for PBXProject "RemakeStore" */;
			compatibilityVersion = "Xcode 9.3";
			developmentRegion = en;
			hasScannedForEncodings = 0;
			knownRegions = (
				en,
				Base,
			);
			mainGroup = 2910AC272278B5E500EC7A77;
			productRefGroup = 2910AC312278B5E500EC7A77 /* Products */;
			projectDirPath = "";
			projectRoot = "";
			targets = (
				2910AC2F2278B5E500EC7A77 /* RemakeStore */,
				2910AC432278B5E600EC7A77 /* RemakeStoreTests */,
			);
		};
/* End PBXProject section */

/* Begin PBXResourcesBuildPhase section */
		2910AC2E2278B5E500EC7A77 /* Resources */ = {
			isa = PBXResourcesBuildPhase;
			buildActionMask = 2147483647;
			files = (
				2910AC3E2278B5E600EC7A77 /* LaunchScreen.storyboard in Resources */,
				2910AC3B2278B5E600EC7A77 /* Assets.xcassets in Resources */,
			);
			runOnlyForDeploymentPostprocessing = 0;
		};
		2910AC422278B5E600EC7A77 /* Resources */ = {
			isa = PBXResourcesBuildPhase;
			buildActionMask = 2147483647;
			files = (
			);
			runOnlyForDeploymentPostprocessing = 0;
		};
/* End PBXResourcesBuildPhase section */

/* Begin PBXShellScriptBuildPhase section */
		29602B6D2278D04700A3A4B8 /* SwiftLint Run Script */ = {
			isa = PBXShellScriptBuildPhase;
			buildActionMask = 2147483647;
			files = (
			);
			inputFileListPaths = (
			);
			inputPaths = (
			);
			name = "SwiftLint Run Script";
			outputFileListPaths = (
			);
			outputPaths = (
			);
			runOnlyForDeploymentPostprocessing = 0;
			shellPath = /bin/sh;
			shellScript = "if which swiftlint >/dev/null; then\n  swiftlint\nelse\n  echo \"warning: SwiftLint not installed, download from https://github.com/realm/SwiftLint\"\nfi\n";
		};
		29602B6E2278D05700A3A4B8 /* Cartage Run Script */ = {
			isa = PBXShellScriptBuildPhase;
			buildActionMask = 2147483647;
			files = (
			);
			inputFileListPaths = (
			);
			inputPaths = (
				"$(SRCROOT)/Carthage/Build/iOS/RxSwift.framework",
				"$(SRCROOT)/Carthage/Build/iOS/RxCocoa.framework",
				"$(SRCROOT)/Carthage/Build/iOS/RxFlow.framework",
				"$(SRCROOT)/Carthage/Build/iOS/SwiftyBeaver.framework",
				"$(SRCROOT)/Carthage/Build/iOS/Swinject.framework",
			);
			name = "Cartage Run Script";
			outputFileListPaths = (
			);
			outputPaths = (
			);
			runOnlyForDeploymentPostprocessing = 0;
			shellPath = /bin/sh;
			shellScript = "/usr/local/bin/carthage copy-frameworks\n";
		};
		29602B6F2278D09B00A3A4B8 /* SwiftLint Run Script */ = {
			isa = PBXShellScriptBuildPhase;
			buildActionMask = 2147483647;
			files = (
			);
			inputFileListPaths = (
			);
			inputPaths = (
			);
			name = "SwiftLint Run Script";
			outputFileListPaths = (
			);
			outputPaths = (
			);
			runOnlyForDeploymentPostprocessing = 0;
			shellPath = /bin/sh;
			shellScript = "if which swiftlint >/dev/null; then\n  swiftlint\nelse\n  echo \"warning: SwiftLint not installed, download from https://github.com/realm/SwiftLint\"\nfi\n";
		};
		29602B702278D0B200A3A4B8 /* Carthage Run Script */ = {
			isa = PBXShellScriptBuildPhase;
			buildActionMask = 2147483647;
			files = (
			);
			inputFileListPaths = (
			);
			inputPaths = (
				"$(SRCROOT)/Carthage/Build/iOS/RxSwift.framework",
				"$(SRCROOT)/Carthage/Build/iOS/RxTest.framework",
				"$(SRCROOT)/Carthage/Build/iOS/RxCocoa.framework",
				"$(SRCROOT)/Carthage/Build/iOS/RxFlow.framework",
				"$(SRCROOT)/Carthage/Build/iOS/RxBlocking.framework",
			);
			name = "Carthage Run Script";
			outputFileListPaths = (
			);
			outputPaths = (
			);
			runOnlyForDeploymentPostprocessing = 0;
			shellPath = /bin/sh;
			shellScript = "/usr/local/bin/carthage copy-frameworks\n";
		};
/* End PBXShellScriptBuildPhase section */

/* Begin PBXSourcesBuildPhase section */
		2910AC2C2278B5E500EC7A77 /* Sources */ = {
			isa = PBXSourcesBuildPhase;
			buildActionMask = 2147483647;
			files = (
				2910AC342278B5E500EC7A77 /* AppDelegate.swift in Sources */,
				F426E6B2DFB79CBEB1CE2B74 /* RootFlow.swift in Sources */,
				F426E98400CE2377738F6D39 /* AppStep.swift in Sources */,
				F426EC05484DCF782B76EB4C /* LaunchFlow.swift in Sources */,
				29D72D192278FD9900909EFD /* LoggerLevel.swift in Sources */,
				29D72D172278FD6C00909EFD /* Logger.swift in Sources */,
				29D72D202278FF2900909EFD /* AppLogger.swift in Sources */,
				F426E30F296F0F3EED25C0AA /* LaunchStepper.swift in Sources */,
				F426ED5822CA81793AB831D2 /* DashboardFlow.swift in Sources */,
				F426E4B9C3A72B0440282238 /* AppLoggerConfig.swift in Sources */,
			);
			runOnlyForDeploymentPostprocessing = 0;
		};
		2910AC402278B5E600EC7A77 /* Sources */ = {
			isa = PBXSourcesBuildPhase;
			buildActionMask = 2147483647;
			files = (
				2910AC492278B5E600EC7A77 /* RemakeStoreTests.swift in Sources */,
				F426E5A6C1A0B97E077F6249 /* AppLoggerSpec.swift in Sources */,
			);
			runOnlyForDeploymentPostprocessing = 0;
		};
/* End PBXSourcesBuildPhase section */

/* Begin PBXTargetDependency section */
		2910AC462278B5E600EC7A77 /* PBXTargetDependency */ = {
			isa = PBXTargetDependency;
			target = 2910AC2F2278B5E500EC7A77 /* RemakeStore */;
			targetProxy = 2910AC452278B5E600EC7A77 /* PBXContainerItemProxy */;
		};
/* End PBXTargetDependency section */

/* Begin PBXVariantGroup section */
		2910AC3C2278B5E600EC7A77 /* LaunchScreen.storyboard */ = {
			isa = PBXVariantGroup;
			children = (
				2910AC3D2278B5E600EC7A77 /* Base */,
			);
			name = LaunchScreen.storyboard;
			sourceTree = "<group>";
		};
/* End PBXVariantGroup section */

/* Begin XCBuildConfiguration section */
		2910AC4B2278B5E600EC7A77 /* Debug */ = {
			isa = XCBuildConfiguration;
			buildSettings = {
				ALWAYS_SEARCH_USER_PATHS = NO;
				CLANG_ANALYZER_NONNULL = YES;
				CLANG_ANALYZER_NUMBER_OBJECT_CONVERSION = YES_AGGRESSIVE;
				CLANG_CXX_LANGUAGE_STANDARD = "gnu++14";
				CLANG_CXX_LIBRARY = "libc++";
				CLANG_ENABLE_MODULES = YES;
				CLANG_ENABLE_OBJC_ARC = YES;
				CLANG_ENABLE_OBJC_WEAK = YES;
				CLANG_WARN_BLOCK_CAPTURE_AUTORELEASING = YES;
				CLANG_WARN_BOOL_CONVERSION = YES;
				CLANG_WARN_COMMA = YES;
				CLANG_WARN_CONSTANT_CONVERSION = YES;
				CLANG_WARN_DEPRECATED_OBJC_IMPLEMENTATIONS = YES;
				CLANG_WARN_DIRECT_OBJC_ISA_USAGE = YES_ERROR;
				CLANG_WARN_DOCUMENTATION_COMMENTS = YES;
				CLANG_WARN_EMPTY_BODY = YES;
				CLANG_WARN_ENUM_CONVERSION = YES;
				CLANG_WARN_INFINITE_RECURSION = YES;
				CLANG_WARN_INT_CONVERSION = YES;
				CLANG_WARN_NON_LITERAL_NULL_CONVERSION = YES;
				CLANG_WARN_OBJC_IMPLICIT_RETAIN_SELF = YES;
				CLANG_WARN_OBJC_LITERAL_CONVERSION = YES;
				CLANG_WARN_OBJC_ROOT_CLASS = YES_ERROR;
				CLANG_WARN_RANGE_LOOP_ANALYSIS = YES;
				CLANG_WARN_STRICT_PROTOTYPES = YES;
				CLANG_WARN_SUSPICIOUS_MOVE = YES;
				CLANG_WARN_UNGUARDED_AVAILABILITY = YES_AGGRESSIVE;
				CLANG_WARN_UNREACHABLE_CODE = YES;
				CLANG_WARN__DUPLICATE_METHOD_MATCH = YES;
				CODE_SIGN_IDENTITY = "iPhone Developer";
				COPY_PHASE_STRIP = NO;
				DEBUG_INFORMATION_FORMAT = dwarf;
				ENABLE_STRICT_OBJC_MSGSEND = YES;
				ENABLE_TESTABILITY = YES;
				GCC_C_LANGUAGE_STANDARD = gnu11;
				GCC_DYNAMIC_NO_PIC = NO;
				GCC_NO_COMMON_BLOCKS = YES;
				GCC_OPTIMIZATION_LEVEL = 0;
				GCC_PREPROCESSOR_DEFINITIONS = (
					"DEBUG=1",
					"$(inherited)",
				);
				GCC_WARN_64_TO_32_BIT_CONVERSION = YES;
				GCC_WARN_ABOUT_RETURN_TYPE = YES_ERROR;
				GCC_WARN_UNDECLARED_SELECTOR = YES;
				GCC_WARN_UNINITIALIZED_AUTOS = YES_AGGRESSIVE;
				GCC_WARN_UNUSED_FUNCTION = YES;
				GCC_WARN_UNUSED_VARIABLE = YES;
				IPHONEOS_DEPLOYMENT_TARGET = 12.2;
				MTL_ENABLE_DEBUG_INFO = INCLUDE_SOURCE;
				MTL_FAST_MATH = YES;
				ONLY_ACTIVE_ARCH = YES;
				SDKROOT = iphoneos;
				SWIFT_ACTIVE_COMPILATION_CONDITIONS = DEBUG;
				SWIFT_OPTIMIZATION_LEVEL = "-Onone";
			};
			name = Debug;
		};
		2910AC4C2278B5E600EC7A77 /* Release */ = {
			isa = XCBuildConfiguration;
			buildSettings = {
				ALWAYS_SEARCH_USER_PATHS = NO;
				CLANG_ANALYZER_NONNULL = YES;
				CLANG_ANALYZER_NUMBER_OBJECT_CONVERSION = YES_AGGRESSIVE;
				CLANG_CXX_LANGUAGE_STANDARD = "gnu++14";
				CLANG_CXX_LIBRARY = "libc++";
				CLANG_ENABLE_MODULES = YES;
				CLANG_ENABLE_OBJC_ARC = YES;
				CLANG_ENABLE_OBJC_WEAK = YES;
				CLANG_WARN_BLOCK_CAPTURE_AUTORELEASING = YES;
				CLANG_WARN_BOOL_CONVERSION = YES;
				CLANG_WARN_COMMA = YES;
				CLANG_WARN_CONSTANT_CONVERSION = YES;
				CLANG_WARN_DEPRECATED_OBJC_IMPLEMENTATIONS = YES;
				CLANG_WARN_DIRECT_OBJC_ISA_USAGE = YES_ERROR;
				CLANG_WARN_DOCUMENTATION_COMMENTS = YES;
				CLANG_WARN_EMPTY_BODY = YES;
				CLANG_WARN_ENUM_CONVERSION = YES;
				CLANG_WARN_INFINITE_RECURSION = YES;
				CLANG_WARN_INT_CONVERSION = YES;
				CLANG_WARN_NON_LITERAL_NULL_CONVERSION = YES;
				CLANG_WARN_OBJC_IMPLICIT_RETAIN_SELF = YES;
				CLANG_WARN_OBJC_LITERAL_CONVERSION = YES;
				CLANG_WARN_OBJC_ROOT_CLASS = YES_ERROR;
				CLANG_WARN_RANGE_LOOP_ANALYSIS = YES;
				CLANG_WARN_STRICT_PROTOTYPES = YES;
				CLANG_WARN_SUSPICIOUS_MOVE = YES;
				CLANG_WARN_UNGUARDED_AVAILABILITY = YES_AGGRESSIVE;
				CLANG_WARN_UNREACHABLE_CODE = YES;
				CLANG_WARN__DUPLICATE_METHOD_MATCH = YES;
				CODE_SIGN_IDENTITY = "iPhone Developer";
				COPY_PHASE_STRIP = NO;
				DEBUG_INFORMATION_FORMAT = "dwarf-with-dsym";
				ENABLE_NS_ASSERTIONS = NO;
				ENABLE_STRICT_OBJC_MSGSEND = YES;
				GCC_C_LANGUAGE_STANDARD = gnu11;
				GCC_NO_COMMON_BLOCKS = YES;
				GCC_WARN_64_TO_32_BIT_CONVERSION = YES;
				GCC_WARN_ABOUT_RETURN_TYPE = YES_ERROR;
				GCC_WARN_UNDECLARED_SELECTOR = YES;
				GCC_WARN_UNINITIALIZED_AUTOS = YES_AGGRESSIVE;
				GCC_WARN_UNUSED_FUNCTION = YES;
				GCC_WARN_UNUSED_VARIABLE = YES;
				IPHONEOS_DEPLOYMENT_TARGET = 12.2;
				MTL_ENABLE_DEBUG_INFO = NO;
				MTL_FAST_MATH = YES;
				SDKROOT = iphoneos;
				SWIFT_COMPILATION_MODE = wholemodule;
				SWIFT_OPTIMIZATION_LEVEL = "-O";
				VALIDATE_PRODUCT = YES;
			};
			name = Release;
		};
		2910AC4E2278B5E600EC7A77 /* Debug */ = {
			isa = XCBuildConfiguration;
			buildSettings = {
				ASSETCATALOG_COMPILER_APPICON_NAME = AppIcon;
				CODE_SIGN_STYLE = Manual;
				DEVELOPMENT_TEAM = "";
				FRAMEWORK_SEARCH_PATHS = (
					"$(inherited)",
					"$(PROJECT_DIR)/Carthage/Build/iOS",
				);
				INFOPLIST_FILE = "$(SRCROOT)/RemakeStore/zResource/Info.plist";
				LD_RUNPATH_SEARCH_PATHS = (
					"$(inherited)",
					"@executable_path/Frameworks",
				);
				PRODUCT_BUNDLE_IDENTIFIER = com.github.RemakeStore;
				PRODUCT_NAME = "$(TARGET_NAME)";
				PROVISIONING_PROFILE_SPECIFIER = "";
				SWIFT_VERSION = 5.0;
				TARGETED_DEVICE_FAMILY = 1;
			};
			name = Debug;
		};
		2910AC4F2278B5E600EC7A77 /* Release */ = {
			isa = XCBuildConfiguration;
			buildSettings = {
				ASSETCATALOG_COMPILER_APPICON_NAME = AppIcon;
				CODE_SIGN_STYLE = Manual;
				DEVELOPMENT_TEAM = "";
				FRAMEWORK_SEARCH_PATHS = (
					"$(inherited)",
					"$(PROJECT_DIR)/Carthage/Build/iOS",
				);
				INFOPLIST_FILE = "$(SRCROOT)/RemakeStore/zResource/Info.plist";
				LD_RUNPATH_SEARCH_PATHS = (
					"$(inherited)",
					"@executable_path/Frameworks",
				);
				PRODUCT_BUNDLE_IDENTIFIER = com.github.RemakeStore;
				PRODUCT_NAME = "$(TARGET_NAME)";
				PROVISIONING_PROFILE_SPECIFIER = "";
				SWIFT_VERSION = 5.0;
				TARGETED_DEVICE_FAMILY = 1;
			};
			name = Release;
		};
		2910AC512278B5E600EC7A77 /* Debug */ = {
			isa = XCBuildConfiguration;
			buildSettings = {
				ALWAYS_EMBED_SWIFT_STANDARD_LIBRARIES = YES;
				BUNDLE_LOADER = "$(TEST_HOST)";
				CODE_SIGN_STYLE = Manual;
				DEVELOPMENT_TEAM = "";
				FRAMEWORK_SEARCH_PATHS = (
					"$(inherited)",
					"$(PROJECT_DIR)/Carthage/Build/iOS",
				);
				INFOPLIST_FILE = RemakeStoreTests/Info.plist;
				LD_RUNPATH_SEARCH_PATHS = (
					"$(inherited)",
					"@executable_path/Frameworks",
					"@loader_path/Frameworks",
				);
				PRODUCT_BUNDLE_IDENTIFIER = com.github.RemakeStoreTests;
				PRODUCT_NAME = "$(TARGET_NAME)";
				PROVISIONING_PROFILE_SPECIFIER = "";
				SWIFT_VERSION = 5.0;
				TARGETED_DEVICE_FAMILY = "1,2";
				TEST_HOST = "$(BUILT_PRODUCTS_DIR)/RemakeStore.app/RemakeStore";
			};
			name = Debug;
		};
		2910AC522278B5E600EC7A77 /* Release */ = {
			isa = XCBuildConfiguration;
			buildSettings = {
				ALWAYS_EMBED_SWIFT_STANDARD_LIBRARIES = YES;
				BUNDLE_LOADER = "$(TEST_HOST)";
				CODE_SIGN_STYLE = Manual;
				DEVELOPMENT_TEAM = "";
				FRAMEWORK_SEARCH_PATHS = (
					"$(inherited)",
					"$(PROJECT_DIR)/Carthage/Build/iOS",
				);
				INFOPLIST_FILE = RemakeStoreTests/Info.plist;
				LD_RUNPATH_SEARCH_PATHS = (
					"$(inherited)",
					"@executable_path/Frameworks",
					"@loader_path/Frameworks",
				);
				PRODUCT_BUNDLE_IDENTIFIER = com.github.RemakeStoreTests;
				PRODUCT_NAME = "$(TARGET_NAME)";
				PROVISIONING_PROFILE_SPECIFIER = "";
				SWIFT_VERSION = 5.0;
				TARGETED_DEVICE_FAMILY = "1,2";
				TEST_HOST = "$(BUILT_PRODUCTS_DIR)/RemakeStore.app/RemakeStore";
			};
			name = Release;
		};
/* End XCBuildConfiguration section */

/* Begin XCConfigurationList section */
		2910AC2B2278B5E500EC7A77 /* Build configuration list for PBXProject "RemakeStore" */ = {
			isa = XCConfigurationList;
			buildConfigurations = (
				2910AC4B2278B5E600EC7A77 /* Debug */,
				2910AC4C2278B5E600EC7A77 /* Release */,
			);
			defaultConfigurationIsVisible = 0;
			defaultConfigurationName = Release;
		};
		2910AC4D2278B5E600EC7A77 /* Build configuration list for PBXNativeTarget "RemakeStore" */ = {
			isa = XCConfigurationList;
			buildConfigurations = (
				2910AC4E2278B5E600EC7A77 /* Debug */,
				2910AC4F2278B5E600EC7A77 /* Release */,
			);
			defaultConfigurationIsVisible = 0;
			defaultConfigurationName = Release;
		};
		2910AC502278B5E600EC7A77 /* Build configuration list for PBXNativeTarget "RemakeStoreTests" */ = {
			isa = XCConfigurationList;
			buildConfigurations = (
				2910AC512278B5E600EC7A77 /* Debug */,
				2910AC522278B5E600EC7A77 /* Release */,
			);
			defaultConfigurationIsVisible = 0;
			defaultConfigurationName = Release;
		};
/* End XCConfigurationList section */
	};
	rootObject = 2910AC282278B5E500EC7A77 /* Project object */;
}
