// !$*UTF8*$!
{
	archiveVersion = 1;
	classes = {
	};
	objectVersion = 50;
	objects = {

/* Begin PBXBuildFile section */
		290D7EC5227978370099A3C0 /* Swifter.framework in Frameworks */ = {isa = PBXBuildFile; fileRef = 290D7EC4227978370099A3C0 /* Swifter.framework */; };
		290D7EC72279789C0099A3C0 /* StubServer.swift in Sources */ = {isa = PBXBuildFile; fileRef = 290D7EC62279789C0099A3C0 /* StubServer.swift */; };
		2910AC342278B5E500EC7A77 /* AppDelegate.swift in Sources */ = {isa = PBXBuildFile; fileRef = 2910AC332278B5E500EC7A77 /* AppDelegate.swift */; };
		2910AC3B2278B5E600EC7A77 /* Assets.xcassets in Resources */ = {isa = PBXBuildFile; fileRef = 2910AC3A2278B5E600EC7A77 /* Assets.xcassets */; };
		2910AC3E2278B5E600EC7A77 /* LaunchScreen.storyboard in Resources */ = {isa = PBXBuildFile; fileRef = 2910AC3C2278B5E600EC7A77 /* LaunchScreen.storyboard */; };
		2910AC492278B5E600EC7A77 /* RemakeStoreTests.swift in Sources */ = {isa = PBXBuildFile; fileRef = 2910AC482278B5E600EC7A77 /* RemakeStoreTests.swift */; };
		29602B752278D0EE00A3A4B8 /* SwiftyBeaver.framework in Frameworks */ = {isa = PBXBuildFile; fileRef = 29602B722278D0EE00A3A4B8 /* SwiftyBeaver.framework */; };
		29602B762278D0EE00A3A4B8 /* RxSwift.framework in Frameworks */ = {isa = PBXBuildFile; fileRef = 29602B732278D0EE00A3A4B8 /* RxSwift.framework */; };
		29602B772278D0EE00A3A4B8 /* RxFlow.framework in Frameworks */ = {isa = PBXBuildFile; fileRef = 29602B742278D0EE00A3A4B8 /* RxFlow.framework */; };
		29602B792278D12500A3A4B8 /* RxCocoa.framework in Frameworks */ = {isa = PBXBuildFile; fileRef = 29602B782278D12500A3A4B8 /* RxCocoa.framework */; };
		29602B7B2278D16300A3A4B8 /* Swinject.framework in Frameworks */ = {isa = PBXBuildFile; fileRef = 29602B7A2278D16300A3A4B8 /* Swinject.framework */; };
		29602B7C2278D1A200A3A4B8 /* RxCocoa.framework in Frameworks */ = {isa = PBXBuildFile; fileRef = 29602B782278D12500A3A4B8 /* RxCocoa.framework */; };
		29602B7D2278D1A200A3A4B8 /* RxSwift.framework in Frameworks */ = {isa = PBXBuildFile; fileRef = 29602B732278D0EE00A3A4B8 /* RxSwift.framework */; };
		29602B812278D1A200A3A4B8 /* RxTest.framework in Frameworks */ = {isa = PBXBuildFile; fileRef = 29602B802278D1A200A3A4B8 /* RxTest.framework */; };
		29602B832278D1CA00A3A4B8 /* RxBlocking.framework in Frameworks */ = {isa = PBXBuildFile; fileRef = 29602B822278D1C900A3A4B8 /* RxBlocking.framework */; };
		29602B852278D25100A3A4B8 /* RxFlow.framework in Frameworks */ = {isa = PBXBuildFile; fileRef = 29602B742278D0EE00A3A4B8 /* RxFlow.framework */; };
		29D72D172278FD6C00909EFD /* Logger.swift in Sources */ = {isa = PBXBuildFile; fileRef = 29D72D162278FD6C00909EFD /* Logger.swift */; };
		29D72D192278FD9900909EFD /* LoggerLevel.swift in Sources */ = {isa = PBXBuildFile; fileRef = 29D72D182278FD9900909EFD /* LoggerLevel.swift */; };
		29D72D202278FF2900909EFD /* AppLogger.swift in Sources */ = {isa = PBXBuildFile; fileRef = 29D72D1F2278FF2900909EFD /* AppLogger.swift */; };
		29F4F64722790A98000C39BB /* HTTPMethod.swift in Sources */ = {isa = PBXBuildFile; fileRef = F426EFFC1D9AE1B00CD9E7D6 /* HTTPMethod.swift */; };
		F426E0E722472ADC6C4B3501 /* NSLocalizedTranslator.swift in Sources */ = {isa = PBXBuildFile; fileRef = F426E83E9EE86205E5A05644 /* NSLocalizedTranslator.swift */; };
		F426E1FFCCDBF8B3D02B9AF9 /* NetworkErrorSpec.swift in Sources */ = {isa = PBXBuildFile; fileRef = F426E8009428CC5B0CD6D62A /* NetworkErrorSpec.swift */; };
		F426E22165913F3F00D62EC5 /* URLSessionNetworkAdapterSpec.swift in Sources */ = {isa = PBXBuildFile; fileRef = F426EF35F8ED7BA0DD46290A /* URLSessionNetworkAdapterSpec.swift */; };
		F426E2D16371729BA56BC4F6 /* EndPoint.swift in Sources */ = {isa = PBXBuildFile; fileRef = F426E5E5B7BCEC9332A852F6 /* EndPoint.swift */; };
		F426E30F296F0F3EED25C0AA /* LaunchStepper.swift in Sources */ = {isa = PBXBuildFile; fileRef = F426E57862B529221A8E6C09 /* LaunchStepper.swift */; };
		F426E367FC78FFDE59E28441 /* NetworkActivityMock.swift in Sources */ = {isa = PBXBuildFile; fileRef = F426E0FF0EE56E86D7B3B5A4 /* NetworkActivityMock.swift */; };
		F426E4B9C3A72B0440282238 /* AppLoggerConfig.swift in Sources */ = {isa = PBXBuildFile; fileRef = F426E98DEB04C703D0912875 /* AppLoggerConfig.swift */; };
		F426E5A51E2AC17603904E16 /* HttpClient.swift in Sources */ = {isa = PBXBuildFile; fileRef = F426E5EDA4EC75319614BEE6 /* HttpClient.swift */; };
		F426E5A6C1A0B97E077F6249 /* AppLoggerSpec.swift in Sources */ = {isa = PBXBuildFile; fileRef = F426EA9EEFD73EFA3145FEA1 /* AppLoggerSpec.swift */; };
		F426E6B2DFB79CBEB1CE2B74 /* RootFlow.swift in Sources */ = {isa = PBXBuildFile; fileRef = F426E98B13FD64316E62EC01 /* RootFlow.swift */; };
		F426E70623E0185CFEB158E2 /* NetworkAdapter.swift in Sources */ = {isa = PBXBuildFile; fileRef = F426E784C5C2D73C88B26924 /* NetworkAdapter.swift */; };
		F426E7134F9255BC3D9619A6 /* AppResponse.swift in Sources */ = {isa = PBXBuildFile; fileRef = F426E1D794DC634E2262B1BB /* AppResponse.swift */; };
		F426E71EAA2A0C8CD8489D07 /* NetworkActivity.swift in Sources */ = {isa = PBXBuildFile; fileRef = F426E1E5F327832D3AB24EB7 /* NetworkActivity.swift */; };
		F426E74EE7D8CA4B935CA726 /* ResultContent.swift in Sources */ = {isa = PBXBuildFile; fileRef = F426E3C727D25A03938E49DC /* ResultContent.swift */; };
		F426E795D2E1D5CBFFFC8AD9 /* NSLocalizedTranslatorSpec.swift in Sources */ = {isa = PBXBuildFile; fileRef = F426E33C7CFCA43D8E265F11 /* NSLocalizedTranslatorSpec.swift */; };
		F426E98400CE2377738F6D39 /* AppStep.swift in Sources */ = {isa = PBXBuildFile; fileRef = F426E80E6DB9428149B9B55D /* AppStep.swift */; };
		F426EA7A6BBBB4ADD4ACD6FB /* NetworkError.swift in Sources */ = {isa = PBXBuildFile; fileRef = F426E6FC13411F25D7D84D0B /* NetworkError.swift */; };
		F426EBDA0D3DF0C1AEADE24A /* URLSessionNetworkAdapter.swift in Sources */ = {isa = PBXBuildFile; fileRef = F426EC473876527E47B3DABE /* URLSessionNetworkAdapter.swift */; };
		F426EC05484DCF782B76EB4C /* LaunchFlow.swift in Sources */ = {isa = PBXBuildFile; fileRef = F426EC3E6DCB31BF85B980F7 /* LaunchFlow.swift */; };
		F426EC1C55AC202DB39FEF42 /* AppResponseSpec.swift in Sources */ = {isa = PBXBuildFile; fileRef = F426EB47164522671E91140D /* AppResponseSpec.swift */; };
		F426ECB25E5C728085E2BC41 /* Translator.swift in Sources */ = {isa = PBXBuildFile; fileRef = F426E616591F950BF9316F46 /* Translator.swift */; };
		F426ECCAC6E7A1676AFDFAA6 /* Deserializable.swift in Sources */ = {isa = PBXBuildFile; fileRef = F426ED56522A8E1BD4674592 /* Deserializable.swift */; };
		F426ED5822CA81793AB831D2 /* DashboardFlow.swift in Sources */ = {isa = PBXBuildFile; fileRef = F426E5F31CBE1FACB35E8BA1 /* DashboardFlow.swift */; };
		F426EDC3BFE7EEEAF189DB70 /* HttpStatusCode.swift in Sources */ = {isa = PBXBuildFile; fileRef = F426E187F087F8CF0FF42BCE /* HttpStatusCode.swift */; };
		F426EDD08D385A371F42CCE6 /* HTTPErrorHandler.swift in Sources */ = {isa = PBXBuildFile; fileRef = F426E61F695B9805E5C8AF16 /* HTTPErrorHandler.swift */; };
		F426EE313E837849E0ED9BAF /* ErrorType.swift in Sources */ = {isa = PBXBuildFile; fileRef = F426EC0C7BE5D6771C41711E /* ErrorType.swift */; };
		F426EFE77E591FFA39A2069B /* Response.swift in Sources */ = {isa = PBXBuildFile; fileRef = F426E9B4C904B4326472F0CF /* Response.swift */; };
/* End PBXBuildFile section */

/* Begin PBXContainerItemProxy section */
		2910AC452278B5E600EC7A77 /* PBXContainerItemProxy */ = {
			isa = PBXContainerItemProxy;
			containerPortal = 2910AC282278B5E500EC7A77 /* Project object */;
			proxyType = 1;
			remoteGlobalIDString = 2910AC2F2278B5E500EC7A77;
			remoteInfo = RemakeStore;
		};
/* End PBXContainerItemProxy section */

/* Begin PBXFileReference section */
		290D7EC4227978370099A3C0 /* Swifter.framework */ = {isa = PBXFileReference; lastKnownFileType = wrapper.framework; name = Swifter.framework; path = Carthage/Build/iOS/Swifter.framework; sourceTree = "<group>"; };
		290D7EC62279789C0099A3C0 /* StubServer.swift */ = {isa = PBXFileReference; lastKnownFileType = sourcecode.swift; path = StubServer.swift; sourceTree = "<group>"; };
		2910AC302278B5E500EC7A77 /* RemakeStore.app */ = {isa = PBXFileReference; explicitFileType = wrapper.application; includeInIndex = 0; path = RemakeStore.app; sourceTree = BUILT_PRODUCTS_DIR; };
		2910AC332278B5E500EC7A77 /* AppDelegate.swift */ = {isa = PBXFileReference; lastKnownFileType = sourcecode.swift; path = AppDelegate.swift; sourceTree = "<group>"; };
		2910AC3A2278B5E600EC7A77 /* Assets.xcassets */ = {isa = PBXFileReference; lastKnownFileType = folder.assetcatalog; path = Assets.xcassets; sourceTree = "<group>"; };
		2910AC3D2278B5E600EC7A77 /* Base */ = {isa = PBXFileReference; lastKnownFileType = file.storyboard; name = Base; path = Base.lproj/LaunchScreen.storyboard; sourceTree = "<group>"; };
		2910AC3F2278B5E600EC7A77 /* Info.plist */ = {isa = PBXFileReference; lastKnownFileType = text.plist.xml; path = Info.plist; sourceTree = "<group>"; };
		2910AC442278B5E600EC7A77 /* RemakeStoreTests.xctest */ = {isa = PBXFileReference; explicitFileType = wrapper.cfbundle; includeInIndex = 0; path = RemakeStoreTests.xctest; sourceTree = BUILT_PRODUCTS_DIR; };
		2910AC482278B5E600EC7A77 /* RemakeStoreTests.swift */ = {isa = PBXFileReference; lastKnownFileType = sourcecode.swift; path = RemakeStoreTests.swift; sourceTree = "<group>"; };
		2910AC4A2278B5E600EC7A77 /* Info.plist */ = {isa = PBXFileReference; lastKnownFileType = text.plist.xml; path = Info.plist; sourceTree = "<group>"; };
		29602B722278D0EE00A3A4B8 /* SwiftyBeaver.framework */ = {isa = PBXFileReference; lastKnownFileType = wrapper.framework; name = SwiftyBeaver.framework; path = Carthage/Build/iOS/SwiftyBeaver.framework; sourceTree = "<group>"; };
		29602B732278D0EE00A3A4B8 /* RxSwift.framework */ = {isa = PBXFileReference; lastKnownFileType = wrapper.framework; name = RxSwift.framework; path = Carthage/Build/iOS/RxSwift.framework; sourceTree = "<group>"; };
		29602B742278D0EE00A3A4B8 /* RxFlow.framework */ = {isa = PBXFileReference; lastKnownFileType = wrapper.framework; name = RxFlow.framework; path = Carthage/Build/iOS/RxFlow.framework; sourceTree = "<group>"; };
		29602B782278D12500A3A4B8 /* RxCocoa.framework */ = {isa = PBXFileReference; lastKnownFileType = wrapper.framework; name = RxCocoa.framework; path = Carthage/Build/iOS/RxCocoa.framework; sourceTree = "<group>"; };
		29602B7A2278D16300A3A4B8 /* Swinject.framework */ = {isa = PBXFileReference; lastKnownFileType = wrapper.framework; name = Swinject.framework; path = Carthage/Build/iOS/Swinject.framework; sourceTree = "<group>"; };
		29602B802278D1A200A3A4B8 /* RxTest.framework */ = {isa = PBXFileReference; lastKnownFileType = wrapper.framework; name = RxTest.framework; path = Carthage/Build/iOS/RxTest.framework; sourceTree = "<group>"; };
		29602B822278D1C900A3A4B8 /* RxBlocking.framework */ = {isa = PBXFileReference; lastKnownFileType = wrapper.framework; name = RxBlocking.framework; path = Carthage/Build/iOS/RxBlocking.framework; sourceTree = "<group>"; };
		29D72D162278FD6C00909EFD /* Logger.swift */ = {isa = PBXFileReference; lastKnownFileType = sourcecode.swift; path = Logger.swift; sourceTree = "<group>"; };
		29D72D182278FD9900909EFD /* LoggerLevel.swift */ = {isa = PBXFileReference; lastKnownFileType = sourcecode.swift; path = LoggerLevel.swift; sourceTree = "<group>"; };
		29D72D1F2278FF2900909EFD /* AppLogger.swift */ = {isa = PBXFileReference; lastKnownFileType = sourcecode.swift; path = AppLogger.swift; sourceTree = "<group>"; };
		F426E0FF0EE56E86D7B3B5A4 /* NetworkActivityMock.swift */ = {isa = PBXFileReference; fileEncoding = 4; lastKnownFileType = sourcecode.swift; path = NetworkActivityMock.swift; sourceTree = "<group>"; };
		F426E187F087F8CF0FF42BCE /* HttpStatusCode.swift */ = {isa = PBXFileReference; fileEncoding = 4; lastKnownFileType = sourcecode.swift; path = HttpStatusCode.swift; sourceTree = "<group>"; };
		F426E1D794DC634E2262B1BB /* AppResponse.swift */ = {isa = PBXFileReference; fileEncoding = 4; lastKnownFileType = sourcecode.swift; path = AppResponse.swift; sourceTree = "<group>"; };
		F426E1E5F327832D3AB24EB7 /* NetworkActivity.swift */ = {isa = PBXFileReference; fileEncoding = 4; lastKnownFileType = sourcecode.swift; path = NetworkActivity.swift; sourceTree = "<group>"; };
		F426E33C7CFCA43D8E265F11 /* NSLocalizedTranslatorSpec.swift */ = {isa = PBXFileReference; fileEncoding = 4; lastKnownFileType = sourcecode.swift; path = NSLocalizedTranslatorSpec.swift; sourceTree = "<group>"; };
		F426E3C727D25A03938E49DC /* ResultContent.swift */ = {isa = PBXFileReference; fileEncoding = 4; lastKnownFileType = sourcecode.swift; path = ResultContent.swift; sourceTree = "<group>"; };
		F426E57862B529221A8E6C09 /* LaunchStepper.swift */ = {isa = PBXFileReference; fileEncoding = 4; lastKnownFileType = sourcecode.swift; path = LaunchStepper.swift; sourceTree = "<group>"; };
		F426E5E5B7BCEC9332A852F6 /* EndPoint.swift */ = {isa = PBXFileReference; fileEncoding = 4; lastKnownFileType = sourcecode.swift; path = EndPoint.swift; sourceTree = "<group>"; };
		F426E5EDA4EC75319614BEE6 /* HttpClient.swift */ = {isa = PBXFileReference; fileEncoding = 4; lastKnownFileType = sourcecode.swift; path = HttpClient.swift; sourceTree = "<group>"; };
		F426E5F31CBE1FACB35E8BA1 /* DashboardFlow.swift */ = {isa = PBXFileReference; fileEncoding = 4; lastKnownFileType = sourcecode.swift; path = DashboardFlow.swift; sourceTree = "<group>"; };
		F426E616591F950BF9316F46 /* Translator.swift */ = {isa = PBXFileReference; fileEncoding = 4; lastKnownFileType = sourcecode.swift; path = Translator.swift; sourceTree = "<group>"; };
		F426E61F695B9805E5C8AF16 /* HTTPErrorHandler.swift */ = {isa = PBXFileReference; fileEncoding = 4; lastKnownFileType = sourcecode.swift; path = HTTPErrorHandler.swift; sourceTree = "<group>"; };
		F426E6FC13411F25D7D84D0B /* NetworkError.swift */ = {isa = PBXFileReference; fileEncoding = 4; lastKnownFileType = sourcecode.swift; path = NetworkError.swift; sourceTree = "<group>"; };
		F426E784C5C2D73C88B26924 /* NetworkAdapter.swift */ = {isa = PBXFileReference; fileEncoding = 4; lastKnownFileType = sourcecode.swift; path = NetworkAdapter.swift; sourceTree = "<group>"; };
		F426E8009428CC5B0CD6D62A /* NetworkErrorSpec.swift */ = {isa = PBXFileReference; fileEncoding = 4; lastKnownFileType = sourcecode.swift; path = NetworkErrorSpec.swift; sourceTree = "<group>"; };
		F426E80E6DB9428149B9B55D /* AppStep.swift */ = {isa = PBXFileReference; fileEncoding = 4; lastKnownFileType = sourcecode.swift; path = AppStep.swift; sourceTree = "<group>"; };
		F426E83E9EE86205E5A05644 /* NSLocalizedTranslator.swift */ = {isa = PBXFileReference; fileEncoding = 4; lastKnownFileType = sourcecode.swift; path = NSLocalizedTranslator.swift; sourceTree = "<group>"; };
		F426E98B13FD64316E62EC01 /* RootFlow.swift */ = {isa = PBXFileReference; fileEncoding = 4; lastKnownFileType = sourcecode.swift; path = RootFlow.swift; sourceTree = "<group>"; };
		F426E98DEB04C703D0912875 /* AppLoggerConfig.swift */ = {isa = PBXFileReference; fileEncoding = 4; lastKnownFileType = sourcecode.swift; path = AppLoggerConfig.swift; sourceTree = "<group>"; };
		F426E9B4C904B4326472F0CF /* Response.swift */ = {isa = PBXFileReference; fileEncoding = 4; lastKnownFileType = sourcecode.swift; path = Response.swift; sourceTree = "<group>"; };
		F426EA9EEFD73EFA3145FEA1 /* AppLoggerSpec.swift */ = {isa = PBXFileReference; fileEncoding = 4; lastKnownFileType = sourcecode.swift; path = AppLoggerSpec.swift; sourceTree = "<group>"; };
		F426EB47164522671E91140D /* AppResponseSpec.swift */ = {isa = PBXFileReference; fileEncoding = 4; lastKnownFileType = sourcecode.swift; path = AppResponseSpec.swift; sourceTree = "<group>"; };
		F426EC0C7BE5D6771C41711E /* ErrorType.swift */ = {isa = PBXFileReference; fileEncoding = 4; lastKnownFileType = sourcecode.swift; path = ErrorType.swift; sourceTree = "<group>"; };
		F426EC3E6DCB31BF85B980F7 /* LaunchFlow.swift */ = {isa = PBXFileReference; fileEncoding = 4; lastKnownFileType = sourcecode.swift; path = LaunchFlow.swift; sourceTree = "<group>"; };
		F426EC473876527E47B3DABE /* URLSessionNetworkAdapter.swift */ = {isa = PBXFileReference; fileEncoding = 4; lastKnownFileType = sourcecode.swift; path = URLSessionNetworkAdapter.swift; sourceTree = "<group>"; };
		F426ED56522A8E1BD4674592 /* Deserializable.swift */ = {isa = PBXFileReference; fileEncoding = 4; lastKnownFileType = sourcecode.swift; path = Deserializable.swift; sourceTree = "<group>"; };
		F426EF35F8ED7BA0DD46290A /* URLSessionNetworkAdapterSpec.swift */ = {isa = PBXFileReference; fileEncoding = 4; lastKnownFileType = sourcecode.swift; path = URLSessionNetworkAdapterSpec.swift; sourceTree = "<group>"; };
		F426EFFC1D9AE1B00CD9E7D6 /* HTTPMethod.swift */ = {isa = PBXFileReference; fileEncoding = 4; lastKnownFileType = sourcecode.swift; path = HTTPMethod.swift; sourceTree = "<group>"; };
/* End PBXFileReference section */

/* Begin PBXFrameworksBuildPhase section */
		2910AC2D2278B5E500EC7A77 /* Frameworks */ = {
			isa = PBXFrameworksBuildPhase;
			buildActionMask = 2147483647;
			files = (
				29602B7B2278D16300A3A4B8 /* Swinject.framework in Frameworks */,
				29602B792278D12500A3A4B8 /* RxCocoa.framework in Frameworks */,
				29602B752278D0EE00A3A4B8 /* SwiftyBeaver.framework in Frameworks */,
				29602B762278D0EE00A3A4B8 /* RxSwift.framework in Frameworks */,
				29602B772278D0EE00A3A4B8 /* RxFlow.framework in Frameworks */,
			);
			runOnlyForDeploymentPostprocessing = 0;
		};
		2910AC412278B5E600EC7A77 /* Frameworks */ = {
			isa = PBXFrameworksBuildPhase;
			buildActionMask = 2147483647;
			files = (
				290D7EC5227978370099A3C0 /* Swifter.framework in Frameworks */,
				29602B852278D25100A3A4B8 /* RxFlow.framework in Frameworks */,
				29602B832278D1CA00A3A4B8 /* RxBlocking.framework in Frameworks */,
				29602B812278D1A200A3A4B8 /* RxTest.framework in Frameworks */,
				29602B7C2278D1A200A3A4B8 /* RxCocoa.framework in Frameworks */,
				29602B7D2278D1A200A3A4B8 /* RxSwift.framework in Frameworks */,
			);
			runOnlyForDeploymentPostprocessing = 0;
		};
/* End PBXFrameworksBuildPhase section */

/* Begin PBXGroup section */
		2910AC272278B5E500EC7A77 = {
			isa = PBXGroup;
			children = (
				2910AC322278B5E500EC7A77 /* RemakeStore */,
				2910AC472278B5E600EC7A77 /* RemakeStoreTests */,
				2910AC312278B5E500EC7A77 /* Products */,
				29602B712278D0EE00A3A4B8 /* Frameworks */,
			);
			sourceTree = "<group>";
		};
		2910AC312278B5E500EC7A77 /* Products */ = {
			isa = PBXGroup;
			children = (
				2910AC302278B5E500EC7A77 /* RemakeStore.app */,
				2910AC442278B5E600EC7A77 /* RemakeStoreTests.xctest */,
			);
			name = Products;
			sourceTree = "<group>";
		};
		2910AC322278B5E500EC7A77 /* RemakeStore */ = {
			isa = PBXGroup;
			children = (
				29D72D142278FD5500909EFD /* Services */,
				295A82692278E4EE00F011C7 /* Flow */,
				29602B862278D26900A3A4B8 /* zResource */,
				2910AC332278B5E500EC7A77 /* AppDelegate.swift */,
			);
			path = RemakeStore;
			sourceTree = "<group>";
		};
		2910AC472278B5E600EC7A77 /* RemakeStoreTests */ = {
			isa = PBXGroup;
			children = (
				2910AC482278B5E600EC7A77 /* RemakeStoreTests.swift */,
				2910AC4A2278B5E600EC7A77 /* Info.plist */,
				F426EED806329A6683AA3D01 /* Stub */,
			);
			path = RemakeStoreTests;
			sourceTree = "<group>";
		};
		295A82692278E4EE00F011C7 /* Flow */ = {
			isa = PBXGroup;
			children = (
				295A826B2278E4F600F011C7 /* Launch */,
				295A826A2278E4EE00F011C7 /* Dashboard */,
				F426E98B13FD64316E62EC01 /* RootFlow.swift */,
				F426E80E6DB9428149B9B55D /* AppStep.swift */,
			);
			path = Flow;
			sourceTree = "<group>";
		};
		295A826A2278E4EE00F011C7 /* Dashboard */ = {
			isa = PBXGroup;
			children = (
				F426E5F31CBE1FACB35E8BA1 /* DashboardFlow.swift */,
			);
			path = Dashboard;
			sourceTree = "<group>";
		};
		295A826B2278E4F600F011C7 /* Launch */ = {
			isa = PBXGroup;
			children = (
				F426EC3E6DCB31BF85B980F7 /* LaunchFlow.swift */,
				F426E57862B529221A8E6C09 /* LaunchStepper.swift */,
			);
			path = Launch;
			sourceTree = "<group>";
		};
		29602B712278D0EE00A3A4B8 /* Frameworks */ = {
			isa = PBXGroup;
			children = (
				290D7EC4227978370099A3C0 /* Swifter.framework */,
				29602B822278D1C900A3A4B8 /* RxBlocking.framework */,
				29602B802278D1A200A3A4B8 /* RxTest.framework */,
				29602B7A2278D16300A3A4B8 /* Swinject.framework */,
				29602B782278D12500A3A4B8 /* RxCocoa.framework */,
				29602B742278D0EE00A3A4B8 /* RxFlow.framework */,
				29602B732278D0EE00A3A4B8 /* RxSwift.framework */,
				29602B722278D0EE00A3A4B8 /* SwiftyBeaver.framework */,
			);
			name = Frameworks;
			sourceTree = "<group>";
		};
		29602B862278D26900A3A4B8 /* zResource */ = {
			isa = PBXGroup;
			children = (
				2910AC3A2278B5E600EC7A77 /* Assets.xcassets */,
				2910AC3C2278B5E600EC7A77 /* LaunchScreen.storyboard */,
				2910AC3F2278B5E600EC7A77 /* Info.plist */,
			);
			path = zResource;
			sourceTree = "<group>";
		};
		29D72D142278FD5500909EFD /* Services */ = {
			isa = PBXGroup;
			children = (
				29D72D1D2278FF1200909EFD /* Plaform */,
				29D72D1C2278FE8E00909EFD /* Provider */,
			);
			path = Services;
			sourceTree = "<group>";
		};
		29D72D152278FD6000909EFD /* Logger */ = {
			isa = PBXGroup;
			children = (
				29D72D162278FD6C00909EFD /* Logger.swift */,
				29D72D182278FD9900909EFD /* LoggerLevel.swift */,
			);
			path = Logger;
			sourceTree = "<group>";
		};
		29D72D1C2278FE8E00909EFD /* Provider */ = {
			isa = PBXGroup;
			children = (
				29D72D152278FD6000909EFD /* Logger */,
				F426E7CC5C21DC7013C8F6C9 /* Network */,
				F426E515DAC606A9DA8FEA8C /* Common */,
			);
			path = Provider;
			sourceTree = "<group>";
		};
		29D72D1D2278FF1200909EFD /* Plaform */ = {
			isa = PBXGroup;
			children = (
				29D72D1E2278FF2100909EFD /* Logger */,
				F426E56B388F6760168E5967 /* Network */,
				F426EF8ED042B1F9E7CFAA9A /* Common */,
			);
			path = Plaform;
			sourceTree = "<group>";
		};
		29D72D1E2278FF2100909EFD /* Logger */ = {
			isa = PBXGroup;
			children = (
				29D72D1F2278FF2900909EFD /* AppLogger.swift */,
				F426E98DEB04C703D0912875 /* AppLoggerConfig.swift */,
				F426EA9EEFD73EFA3145FEA1 /* AppLoggerSpec.swift */,
			);
			path = Logger;
			sourceTree = "<group>";
		};
		F426E12E56FCC04DF9ADAF39 /* Response */ = {
			isa = PBXGroup;
			children = (
				F426E187F087F8CF0FF42BCE /* HttpStatusCode.swift */,
				F426E9B4C904B4326472F0CF /* Response.swift */,
				F426E3C727D25A03938E49DC /* ResultContent.swift */,
			);
			path = Response;
			sourceTree = "<group>";
		};
		F426E1428D71531DAD32E230 /* Translator */ = {
			isa = PBXGroup;
			children = (
				F426E616591F950BF9316F46 /* Translator.swift */,
			);
			path = Translator;
			sourceTree = "<group>";
		};
		F426E33328008F5CD70311ED /* NetworkActivity */ = {
			isa = PBXGroup;
			children = (
				F426E1E5F327832D3AB24EB7 /* NetworkActivity.swift */,
			);
			path = NetworkActivity;
			sourceTree = "<group>";
		};
		F426E3CA229AE99D4E74FAE6 /* Translator */ = {
			isa = PBXGroup;
			children = (
				F426E83E9EE86205E5A05644 /* NSLocalizedTranslator.swift */,
				F426E33C7CFCA43D8E265F11 /* NSLocalizedTranslatorSpec.swift */,
			);
			path = Translator;
			sourceTree = "<group>";
		};
		F426E3E6904543C89B3ED44A /* Response */ = {
			isa = PBXGroup;
			children = (
				F426E1D794DC634E2262B1BB /* AppResponse.swift */,
				F426EB47164522671E91140D /* AppResponseSpec.swift */,
			);
			path = Response;
			sourceTree = "<group>";
		};
		F426E49F15C462D5CED95B4E /* ErrorType */ = {
			isa = PBXGroup;
			children = (
				F426EC0C7BE5D6771C41711E /* ErrorType.swift */,
			);
			path = ErrorType;
			sourceTree = "<group>";
		};
		F426E515DAC606A9DA8FEA8C /* Common */ = {
			isa = PBXGroup;
			children = (
				F426E49F15C462D5CED95B4E /* ErrorType */,
				F426E1428D71531DAD32E230 /* Translator */,
			);
			path = Common;
			sourceTree = "<group>";
		};
		F426E56B388F6760168E5967 /* Network */ = {
			isa = PBXGroup;
			children = (
				F426E3E6904543C89B3ED44A /* Response */,
				F426EE82289C725BE46231A3 /* NetworkAdapter */,
				F426E57CB806661F5945A76D /* NetworkAcitivy */,
			);
			path = Network;
			sourceTree = "<group>";
		};
		F426E57CB806661F5945A76D /* NetworkAcitivy */ = {
			isa = PBXGroup;
			children = (
				F426ED2296CDAB66B748508F /* Mock */,
			);
			path = NetworkAcitivy;
			sourceTree = "<group>";
		};
		F426E6201D645C1D62000F86 /* Parser */ = {
			isa = PBXGroup;
			children = (
				F426ED56522A8E1BD4674592 /* Deserializable.swift */,
			);
			path = Parser;
			sourceTree = "<group>";
		};
		F426E65167C027B79C098E26 /* ErrorType */ = {
			isa = PBXGroup;
			children = (
				F426E6FC13411F25D7D84D0B /* NetworkError.swift */,
				F426E8009428CC5B0CD6D62A /* NetworkErrorSpec.swift */,
			);
			path = ErrorType;
			sourceTree = "<group>";
		};
		F426E750906E1CD87958F77C /* NetworkAdapter */ = {
			isa = PBXGroup;
			children = (
				F426E784C5C2D73C88B26924 /* NetworkAdapter.swift */,
			);
			path = NetworkAdapter;
			sourceTree = "<group>";
		};
		F426E7CC5C21DC7013C8F6C9 /* Network */ = {
			isa = PBXGroup;
			children = (
				F426EFFC1D9AE1B00CD9E7D6 /* HTTPMethod.swift */,
				F426E12E56FCC04DF9ADAF39 /* Response */,
				F426E33328008F5CD70311ED /* NetworkActivity */,
				F426EC119338055B1D306286 /* HTTPErrorHandler */,
				F426E750906E1CD87958F77C /* NetworkAdapter */,
				F426EADB8966134693DABD4C /* HTTPClient */,
				F426EE2E7A45874E783D3D1C /* Endpoint */,
				F426E6201D645C1D62000F86 /* Parser */,
			);
			path = Network;
			sourceTree = "<group>";
		};
		F426EADB8966134693DABD4C /* HTTPClient */ = {
			isa = PBXGroup;
			children = (
				F426E5EDA4EC75319614BEE6 /* HttpClient.swift */,
			);
			path = HTTPClient;
			sourceTree = "<group>";
		};
		F426EC119338055B1D306286 /* HTTPErrorHandler */ = {
			isa = PBXGroup;
			children = (
				F426E61F695B9805E5C8AF16 /* HTTPErrorHandler.swift */,
			);
			path = HTTPErrorHandler;
			sourceTree = "<group>";
		};
		F426ED2296CDAB66B748508F /* Mock */ = {
			isa = PBXGroup;
			children = (
				F426E0FF0EE56E86D7B3B5A4 /* NetworkActivityMock.swift */,
			);
			path = Mock;
			sourceTree = "<group>";
		};
		F426EE2E7A45874E783D3D1C /* Endpoint */ = {
			isa = PBXGroup;
			children = (
				F426E5E5B7BCEC9332A852F6 /* EndPoint.swift */,
			);
			path = Endpoint;
			sourceTree = "<group>";
		};
		F426EE82289C725BE46231A3 /* NetworkAdapter */ = {
			isa = PBXGroup;
			children = (
				F426EC473876527E47B3DABE /* URLSessionNetworkAdapter.swift */,
				F426EF35F8ED7BA0DD46290A /* URLSessionNetworkAdapterSpec.swift */,
			);
			path = NetworkAdapter;
			sourceTree = "<group>";
		};
		F426EED806329A6683AA3D01 /* Stub */ = {
			isa = PBXGroup;
			children = (
				290D7EC62279789C0099A3C0 /* StubServer.swift */,
			);
			path = Stub;
			sourceTree = "<group>";
		};
		F426EF8ED042B1F9E7CFAA9A /* Common */ = {
			isa = PBXGroup;
			children = (
				F426E65167C027B79C098E26 /* ErrorType */,
				F426E3CA229AE99D4E74FAE6 /* Translator */,
			);
			path = Common;
			sourceTree = "<group>";
		};
/* End PBXGroup section */

/* Begin PBXNativeTarget section */
		2910AC2F2278B5E500EC7A77 /* RemakeStore */ = {
			isa = PBXNativeTarget;
			buildConfigurationList = 2910AC4D2278B5E600EC7A77 /* Build configuration list for PBXNativeTarget "RemakeStore" */;
			buildPhases = (
				2910AC2C2278B5E500EC7A77 /* Sources */,
				2910AC2D2278B5E500EC7A77 /* Frameworks */,
				2910AC2E2278B5E500EC7A77 /* Resources */,
				29602B6D2278D04700A3A4B8 /* SwiftLint Run Script */,
				29602B6E2278D05700A3A4B8 /* Cartage Run Script */,
			);
			buildRules = (
			);
			dependencies = (
			);
			name = RemakeStore;
			productName = RemakeStore;
			productReference = 2910AC302278B5E500EC7A77 /* RemakeStore.app */;
			productType = "com.apple.product-type.application";
		};
		2910AC432278B5E600EC7A77 /* RemakeStoreTests */ = {
			isa = PBXNativeTarget;
			buildConfigurationList = 2910AC502278B5E600EC7A77 /* Build configuration list for PBXNativeTarget "RemakeStoreTests" */;
			buildPhases = (
				2910AC402278B5E600EC7A77 /* Sources */,
				2910AC412278B5E600EC7A77 /* Frameworks */,
				2910AC422278B5E600EC7A77 /* Resources */,
				29602B702278D0B200A3A4B8 /* Carthage Run Script */,
				290D7EC32279289D0099A3C0 /* SwiftLint Run Script */,
			);
			buildRules = (
			);
			dependencies = (
				2910AC462278B5E600EC7A77 /* PBXTargetDependency */,
			);
			name = RemakeStoreTests;
			productName = RemakeStoreTests;
			productReference = 2910AC442278B5E600EC7A77 /* RemakeStoreTests.xctest */;
			productType = "com.apple.product-type.bundle.unit-test";
		};
/* End PBXNativeTarget section */

/* Begin PBXProject section */
		2910AC282278B5E500EC7A77 /* Project object */ = {
			isa = PBXProject;
			attributes = {
				LastSwiftUpdateCheck = 1020;
				LastUpgradeCheck = 1020;
				ORGANIZATIONNAME = "Scott Moon";
				TargetAttributes = {
					2910AC2F2278B5E500EC7A77 = {
						CreatedOnToolsVersion = 10.2.1;
					};
					2910AC432278B5E600EC7A77 = {
						CreatedOnToolsVersion = 10.2.1;
						TestTargetID = 2910AC2F2278B5E500EC7A77;
					};
				};
			};
			buildConfigurationList = 2910AC2B2278B5E500EC7A77 /* Build configuration list for PBXProject "RemakeStore" */;
			compatibilityVersion = "Xcode 9.3";
			developmentRegion = en;
			hasScannedForEncodings = 0;
			knownRegions = (
				en,
				Base,
			);
			mainGroup = 2910AC272278B5E500EC7A77;
			productRefGroup = 2910AC312278B5E500EC7A77 /* Products */;
			projectDirPath = "";
			projectRoot = "";
			targets = (
				2910AC2F2278B5E500EC7A77 /* RemakeStore */,
				2910AC432278B5E600EC7A77 /* RemakeStoreTests */,
			);
		};
/* End PBXProject section */

/* Begin PBXResourcesBuildPhase section */
		2910AC2E2278B5E500EC7A77 /* Resources */ = {
			isa = PBXResourcesBuildPhase;
			buildActionMask = 2147483647;
			files = (
				2910AC3E2278B5E600EC7A77 /* LaunchScreen.storyboard in Resources */,
				2910AC3B2278B5E600EC7A77 /* Assets.xcassets in Resources */,
			);
			runOnlyForDeploymentPostprocessing = 0;
		};
		2910AC422278B5E600EC7A77 /* Resources */ = {
			isa = PBXResourcesBuildPhase;
			buildActionMask = 2147483647;
			files = (
			);
			runOnlyForDeploymentPostprocessing = 0;
		};
/* End PBXResourcesBuildPhase section */

/* Begin PBXShellScriptBuildPhase section */
		290D7EC32279289D0099A3C0 /* SwiftLint Run Script */ = {
			isa = PBXShellScriptBuildPhase;
			buildActionMask = 2147483647;
			files = (
			);
			inputFileListPaths = (
			);
			inputPaths = (
			);
			name = "SwiftLint Run Script";
			outputFileListPaths = (
			);
			outputPaths = (
			);
			runOnlyForDeploymentPostprocessing = 0;
			shellPath = /bin/sh;
			shellScript = "if which swiftlint >/dev/null; then\n  swiftlint\nelse\n  echo \"warning: SwiftLint not installed, download from https://github.com/realm/SwiftLint\"\nfi\n";
		};
		29602B6D2278D04700A3A4B8 /* SwiftLint Run Script */ = {
			isa = PBXShellScriptBuildPhase;
			buildActionMask = 2147483647;
			files = (
			);
			inputFileListPaths = (
			);
			inputPaths = (
			);
			name = "SwiftLint Run Script";
			outputFileListPaths = (
			);
			outputPaths = (
			);
			runOnlyForDeploymentPostprocessing = 0;
			shellPath = /bin/sh;
			shellScript = "if which swiftlint >/dev/null; then\n  swiftlint\nelse\n  echo \"warning: SwiftLint not installed, download from https://github.com/realm/SwiftLint\"\nfi\n";
		};
		29602B6E2278D05700A3A4B8 /* Cartage Run Script */ = {
			isa = PBXShellScriptBuildPhase;
			buildActionMask = 2147483647;
			files = (
			);
			inputFileListPaths = (
			);
			inputPaths = (
				"$(SRCROOT)/Carthage/Build/iOS/RxSwift.framework",
				"$(SRCROOT)/Carthage/Build/iOS/RxCocoa.framework",
				"$(SRCROOT)/Carthage/Build/iOS/RxFlow.framework",
				"$(SRCROOT)/Carthage/Build/iOS/SwiftyBeaver.framework",
				"$(SRCROOT)/Carthage/Build/iOS/Swinject.framework",
			);
			name = "Cartage Run Script";
			outputFileListPaths = (
			);
			outputPaths = (
			);
			runOnlyForDeploymentPostprocessing = 0;
			shellPath = /bin/sh;
			shellScript = "/usr/local/bin/carthage copy-frameworks\n";
		};
		29602B702278D0B200A3A4B8 /* Carthage Run Script */ = {
			isa = PBXShellScriptBuildPhase;
			buildActionMask = 2147483647;
			files = (
			);
			inputFileListPaths = (
			);
			inputPaths = (
				"$(SRCROOT)/Carthage/Build/iOS/RxSwift.framework",
				"$(SRCROOT)/Carthage/Build/iOS/RxTest.framework",
				"$(SRCROOT)/Carthage/Build/iOS/RxCocoa.framework",
				"$(SRCROOT)/Carthage/Build/iOS/RxFlow.framework",
				"$(SRCROOT)/Carthage/Build/iOS/RxBlocking.framework",
				"$(SRCROOT)/Carthage/Build/iOS/Swifter.framework",
			);
			name = "Carthage Run Script";
			outputFileListPaths = (
			);
			outputPaths = (
			);
			runOnlyForDeploymentPostprocessing = 0;
			shellPath = /bin/sh;
			shellScript = "/usr/local/bin/carthage copy-frameworks\n";
		};
/* End PBXShellScriptBuildPhase section */

/* Begin PBXSourcesBuildPhase section */
		2910AC2C2278B5E500EC7A77 /* Sources */ = {
			isa = PBXSourcesBuildPhase;
			buildActionMask = 2147483647;
			files = (
				29F4F64722790A98000C39BB /* HTTPMethod.swift in Sources */,
				2910AC342278B5E500EC7A77 /* AppDelegate.swift in Sources */,
				F426E6B2DFB79CBEB1CE2B74 /* RootFlow.swift in Sources */,
				F426E98400CE2377738F6D39 /* AppStep.swift in Sources */,
				F426EC05484DCF782B76EB4C /* LaunchFlow.swift in Sources */,
				29D72D192278FD9900909EFD /* LoggerLevel.swift in Sources */,
				29D72D172278FD6C00909EFD /* Logger.swift in Sources */,
				29D72D202278FF2900909EFD /* AppLogger.swift in Sources */,
				F426E30F296F0F3EED25C0AA /* LaunchStepper.swift in Sources */,
				F426ED5822CA81793AB831D2 /* DashboardFlow.swift in Sources */,
				F426E4B9C3A72B0440282238 /* AppLoggerConfig.swift in Sources */,
				F426EDC3BFE7EEEAF189DB70 /* HttpStatusCode.swift in Sources */,
				F426EFE77E591FFA39A2069B /* Response.swift in Sources */,
				F426E71EAA2A0C8CD8489D07 /* NetworkActivity.swift in Sources */,
				F426EDD08D385A371F42CCE6 /* HTTPErrorHandler.swift in Sources */,
				F426E70623E0185CFEB158E2 /* NetworkAdapter.swift in Sources */,
				F426E5A51E2AC17603904E16 /* HttpClient.swift in Sources */,
				F426E2D16371729BA56BC4F6 /* EndPoint.swift in Sources */,
				F426E74EE7D8CA4B935CA726 /* ResultContent.swift in Sources */,
				F426ECCAC6E7A1676AFDFAA6 /* Deserializable.swift in Sources */,
				F426E7134F9255BC3D9619A6 /* AppResponse.swift in Sources */,
				F426EE313E837849E0ED9BAF /* ErrorType.swift in Sources */,
				F426EA7A6BBBB4ADD4ACD6FB /* NetworkError.swift in Sources */,
				F426EBDA0D3DF0C1AEADE24A /* URLSessionNetworkAdapter.swift in Sources */,
				F426ECB25E5C728085E2BC41 /* Translator.swift in Sources */,
				F426E0E722472ADC6C4B3501 /* NSLocalizedTranslator.swift in Sources */,
			);
			runOnlyForDeploymentPostprocessing = 0;
		};
		2910AC402278B5E600EC7A77 /* Sources */ = {
			isa = PBXSourcesBuildPhase;
			buildActionMask = 2147483647;
			files = (
				290D7EC72279789C0099A3C0 /* StubServer.swift in Sources */,
				2910AC492278B5E600EC7A77 /* RemakeStoreTests.swift in Sources */,
				F426E5A6C1A0B97E077F6249 /* AppLoggerSpec.swift in Sources */,
				F426EC1C55AC202DB39FEF42 /* AppResponseSpec.swift in Sources */,
				F426E1FFCCDBF8B3D02B9AF9 /* NetworkErrorSpec.swift in Sources */,
				F426E22165913F3F00D62EC5 /* URLSessionNetworkAdapterSpec.swift in Sources */,
				F426E367FC78FFDE59E28441 /* NetworkActivityMock.swift in Sources */,
				F426E795D2E1D5CBFFFC8AD9 /* NSLocalizedTranslatorSpec.swift in Sources */,
			);
			runOnlyForDeploymentPostprocessing = 0;
		};
/* End PBXSourcesBuildPhase section */

/* Begin PBXTargetDependency section */
		2910AC462278B5E600EC7A77 /* PBXTargetDependency */ = {
			isa = PBXTargetDependency;
			target = 2910AC2F2278B5E500EC7A77 /* RemakeStore */;
			targetProxy = 2910AC452278B5E600EC7A77 /* PBXContainerItemProxy */;
		};
/* End PBXTargetDependency section */

/* Begin PBXVariantGroup section */
		2910AC3C2278B5E600EC7A77 /* LaunchScreen.storyboard */ = {
			isa = PBXVariantGroup;
			children = (
				2910AC3D2278B5E600EC7A77 /* Base */,
			);
			name = LaunchScreen.storyboard;
			sourceTree = "<group>";
		};
/* End PBXVariantGroup section */

/* Begin XCBuildConfiguration section */
		2910AC4B2278B5E600EC7A77 /* Debug */ = {
			isa = XCBuildConfiguration;
			buildSettings = {
				ALWAYS_SEARCH_USER_PATHS = NO;
				CLANG_ANALYZER_NONNULL = YES;
				CLANG_ANALYZER_NUMBER_OBJECT_CONVERSION = YES_AGGRESSIVE;
				CLANG_CXX_LANGUAGE_STANDARD = "gnu++14";
				CLANG_CXX_LIBRARY = "libc++";
				CLANG_ENABLE_MODULES = YES;
				CLANG_ENABLE_OBJC_ARC = YES;
				CLANG_ENABLE_OBJC_WEAK = YES;
				CLANG_WARN_BLOCK_CAPTURE_AUTORELEASING = YES;
				CLANG_WARN_BOOL_CONVERSION = YES;
				CLANG_WARN_COMMA = YES;
				CLANG_WARN_CONSTANT_CONVERSION = YES;
				CLANG_WARN_DEPRECATED_OBJC_IMPLEMENTATIONS = YES;
				CLANG_WARN_DIRECT_OBJC_ISA_USAGE = YES_ERROR;
				CLANG_WARN_DOCUMENTATION_COMMENTS = YES;
				CLANG_WARN_EMPTY_BODY = YES;
				CLANG_WARN_ENUM_CONVERSION = YES;
				CLANG_WARN_INFINITE_RECURSION = YES;
				CLANG_WARN_INT_CONVERSION = YES;
				CLANG_WARN_NON_LITERAL_NULL_CONVERSION = YES;
				CLANG_WARN_OBJC_IMPLICIT_RETAIN_SELF = YES;
				CLANG_WARN_OBJC_LITERAL_CONVERSION = YES;
				CLANG_WARN_OBJC_ROOT_CLASS = YES_ERROR;
				CLANG_WARN_RANGE_LOOP_ANALYSIS = YES;
				CLANG_WARN_STRICT_PROTOTYPES = YES;
				CLANG_WARN_SUSPICIOUS_MOVE = YES;
				CLANG_WARN_UNGUARDED_AVAILABILITY = YES_AGGRESSIVE;
				CLANG_WARN_UNREACHABLE_CODE = YES;
				CLANG_WARN__DUPLICATE_METHOD_MATCH = YES;
				CODE_SIGN_IDENTITY = "iPhone Developer";
				COPY_PHASE_STRIP = NO;
				DEBUG_INFORMATION_FORMAT = dwarf;
				ENABLE_STRICT_OBJC_MSGSEND = YES;
				ENABLE_TESTABILITY = YES;
				GCC_C_LANGUAGE_STANDARD = gnu11;
				GCC_DYNAMIC_NO_PIC = NO;
				GCC_NO_COMMON_BLOCKS = YES;
				GCC_OPTIMIZATION_LEVEL = 0;
				GCC_PREPROCESSOR_DEFINITIONS = (
					"DEBUG=1",
					"$(inherited)",
				);
				GCC_WARN_64_TO_32_BIT_CONVERSION = YES;
				GCC_WARN_ABOUT_RETURN_TYPE = YES_ERROR;
				GCC_WARN_UNDECLARED_SELECTOR = YES;
				GCC_WARN_UNINITIALIZED_AUTOS = YES_AGGRESSIVE;
				GCC_WARN_UNUSED_FUNCTION = YES;
				GCC_WARN_UNUSED_VARIABLE = YES;
				IPHONEOS_DEPLOYMENT_TARGET = 12.2;
				MTL_ENABLE_DEBUG_INFO = INCLUDE_SOURCE;
				MTL_FAST_MATH = YES;
				ONLY_ACTIVE_ARCH = YES;
				SDKROOT = iphoneos;
				SWIFT_ACTIVE_COMPILATION_CONDITIONS = DEBUG;
				SWIFT_OPTIMIZATION_LEVEL = "-Onone";
			};
			name = Debug;
		};
		2910AC4C2278B5E600EC7A77 /* Release */ = {
			isa = XCBuildConfiguration;
			buildSettings = {
				ALWAYS_SEARCH_USER_PATHS = NO;
				CLANG_ANALYZER_NONNULL = YES;
				CLANG_ANALYZER_NUMBER_OBJECT_CONVERSION = YES_AGGRESSIVE;
				CLANG_CXX_LANGUAGE_STANDARD = "gnu++14";
				CLANG_CXX_LIBRARY = "libc++";
				CLANG_ENABLE_MODULES = YES;
				CLANG_ENABLE_OBJC_ARC = YES;
				CLANG_ENABLE_OBJC_WEAK = YES;
				CLANG_WARN_BLOCK_CAPTURE_AUTORELEASING = YES;
				CLANG_WARN_BOOL_CONVERSION = YES;
				CLANG_WARN_COMMA = YES;
				CLANG_WARN_CONSTANT_CONVERSION = YES;
				CLANG_WARN_DEPRECATED_OBJC_IMPLEMENTATIONS = YES;
				CLANG_WARN_DIRECT_OBJC_ISA_USAGE = YES_ERROR;
				CLANG_WARN_DOCUMENTATION_COMMENTS = YES;
				CLANG_WARN_EMPTY_BODY = YES;
				CLANG_WARN_ENUM_CONVERSION = YES;
				CLANG_WARN_INFINITE_RECURSION = YES;
				CLANG_WARN_INT_CONVERSION = YES;
				CLANG_WARN_NON_LITERAL_NULL_CONVERSION = YES;
				CLANG_WARN_OBJC_IMPLICIT_RETAIN_SELF = YES;
				CLANG_WARN_OBJC_LITERAL_CONVERSION = YES;
				CLANG_WARN_OBJC_ROOT_CLASS = YES_ERROR;
				CLANG_WARN_RANGE_LOOP_ANALYSIS = YES;
				CLANG_WARN_STRICT_PROTOTYPES = YES;
				CLANG_WARN_SUSPICIOUS_MOVE = YES;
				CLANG_WARN_UNGUARDED_AVAILABILITY = YES_AGGRESSIVE;
				CLANG_WARN_UNREACHABLE_CODE = YES;
				CLANG_WARN__DUPLICATE_METHOD_MATCH = YES;
				CODE_SIGN_IDENTITY = "iPhone Developer";
				COPY_PHASE_STRIP = NO;
				DEBUG_INFORMATION_FORMAT = "dwarf-with-dsym";
				ENABLE_NS_ASSERTIONS = NO;
				ENABLE_STRICT_OBJC_MSGSEND = YES;
				GCC_C_LANGUAGE_STANDARD = gnu11;
				GCC_NO_COMMON_BLOCKS = YES;
				GCC_WARN_64_TO_32_BIT_CONVERSION = YES;
				GCC_WARN_ABOUT_RETURN_TYPE = YES_ERROR;
				GCC_WARN_UNDECLARED_SELECTOR = YES;
				GCC_WARN_UNINITIALIZED_AUTOS = YES_AGGRESSIVE;
				GCC_WARN_UNUSED_FUNCTION = YES;
				GCC_WARN_UNUSED_VARIABLE = YES;
				IPHONEOS_DEPLOYMENT_TARGET = 12.2;
				MTL_ENABLE_DEBUG_INFO = NO;
				MTL_FAST_MATH = YES;
				SDKROOT = iphoneos;
				SWIFT_COMPILATION_MODE = wholemodule;
				SWIFT_OPTIMIZATION_LEVEL = "-O";
				VALIDATE_PRODUCT = YES;
			};
			name = Release;
		};
		2910AC4E2278B5E600EC7A77 /* Debug */ = {
			isa = XCBuildConfiguration;
			buildSettings = {
				ASSETCATALOG_COMPILER_APPICON_NAME = AppIcon;
				CODE_SIGN_STYLE = Manual;
				DEVELOPMENT_TEAM = "";
				FRAMEWORK_SEARCH_PATHS = (
					"$(inherited)",
					"$(PROJECT_DIR)/Carthage/Build/iOS",
				);
				INFOPLIST_FILE = "$(SRCROOT)/RemakeStore/zResource/Info.plist";
				LD_RUNPATH_SEARCH_PATHS = (
					"$(inherited)",
					"@executable_path/Frameworks",
				);
				PRODUCT_BUNDLE_IDENTIFIER = com.github.RemakeStore;
				PRODUCT_NAME = "$(TARGET_NAME)";
				PROVISIONING_PROFILE_SPECIFIER = "";
				SWIFT_VERSION = 5.0;
				TARGETED_DEVICE_FAMILY = 1;
			};
			name = Debug;
		};
		2910AC4F2278B5E600EC7A77 /* Release */ = {
			isa = XCBuildConfiguration;
			buildSettings = {
				ASSETCATALOG_COMPILER_APPICON_NAME = AppIcon;
				CODE_SIGN_STYLE = Manual;
				DEVELOPMENT_TEAM = "";
				FRAMEWORK_SEARCH_PATHS = (
					"$(inherited)",
					"$(PROJECT_DIR)/Carthage/Build/iOS",
				);
				INFOPLIST_FILE = "$(SRCROOT)/RemakeStore/zResource/Info.plist";
				LD_RUNPATH_SEARCH_PATHS = (
					"$(inherited)",
					"@executable_path/Frameworks",
				);
				PRODUCT_BUNDLE_IDENTIFIER = com.github.RemakeStore;
				PRODUCT_NAME = "$(TARGET_NAME)";
				PROVISIONING_PROFILE_SPECIFIER = "";
				SWIFT_VERSION = 5.0;
				TARGETED_DEVICE_FAMILY = 1;
			};
			name = Release;
		};
		2910AC512278B5E600EC7A77 /* Debug */ = {
			isa = XCBuildConfiguration;
			buildSettings = {
				ALWAYS_EMBED_SWIFT_STANDARD_LIBRARIES = YES;
				BUNDLE_LOADER = "$(TEST_HOST)";
				CODE_SIGN_STYLE = Manual;
				DEVELOPMENT_TEAM = "";
				FRAMEWORK_SEARCH_PATHS = (
					"$(inherited)",
					"$(PROJECT_DIR)/Carthage/Build/iOS",
				);
				INFOPLIST_FILE = RemakeStoreTests/Info.plist;
				LD_RUNPATH_SEARCH_PATHS = (
					"$(inherited)",
					"@executable_path/Frameworks",
					"@loader_path/Frameworks",
				);
				PRODUCT_BUNDLE_IDENTIFIER = com.github.RemakeStoreTests;
				PRODUCT_NAME = "$(TARGET_NAME)";
				PROVISIONING_PROFILE_SPECIFIER = "";
				SWIFT_VERSION = 5.0;
				TARGETED_DEVICE_FAMILY = "1,2";
				TEST_HOST = "$(BUILT_PRODUCTS_DIR)/RemakeStore.app/RemakeStore";
			};
			name = Debug;
		};
		2910AC522278B5E600EC7A77 /* Release */ = {
			isa = XCBuildConfiguration;
			buildSettings = {
				ALWAYS_EMBED_SWIFT_STANDARD_LIBRARIES = YES;
				BUNDLE_LOADER = "$(TEST_HOST)";
				CODE_SIGN_STYLE = Manual;
				DEVELOPMENT_TEAM = "";
				FRAMEWORK_SEARCH_PATHS = (
					"$(inherited)",
					"$(PROJECT_DIR)/Carthage/Build/iOS",
				);
				INFOPLIST_FILE = RemakeStoreTests/Info.plist;
				LD_RUNPATH_SEARCH_PATHS = (
					"$(inherited)",
					"@executable_path/Frameworks",
					"@loader_path/Frameworks",
				);
				PRODUCT_BUNDLE_IDENTIFIER = com.github.RemakeStoreTests;
				PRODUCT_NAME = "$(TARGET_NAME)";
				PROVISIONING_PROFILE_SPECIFIER = "";
				SWIFT_VERSION = 5.0;
				TARGETED_DEVICE_FAMILY = "1,2";
				TEST_HOST = "$(BUILT_PRODUCTS_DIR)/RemakeStore.app/RemakeStore";
			};
			name = Release;
		};
/* End XCBuildConfiguration section */

/* Begin XCConfigurationList section */
		2910AC2B2278B5E500EC7A77 /* Build configuration list for PBXProject "RemakeStore" */ = {
			isa = XCConfigurationList;
			buildConfigurations = (
				2910AC4B2278B5E600EC7A77 /* Debug */,
				2910AC4C2278B5E600EC7A77 /* Release */,
			);
			defaultConfigurationIsVisible = 0;
			defaultConfigurationName = Release;
		};
		2910AC4D2278B5E600EC7A77 /* Build configuration list for PBXNativeTarget "RemakeStore" */ = {
			isa = XCConfigurationList;
			buildConfigurations = (
				2910AC4E2278B5E600EC7A77 /* Debug */,
				2910AC4F2278B5E600EC7A77 /* Release */,
			);
			defaultConfigurationIsVisible = 0;
			defaultConfigurationName = Release;
		};
		2910AC502278B5E600EC7A77 /* Build configuration list for PBXNativeTarget "RemakeStoreTests" */ = {
			isa = XCConfigurationList;
			buildConfigurations = (
				2910AC512278B5E600EC7A77 /* Debug */,
				2910AC522278B5E600EC7A77 /* Release */,
			);
			defaultConfigurationIsVisible = 0;
			defaultConfigurationName = Release;
		};
/* End XCConfigurationList section */
	};
	rootObject = 2910AC282278B5E500EC7A77 /* Project object */;
}
